
Microsoft Visual Studio Solution File, Format Version 12.00
# Visual Studio Version 16
VisualStudioVersion = 16.0.29215.179
MinimumVisualStudioVersion = 10.0.40219.1
Project("{2150E333-8FDC-42A3-9474-1A3956D46DE8}") = "DataTier", "DataTier", "{A76F353B-9E1C-49A6-A6C4-D51ACB4C3D89}"
EndProject
Project("{2150E333-8FDC-42A3-9474-1A3956D46DE8}") = "MiddleTier", "MiddleTier", "{EED42522-B85C-4818-8297-C837E27DF33E}"
EndProject
Project("{2150E333-8FDC-42A3-9474-1A3956D46DE8}") = "PresentationTier", "PresentationTier", "{629630FC-06D3-473D-AEA9-85B33A2C978C}"
EndProject
Project("{00D1A9C2-B5F0-4AF3-8072-F6C62B433612}") = "Framework.Database", "Framework.Database\Framework.Database.sqlproj", "{0C3A9DE9-476B-4038-9258-1B066125A45B}"
EndProject
Project("{2150E333-8FDC-42A3-9474-1A3956D46DE8}") = "Test", "Test", "{D4CE87E0-6051-4B59-9984-2A1736E18733}"
EndProject
Project("{2150E333-8FDC-42A3-9474-1A3956D46DE8}") = "Interoperability", "Interoperability", "{69FF0A04-8C8D-4D4A-8607-13D4B2ABDCEF}"
EndProject
Project("{9A19103F-16F7-4668-BE54-9A1E7A4F7556}") = "Framework.DataAccess.Core", "Framework.DataAccess.Core\Framework.DataAccess.Core.csproj", "{07BC2FC1-B75B-4906-AA5B-378F498221D5}"
EndProject
Project("{9A19103F-16F7-4668-BE54-9A1E7A4F7556}") = "Framework.Interop.Standard", "Framework.Interop.Standard\Framework.Interop.Standard.csproj", "{52D6F832-2BD6-4C49-9919-0FF9D51CABFE}"
EndProject
Project("{9A19103F-16F7-4668-BE54-9A1E7A4F7556}") = "Framework.Models.Standard", "Framework.Models.Standard\Framework.Models.Standard.csproj", "{F8E34218-E656-4F9F-BE42-57AB6AA0EE0A}"
EndProject
Project("{9A19103F-16F7-4668-BE54-9A1E7A4F7556}") = "Framework.WebServices.Core", "Framework.WebServices.Core\Framework.WebServices.Core.csproj", "{8EE41A9F-2827-4D94-BE14-B7F4B4DC0C66}"
EndProject
Project("{9A19103F-16F7-4668-BE54-9A1E7A4F7556}") = "Framework.Test.Core", "Framework.Test.Core\Framework.Test.Core.csproj", "{0D6BCCE8-F4B2-47F4-A132-E9C7F16A87D7}"
EndProject
Project("{FAE04EC0-301F-11D3-BF4B-00C04F79EFBC}") = "Framework.UniversalApp.Core", "Framework.UniversalApp.Core\Framework.UniversalApp.Core.csproj", "{93384F71-C7C7-4424-8125-7044EF096A8E}"
EndProject
Global
	GlobalSection(SolutionConfigurationPlatforms) = preSolution
		Ad-Hoc|Any CPU = Ad-Hoc|Any CPU
		Ad-Hoc|ARM = Ad-Hoc|ARM
		Ad-Hoc|iPhone = Ad-Hoc|iPhone
		Ad-Hoc|iPhoneSimulator = Ad-Hoc|iPhoneSimulator
		Ad-Hoc|x64 = Ad-Hoc|x64
		Ad-Hoc|x86 = Ad-Hoc|x86
		AppStore|Any CPU = AppStore|Any CPU
		AppStore|ARM = AppStore|ARM
		AppStore|iPhone = AppStore|iPhone
		AppStore|iPhoneSimulator = AppStore|iPhoneSimulator
		AppStore|x64 = AppStore|x64
		AppStore|x86 = AppStore|x86
		Debug|Any CPU = Debug|Any CPU
		Debug|ARM = Debug|ARM
		Debug|iPhone = Debug|iPhone
		Debug|iPhoneSimulator = Debug|iPhoneSimulator
		Debug|x64 = Debug|x64
		Debug|x86 = Debug|x86
		Release|Any CPU = Release|Any CPU
		Release|ARM = Release|ARM
		Release|iPhone = Release|iPhone
		Release|iPhoneSimulator = Release|iPhoneSimulator
		Release|x64 = Release|x64
		Release|x86 = Release|x86
	EndGlobalSection
	GlobalSection(ProjectConfigurationPlatforms) = postSolution
		{0C3A9DE9-476B-4038-9258-1B066125A45B}.Ad-Hoc|Any CPU.ActiveCfg = Release|Any CPU
		{0C3A9DE9-476B-4038-9258-1B066125A45B}.Ad-Hoc|Any CPU.Build.0 = Release|Any CPU
		{0C3A9DE9-476B-4038-9258-1B066125A45B}.Ad-Hoc|Any CPU.Deploy.0 = Release|Any CPU
		{0C3A9DE9-476B-4038-9258-1B066125A45B}.Ad-Hoc|ARM.ActiveCfg = Release|Any CPU
		{0C3A9DE9-476B-4038-9258-1B066125A45B}.Ad-Hoc|ARM.Build.0 = Release|Any CPU
		{0C3A9DE9-476B-4038-9258-1B066125A45B}.Ad-Hoc|ARM.Deploy.0 = Release|Any CPU
		{0C3A9DE9-476B-4038-9258-1B066125A45B}.Ad-Hoc|iPhone.ActiveCfg = Release|Any CPU
		{0C3A9DE9-476B-4038-9258-1B066125A45B}.Ad-Hoc|iPhone.Build.0 = Release|Any CPU
		{0C3A9DE9-476B-4038-9258-1B066125A45B}.Ad-Hoc|iPhone.Deploy.0 = Release|Any CPU
		{0C3A9DE9-476B-4038-9258-1B066125A45B}.Ad-Hoc|iPhoneSimulator.ActiveCfg = Release|Any CPU
		{0C3A9DE9-476B-4038-9258-1B066125A45B}.Ad-Hoc|iPhoneSimulator.Build.0 = Release|Any CPU
		{0C3A9DE9-476B-4038-9258-1B066125A45B}.Ad-Hoc|iPhoneSimulator.Deploy.0 = Release|Any CPU
		{0C3A9DE9-476B-4038-9258-1B066125A45B}.Ad-Hoc|x64.ActiveCfg = Release|Any CPU
		{0C3A9DE9-476B-4038-9258-1B066125A45B}.Ad-Hoc|x64.Build.0 = Release|Any CPU
		{0C3A9DE9-476B-4038-9258-1B066125A45B}.Ad-Hoc|x64.Deploy.0 = Release|Any CPU
		{0C3A9DE9-476B-4038-9258-1B066125A45B}.Ad-Hoc|x86.ActiveCfg = Release|Any CPU
		{0C3A9DE9-476B-4038-9258-1B066125A45B}.Ad-Hoc|x86.Build.0 = Release|Any CPU
		{0C3A9DE9-476B-4038-9258-1B066125A45B}.Ad-Hoc|x86.Deploy.0 = Release|Any CPU
		{0C3A9DE9-476B-4038-9258-1B066125A45B}.AppStore|Any CPU.ActiveCfg = Release|Any CPU
		{0C3A9DE9-476B-4038-9258-1B066125A45B}.AppStore|Any CPU.Build.0 = Release|Any CPU
		{0C3A9DE9-476B-4038-9258-1B066125A45B}.AppStore|Any CPU.Deploy.0 = Release|Any CPU
		{0C3A9DE9-476B-4038-9258-1B066125A45B}.AppStore|ARM.ActiveCfg = Release|Any CPU
		{0C3A9DE9-476B-4038-9258-1B066125A45B}.AppStore|ARM.Build.0 = Release|Any CPU
		{0C3A9DE9-476B-4038-9258-1B066125A45B}.AppStore|ARM.Deploy.0 = Release|Any CPU
		{0C3A9DE9-476B-4038-9258-1B066125A45B}.AppStore|iPhone.ActiveCfg = Release|Any CPU
		{0C3A9DE9-476B-4038-9258-1B066125A45B}.AppStore|iPhone.Build.0 = Release|Any CPU
		{0C3A9DE9-476B-4038-9258-1B066125A45B}.AppStore|iPhone.Deploy.0 = Release|Any CPU
		{0C3A9DE9-476B-4038-9258-1B066125A45B}.AppStore|iPhoneSimulator.ActiveCfg = Release|Any CPU
		{0C3A9DE9-476B-4038-9258-1B066125A45B}.AppStore|iPhoneSimulator.Build.0 = Release|Any CPU
		{0C3A9DE9-476B-4038-9258-1B066125A45B}.AppStore|iPhoneSimulator.Deploy.0 = Release|Any CPU
		{0C3A9DE9-476B-4038-9258-1B066125A45B}.AppStore|x64.ActiveCfg = Release|Any CPU
		{0C3A9DE9-476B-4038-9258-1B066125A45B}.AppStore|x64.Build.0 = Release|Any CPU
		{0C3A9DE9-476B-4038-9258-1B066125A45B}.AppStore|x64.Deploy.0 = Release|Any CPU
		{0C3A9DE9-476B-4038-9258-1B066125A45B}.AppStore|x86.ActiveCfg = Release|Any CPU
		{0C3A9DE9-476B-4038-9258-1B066125A45B}.AppStore|x86.Build.0 = Release|Any CPU
		{0C3A9DE9-476B-4038-9258-1B066125A45B}.AppStore|x86.Deploy.0 = Release|Any CPU
		{0C3A9DE9-476B-4038-9258-1B066125A45B}.Debug|Any CPU.ActiveCfg = Debug|Any CPU
		{0C3A9DE9-476B-4038-9258-1B066125A45B}.Debug|Any CPU.Build.0 = Debug|Any CPU
		{0C3A9DE9-476B-4038-9258-1B066125A45B}.Debug|ARM.ActiveCfg = Debug|Any CPU
		{0C3A9DE9-476B-4038-9258-1B066125A45B}.Debug|ARM.Build.0 = Debug|Any CPU
		{0C3A9DE9-476B-4038-9258-1B066125A45B}.Debug|ARM.Deploy.0 = Debug|Any CPU
		{0C3A9DE9-476B-4038-9258-1B066125A45B}.Debug|iPhone.ActiveCfg = Debug|Any CPU
		{0C3A9DE9-476B-4038-9258-1B066125A45B}.Debug|iPhone.Build.0 = Debug|Any CPU
		{0C3A9DE9-476B-4038-9258-1B066125A45B}.Debug|iPhone.Deploy.0 = Debug|Any CPU
		{0C3A9DE9-476B-4038-9258-1B066125A45B}.Debug|iPhoneSimulator.ActiveCfg = Debug|Any CPU
		{0C3A9DE9-476B-4038-9258-1B066125A45B}.Debug|iPhoneSimulator.Build.0 = Debug|Any CPU
		{0C3A9DE9-476B-4038-9258-1B066125A45B}.Debug|iPhoneSimulator.Deploy.0 = Debug|Any CPU
		{0C3A9DE9-476B-4038-9258-1B066125A45B}.Debug|x64.ActiveCfg = Debug|Any CPU
		{0C3A9DE9-476B-4038-9258-1B066125A45B}.Debug|x64.Build.0 = Debug|Any CPU
		{0C3A9DE9-476B-4038-9258-1B066125A45B}.Debug|x64.Deploy.0 = Debug|Any CPU
		{0C3A9DE9-476B-4038-9258-1B066125A45B}.Debug|x86.ActiveCfg = Debug|Any CPU
		{0C3A9DE9-476B-4038-9258-1B066125A45B}.Debug|x86.Build.0 = Debug|Any CPU
		{0C3A9DE9-476B-4038-9258-1B066125A45B}.Debug|x86.Deploy.0 = Debug|Any CPU
		{0C3A9DE9-476B-4038-9258-1B066125A45B}.Release|Any CPU.ActiveCfg = Release|Any CPU
		{0C3A9DE9-476B-4038-9258-1B066125A45B}.Release|Any CPU.Build.0 = Release|Any CPU
		{0C3A9DE9-476B-4038-9258-1B066125A45B}.Release|ARM.ActiveCfg = Release|Any CPU
		{0C3A9DE9-476B-4038-9258-1B066125A45B}.Release|ARM.Build.0 = Release|Any CPU
		{0C3A9DE9-476B-4038-9258-1B066125A45B}.Release|ARM.Deploy.0 = Release|Any CPU
		{0C3A9DE9-476B-4038-9258-1B066125A45B}.Release|iPhone.ActiveCfg = Release|Any CPU
		{0C3A9DE9-476B-4038-9258-1B066125A45B}.Release|iPhone.Build.0 = Release|Any CPU
		{0C3A9DE9-476B-4038-9258-1B066125A45B}.Release|iPhone.Deploy.0 = Release|Any CPU
		{0C3A9DE9-476B-4038-9258-1B066125A45B}.Release|iPhoneSimulator.ActiveCfg = Release|Any CPU
		{0C3A9DE9-476B-4038-9258-1B066125A45B}.Release|iPhoneSimulator.Build.0 = Release|Any CPU
		{0C3A9DE9-476B-4038-9258-1B066125A45B}.Release|iPhoneSimulator.Deploy.0 = Release|Any CPU
		{0C3A9DE9-476B-4038-9258-1B066125A45B}.Release|x64.ActiveCfg = Release|Any CPU
		{0C3A9DE9-476B-4038-9258-1B066125A45B}.Release|x64.Build.0 = Release|Any CPU
		{0C3A9DE9-476B-4038-9258-1B066125A45B}.Release|x64.Deploy.0 = Release|Any CPU
		{0C3A9DE9-476B-4038-9258-1B066125A45B}.Release|x86.ActiveCfg = Release|Any CPU
		{0C3A9DE9-476B-4038-9258-1B066125A45B}.Release|x86.Build.0 = Release|Any CPU
		{0C3A9DE9-476B-4038-9258-1B066125A45B}.Release|x86.Deploy.0 = Release|Any CPU
		{07BC2FC1-B75B-4906-AA5B-378F498221D5}.Ad-Hoc|Any CPU.ActiveCfg = Debug|Any CPU
		{07BC2FC1-B75B-4906-AA5B-378F498221D5}.Ad-Hoc|Any CPU.Build.0 = Debug|Any CPU
		{07BC2FC1-B75B-4906-AA5B-378F498221D5}.Ad-Hoc|ARM.ActiveCfg = Debug|Any CPU
		{07BC2FC1-B75B-4906-AA5B-378F498221D5}.Ad-Hoc|ARM.Build.0 = Debug|Any CPU
		{07BC2FC1-B75B-4906-AA5B-378F498221D5}.Ad-Hoc|iPhone.ActiveCfg = Debug|Any CPU
		{07BC2FC1-B75B-4906-AA5B-378F498221D5}.Ad-Hoc|iPhone.Build.0 = Debug|Any CPU
		{07BC2FC1-B75B-4906-AA5B-378F498221D5}.Ad-Hoc|iPhoneSimulator.ActiveCfg = Debug|Any CPU
		{07BC2FC1-B75B-4906-AA5B-378F498221D5}.Ad-Hoc|iPhoneSimulator.Build.0 = Debug|Any CPU
		{07BC2FC1-B75B-4906-AA5B-378F498221D5}.Ad-Hoc|x64.ActiveCfg = Debug|Any CPU
		{07BC2FC1-B75B-4906-AA5B-378F498221D5}.Ad-Hoc|x64.Build.0 = Debug|Any CPU
		{07BC2FC1-B75B-4906-AA5B-378F498221D5}.Ad-Hoc|x86.ActiveCfg = Debug|Any CPU
		{07BC2FC1-B75B-4906-AA5B-378F498221D5}.Ad-Hoc|x86.Build.0 = Debug|Any CPU
		{07BC2FC1-B75B-4906-AA5B-378F498221D5}.AppStore|Any CPU.ActiveCfg = Debug|Any CPU
		{07BC2FC1-B75B-4906-AA5B-378F498221D5}.AppStore|Any CPU.Build.0 = Debug|Any CPU
		{07BC2FC1-B75B-4906-AA5B-378F498221D5}.AppStore|ARM.ActiveCfg = Debug|Any CPU
		{07BC2FC1-B75B-4906-AA5B-378F498221D5}.AppStore|ARM.Build.0 = Debug|Any CPU
		{07BC2FC1-B75B-4906-AA5B-378F498221D5}.AppStore|iPhone.ActiveCfg = Debug|Any CPU
		{07BC2FC1-B75B-4906-AA5B-378F498221D5}.AppStore|iPhone.Build.0 = Debug|Any CPU
		{07BC2FC1-B75B-4906-AA5B-378F498221D5}.AppStore|iPhoneSimulator.ActiveCfg = Debug|Any CPU
		{07BC2FC1-B75B-4906-AA5B-378F498221D5}.AppStore|iPhoneSimulator.Build.0 = Debug|Any CPU
		{07BC2FC1-B75B-4906-AA5B-378F498221D5}.AppStore|x64.ActiveCfg = Debug|Any CPU
		{07BC2FC1-B75B-4906-AA5B-378F498221D5}.AppStore|x64.Build.0 = Debug|Any CPU
		{07BC2FC1-B75B-4906-AA5B-378F498221D5}.AppStore|x86.ActiveCfg = Debug|Any CPU
		{07BC2FC1-B75B-4906-AA5B-378F498221D5}.AppStore|x86.Build.0 = Debug|Any CPU
		{07BC2FC1-B75B-4906-AA5B-378F498221D5}.Debug|Any CPU.ActiveCfg = Debug|Any CPU
		{07BC2FC1-B75B-4906-AA5B-378F498221D5}.Debug|Any CPU.Build.0 = Debug|Any CPU
		{07BC2FC1-B75B-4906-AA5B-378F498221D5}.Debug|ARM.ActiveCfg = Debug|Any CPU
		{07BC2FC1-B75B-4906-AA5B-378F498221D5}.Debug|ARM.Build.0 = Debug|Any CPU
		{07BC2FC1-B75B-4906-AA5B-378F498221D5}.Debug|iPhone.ActiveCfg = Debug|Any CPU
		{07BC2FC1-B75B-4906-AA5B-378F498221D5}.Debug|iPhone.Build.0 = Debug|Any CPU
		{07BC2FC1-B75B-4906-AA5B-378F498221D5}.Debug|iPhoneSimulator.ActiveCfg = Debug|Any CPU
		{07BC2FC1-B75B-4906-AA5B-378F498221D5}.Debug|iPhoneSimulator.Build.0 = Debug|Any CPU
		{07BC2FC1-B75B-4906-AA5B-378F498221D5}.Debug|x64.ActiveCfg = Debug|Any CPU
		{07BC2FC1-B75B-4906-AA5B-378F498221D5}.Debug|x64.Build.0 = Debug|Any CPU
		{07BC2FC1-B75B-4906-AA5B-378F498221D5}.Debug|x86.ActiveCfg = Debug|Any CPU
		{07BC2FC1-B75B-4906-AA5B-378F498221D5}.Debug|x86.Build.0 = Debug|Any CPU
		{07BC2FC1-B75B-4906-AA5B-378F498221D5}.Release|Any CPU.ActiveCfg = Release|Any CPU
		{07BC2FC1-B75B-4906-AA5B-378F498221D5}.Release|Any CPU.Build.0 = Release|Any CPU
		{07BC2FC1-B75B-4906-AA5B-378F498221D5}.Release|ARM.ActiveCfg = Release|Any CPU
		{07BC2FC1-B75B-4906-AA5B-378F498221D5}.Release|ARM.Build.0 = Release|Any CPU
		{07BC2FC1-B75B-4906-AA5B-378F498221D5}.Release|iPhone.ActiveCfg = Release|Any CPU
		{07BC2FC1-B75B-4906-AA5B-378F498221D5}.Release|iPhone.Build.0 = Release|Any CPU
		{07BC2FC1-B75B-4906-AA5B-378F498221D5}.Release|iPhoneSimulator.ActiveCfg = Release|Any CPU
		{07BC2FC1-B75B-4906-AA5B-378F498221D5}.Release|iPhoneSimulator.Build.0 = Release|Any CPU
		{07BC2FC1-B75B-4906-AA5B-378F498221D5}.Release|x64.ActiveCfg = Release|Any CPU
		{07BC2FC1-B75B-4906-AA5B-378F498221D5}.Release|x64.Build.0 = Release|Any CPU
		{07BC2FC1-B75B-4906-AA5B-378F498221D5}.Release|x86.ActiveCfg = Release|Any CPU
		{07BC2FC1-B75B-4906-AA5B-378F498221D5}.Release|x86.Build.0 = Release|Any CPU
		{52D6F832-2BD6-4C49-9919-0FF9D51CABFE}.Ad-Hoc|Any CPU.ActiveCfg = Debug|Any CPU
		{52D6F832-2BD6-4C49-9919-0FF9D51CABFE}.Ad-Hoc|Any CPU.Build.0 = Debug|Any CPU
		{52D6F832-2BD6-4C49-9919-0FF9D51CABFE}.Ad-Hoc|ARM.ActiveCfg = Debug|Any CPU
		{52D6F832-2BD6-4C49-9919-0FF9D51CABFE}.Ad-Hoc|ARM.Build.0 = Debug|Any CPU
		{52D6F832-2BD6-4C49-9919-0FF9D51CABFE}.Ad-Hoc|iPhone.ActiveCfg = Debug|Any CPU
		{52D6F832-2BD6-4C49-9919-0FF9D51CABFE}.Ad-Hoc|iPhone.Build.0 = Debug|Any CPU
		{52D6F832-2BD6-4C49-9919-0FF9D51CABFE}.Ad-Hoc|iPhoneSimulator.ActiveCfg = Debug|Any CPU
		{52D6F832-2BD6-4C49-9919-0FF9D51CABFE}.Ad-Hoc|iPhoneSimulator.Build.0 = Debug|Any CPU
		{52D6F832-2BD6-4C49-9919-0FF9D51CABFE}.Ad-Hoc|x64.ActiveCfg = Debug|Any CPU
		{52D6F832-2BD6-4C49-9919-0FF9D51CABFE}.Ad-Hoc|x64.Build.0 = Debug|Any CPU
		{52D6F832-2BD6-4C49-9919-0FF9D51CABFE}.Ad-Hoc|x86.ActiveCfg = Debug|Any CPU
		{52D6F832-2BD6-4C49-9919-0FF9D51CABFE}.Ad-Hoc|x86.Build.0 = Debug|Any CPU
		{52D6F832-2BD6-4C49-9919-0FF9D51CABFE}.AppStore|Any CPU.ActiveCfg = Debug|Any CPU
		{52D6F832-2BD6-4C49-9919-0FF9D51CABFE}.AppStore|Any CPU.Build.0 = Debug|Any CPU
		{52D6F832-2BD6-4C49-9919-0FF9D51CABFE}.AppStore|ARM.ActiveCfg = Debug|Any CPU
		{52D6F832-2BD6-4C49-9919-0FF9D51CABFE}.AppStore|ARM.Build.0 = Debug|Any CPU
		{52D6F832-2BD6-4C49-9919-0FF9D51CABFE}.AppStore|iPhone.ActiveCfg = Debug|Any CPU
		{52D6F832-2BD6-4C49-9919-0FF9D51CABFE}.AppStore|iPhone.Build.0 = Debug|Any CPU
		{52D6F832-2BD6-4C49-9919-0FF9D51CABFE}.AppStore|iPhoneSimulator.ActiveCfg = Debug|Any CPU
		{52D6F832-2BD6-4C49-9919-0FF9D51CABFE}.AppStore|iPhoneSimulator.Build.0 = Debug|Any CPU
		{52D6F832-2BD6-4C49-9919-0FF9D51CABFE}.AppStore|x64.ActiveCfg = Debug|Any CPU
		{52D6F832-2BD6-4C49-9919-0FF9D51CABFE}.AppStore|x64.Build.0 = Debug|Any CPU
		{52D6F832-2BD6-4C49-9919-0FF9D51CABFE}.AppStore|x86.ActiveCfg = Debug|Any CPU
		{52D6F832-2BD6-4C49-9919-0FF9D51CABFE}.AppStore|x86.Build.0 = Debug|Any CPU
		{52D6F832-2BD6-4C49-9919-0FF9D51CABFE}.Debug|Any CPU.ActiveCfg = Debug|Any CPU
		{52D6F832-2BD6-4C49-9919-0FF9D51CABFE}.Debug|Any CPU.Build.0 = Debug|Any CPU
		{52D6F832-2BD6-4C49-9919-0FF9D51CABFE}.Debug|ARM.ActiveCfg = Debug|Any CPU
		{52D6F832-2BD6-4C49-9919-0FF9D51CABFE}.Debug|ARM.Build.0 = Debug|Any CPU
		{52D6F832-2BD6-4C49-9919-0FF9D51CABFE}.Debug|iPhone.ActiveCfg = Debug|Any CPU
		{52D6F832-2BD6-4C49-9919-0FF9D51CABFE}.Debug|iPhone.Build.0 = Debug|Any CPU
		{52D6F832-2BD6-4C49-9919-0FF9D51CABFE}.Debug|iPhoneSimulator.ActiveCfg = Debug|Any CPU
		{52D6F832-2BD6-4C49-9919-0FF9D51CABFE}.Debug|iPhoneSimulator.Build.0 = Debug|Any CPU
		{52D6F832-2BD6-4C49-9919-0FF9D51CABFE}.Debug|x64.ActiveCfg = Debug|Any CPU
		{52D6F832-2BD6-4C49-9919-0FF9D51CABFE}.Debug|x64.Build.0 = Debug|Any CPU
		{52D6F832-2BD6-4C49-9919-0FF9D51CABFE}.Debug|x86.ActiveCfg = Debug|Any CPU
		{52D6F832-2BD6-4C49-9919-0FF9D51CABFE}.Debug|x86.Build.0 = Debug|Any CPU
		{52D6F832-2BD6-4C49-9919-0FF9D51CABFE}.Release|Any CPU.ActiveCfg = Release|Any CPU
		{52D6F832-2BD6-4C49-9919-0FF9D51CABFE}.Release|Any CPU.Build.0 = Release|Any CPU
		{52D6F832-2BD6-4C49-9919-0FF9D51CABFE}.Release|ARM.ActiveCfg = Release|Any CPU
		{52D6F832-2BD6-4C49-9919-0FF9D51CABFE}.Release|ARM.Build.0 = Release|Any CPU
		{52D6F832-2BD6-4C49-9919-0FF9D51CABFE}.Release|iPhone.ActiveCfg = Release|Any CPU
		{52D6F832-2BD6-4C49-9919-0FF9D51CABFE}.Release|iPhone.Build.0 = Release|Any CPU
		{52D6F832-2BD6-4C49-9919-0FF9D51CABFE}.Release|iPhoneSimulator.ActiveCfg = Release|Any CPU
		{52D6F832-2BD6-4C49-9919-0FF9D51CABFE}.Release|iPhoneSimulator.Build.0 = Release|Any CPU
		{52D6F832-2BD6-4C49-9919-0FF9D51CABFE}.Release|x64.ActiveCfg = Release|Any CPU
		{52D6F832-2BD6-4C49-9919-0FF9D51CABFE}.Release|x64.Build.0 = Release|Any CPU
		{52D6F832-2BD6-4C49-9919-0FF9D51CABFE}.Release|x86.ActiveCfg = Release|Any CPU
		{52D6F832-2BD6-4C49-9919-0FF9D51CABFE}.Release|x86.Build.0 = Release|Any CPU
		{F8E34218-E656-4F9F-BE42-57AB6AA0EE0A}.Ad-Hoc|Any CPU.ActiveCfg = Debug|Any CPU
		{F8E34218-E656-4F9F-BE42-57AB6AA0EE0A}.Ad-Hoc|Any CPU.Build.0 = Debug|Any CPU
		{F8E34218-E656-4F9F-BE42-57AB6AA0EE0A}.Ad-Hoc|ARM.ActiveCfg = Debug|Any CPU
		{F8E34218-E656-4F9F-BE42-57AB6AA0EE0A}.Ad-Hoc|ARM.Build.0 = Debug|Any CPU
		{F8E34218-E656-4F9F-BE42-57AB6AA0EE0A}.Ad-Hoc|iPhone.ActiveCfg = Debug|Any CPU
		{F8E34218-E656-4F9F-BE42-57AB6AA0EE0A}.Ad-Hoc|iPhone.Build.0 = Debug|Any CPU
		{F8E34218-E656-4F9F-BE42-57AB6AA0EE0A}.Ad-Hoc|iPhoneSimulator.ActiveCfg = Debug|Any CPU
		{F8E34218-E656-4F9F-BE42-57AB6AA0EE0A}.Ad-Hoc|iPhoneSimulator.Build.0 = Debug|Any CPU
		{F8E34218-E656-4F9F-BE42-57AB6AA0EE0A}.Ad-Hoc|x64.ActiveCfg = Debug|Any CPU
		{F8E34218-E656-4F9F-BE42-57AB6AA0EE0A}.Ad-Hoc|x64.Build.0 = Debug|Any CPU
		{F8E34218-E656-4F9F-BE42-57AB6AA0EE0A}.Ad-Hoc|x86.ActiveCfg = Debug|Any CPU
		{F8E34218-E656-4F9F-BE42-57AB6AA0EE0A}.Ad-Hoc|x86.Build.0 = Debug|Any CPU
		{F8E34218-E656-4F9F-BE42-57AB6AA0EE0A}.AppStore|Any CPU.ActiveCfg = Debug|Any CPU
		{F8E34218-E656-4F9F-BE42-57AB6AA0EE0A}.AppStore|Any CPU.Build.0 = Debug|Any CPU
		{F8E34218-E656-4F9F-BE42-57AB6AA0EE0A}.AppStore|ARM.ActiveCfg = Debug|Any CPU
		{F8E34218-E656-4F9F-BE42-57AB6AA0EE0A}.AppStore|ARM.Build.0 = Debug|Any CPU
		{F8E34218-E656-4F9F-BE42-57AB6AA0EE0A}.AppStore|iPhone.ActiveCfg = Debug|Any CPU
		{F8E34218-E656-4F9F-BE42-57AB6AA0EE0A}.AppStore|iPhone.Build.0 = Debug|Any CPU
		{F8E34218-E656-4F9F-BE42-57AB6AA0EE0A}.AppStore|iPhoneSimulator.ActiveCfg = Debug|Any CPU
		{F8E34218-E656-4F9F-BE42-57AB6AA0EE0A}.AppStore|iPhoneSimulator.Build.0 = Debug|Any CPU
		{F8E34218-E656-4F9F-BE42-57AB6AA0EE0A}.AppStore|x64.ActiveCfg = Debug|Any CPU
		{F8E34218-E656-4F9F-BE42-57AB6AA0EE0A}.AppStore|x64.Build.0 = Debug|Any CPU
		{F8E34218-E656-4F9F-BE42-57AB6AA0EE0A}.AppStore|x86.ActiveCfg = Debug|Any CPU
		{F8E34218-E656-4F9F-BE42-57AB6AA0EE0A}.AppStore|x86.Build.0 = Debug|Any CPU
		{F8E34218-E656-4F9F-BE42-57AB6AA0EE0A}.Debug|Any CPU.ActiveCfg = Debug|Any CPU
		{F8E34218-E656-4F9F-BE42-57AB6AA0EE0A}.Debug|Any CPU.Build.0 = Debug|Any CPU
		{F8E34218-E656-4F9F-BE42-57AB6AA0EE0A}.Debug|ARM.ActiveCfg = Debug|Any CPU
		{F8E34218-E656-4F9F-BE42-57AB6AA0EE0A}.Debug|ARM.Build.0 = Debug|Any CPU
		{F8E34218-E656-4F9F-BE42-57AB6AA0EE0A}.Debug|iPhone.ActiveCfg = Debug|Any CPU
		{F8E34218-E656-4F9F-BE42-57AB6AA0EE0A}.Debug|iPhone.Build.0 = Debug|Any CPU
		{F8E34218-E656-4F9F-BE42-57AB6AA0EE0A}.Debug|iPhoneSimulator.ActiveCfg = Debug|Any CPU
		{F8E34218-E656-4F9F-BE42-57AB6AA0EE0A}.Debug|iPhoneSimulator.Build.0 = Debug|Any CPU
		{F8E34218-E656-4F9F-BE42-57AB6AA0EE0A}.Debug|x64.ActiveCfg = Debug|Any CPU
		{F8E34218-E656-4F9F-BE42-57AB6AA0EE0A}.Debug|x64.Build.0 = Debug|Any CPU
		{F8E34218-E656-4F9F-BE42-57AB6AA0EE0A}.Debug|x86.ActiveCfg = Debug|Any CPU
		{F8E34218-E656-4F9F-BE42-57AB6AA0EE0A}.Debug|x86.Build.0 = Debug|Any CPU
		{F8E34218-E656-4F9F-BE42-57AB6AA0EE0A}.Release|Any CPU.ActiveCfg = Release|Any CPU
		{F8E34218-E656-4F9F-BE42-57AB6AA0EE0A}.Release|Any CPU.Build.0 = Release|Any CPU
		{F8E34218-E656-4F9F-BE42-57AB6AA0EE0A}.Release|ARM.ActiveCfg = Release|Any CPU
		{F8E34218-E656-4F9F-BE42-57AB6AA0EE0A}.Release|ARM.Build.0 = Release|Any CPU
		{F8E34218-E656-4F9F-BE42-57AB6AA0EE0A}.Release|iPhone.ActiveCfg = Release|Any CPU
		{F8E34218-E656-4F9F-BE42-57AB6AA0EE0A}.Release|iPhone.Build.0 = Release|Any CPU
		{F8E34218-E656-4F9F-BE42-57AB6AA0EE0A}.Release|iPhoneSimulator.ActiveCfg = Release|Any CPU
		{F8E34218-E656-4F9F-BE42-57AB6AA0EE0A}.Release|iPhoneSimulator.Build.0 = Release|Any CPU
		{F8E34218-E656-4F9F-BE42-57AB6AA0EE0A}.Release|x64.ActiveCfg = Release|Any CPU
		{F8E34218-E656-4F9F-BE42-57AB6AA0EE0A}.Release|x64.Build.0 = Release|Any CPU
		{F8E34218-E656-4F9F-BE42-57AB6AA0EE0A}.Release|x86.ActiveCfg = Release|Any CPU
		{F8E34218-E656-4F9F-BE42-57AB6AA0EE0A}.Release|x86.Build.0 = Release|Any CPU
		{8EE41A9F-2827-4D94-BE14-B7F4B4DC0C66}.Ad-Hoc|Any CPU.ActiveCfg = Debug|Any CPU
		{8EE41A9F-2827-4D94-BE14-B7F4B4DC0C66}.Ad-Hoc|Any CPU.Build.0 = Debug|Any CPU
		{8EE41A9F-2827-4D94-BE14-B7F4B4DC0C66}.Ad-Hoc|ARM.ActiveCfg = Debug|Any CPU
		{8EE41A9F-2827-4D94-BE14-B7F4B4DC0C66}.Ad-Hoc|ARM.Build.0 = Debug|Any CPU
		{8EE41A9F-2827-4D94-BE14-B7F4B4DC0C66}.Ad-Hoc|iPhone.ActiveCfg = Debug|Any CPU
		{8EE41A9F-2827-4D94-BE14-B7F4B4DC0C66}.Ad-Hoc|iPhone.Build.0 = Debug|Any CPU
		{8EE41A9F-2827-4D94-BE14-B7F4B4DC0C66}.Ad-Hoc|iPhoneSimulator.ActiveCfg = Debug|Any CPU
		{8EE41A9F-2827-4D94-BE14-B7F4B4DC0C66}.Ad-Hoc|iPhoneSimulator.Build.0 = Debug|Any CPU
		{8EE41A9F-2827-4D94-BE14-B7F4B4DC0C66}.Ad-Hoc|x64.ActiveCfg = Debug|Any CPU
		{8EE41A9F-2827-4D94-BE14-B7F4B4DC0C66}.Ad-Hoc|x64.Build.0 = Debug|Any CPU
		{8EE41A9F-2827-4D94-BE14-B7F4B4DC0C66}.Ad-Hoc|x86.ActiveCfg = Debug|Any CPU
		{8EE41A9F-2827-4D94-BE14-B7F4B4DC0C66}.Ad-Hoc|x86.Build.0 = Debug|Any CPU
		{8EE41A9F-2827-4D94-BE14-B7F4B4DC0C66}.AppStore|Any CPU.ActiveCfg = Debug|Any CPU
		{8EE41A9F-2827-4D94-BE14-B7F4B4DC0C66}.AppStore|Any CPU.Build.0 = Debug|Any CPU
		{8EE41A9F-2827-4D94-BE14-B7F4B4DC0C66}.AppStore|ARM.ActiveCfg = Debug|Any CPU
		{8EE41A9F-2827-4D94-BE14-B7F4B4DC0C66}.AppStore|ARM.Build.0 = Debug|Any CPU
		{8EE41A9F-2827-4D94-BE14-B7F4B4DC0C66}.AppStore|iPhone.ActiveCfg = Debug|Any CPU
		{8EE41A9F-2827-4D94-BE14-B7F4B4DC0C66}.AppStore|iPhone.Build.0 = Debug|Any CPU
		{8EE41A9F-2827-4D94-BE14-B7F4B4DC0C66}.AppStore|iPhoneSimulator.ActiveCfg = Debug|Any CPU
		{8EE41A9F-2827-4D94-BE14-B7F4B4DC0C66}.AppStore|iPhoneSimulator.Build.0 = Debug|Any CPU
		{8EE41A9F-2827-4D94-BE14-B7F4B4DC0C66}.AppStore|x64.ActiveCfg = Debug|Any CPU
		{8EE41A9F-2827-4D94-BE14-B7F4B4DC0C66}.AppStore|x64.Build.0 = Debug|Any CPU
		{8EE41A9F-2827-4D94-BE14-B7F4B4DC0C66}.AppStore|x86.ActiveCfg = Debug|Any CPU
		{8EE41A9F-2827-4D94-BE14-B7F4B4DC0C66}.AppStore|x86.Build.0 = Debug|Any CPU
		{8EE41A9F-2827-4D94-BE14-B7F4B4DC0C66}.Debug|Any CPU.ActiveCfg = Debug|Any CPU
		{8EE41A9F-2827-4D94-BE14-B7F4B4DC0C66}.Debug|Any CPU.Build.0 = Debug|Any CPU
		{8EE41A9F-2827-4D94-BE14-B7F4B4DC0C66}.Debug|ARM.ActiveCfg = Debug|Any CPU
		{8EE41A9F-2827-4D94-BE14-B7F4B4DC0C66}.Debug|ARM.Build.0 = Debug|Any CPU
		{8EE41A9F-2827-4D94-BE14-B7F4B4DC0C66}.Debug|iPhone.ActiveCfg = Debug|Any CPU
		{8EE41A9F-2827-4D94-BE14-B7F4B4DC0C66}.Debug|iPhone.Build.0 = Debug|Any CPU
		{8EE41A9F-2827-4D94-BE14-B7F4B4DC0C66}.Debug|iPhoneSimulator.ActiveCfg = Debug|Any CPU
		{8EE41A9F-2827-4D94-BE14-B7F4B4DC0C66}.Debug|iPhoneSimulator.Build.0 = Debug|Any CPU
		{8EE41A9F-2827-4D94-BE14-B7F4B4DC0C66}.Debug|x64.ActiveCfg = Debug|Any CPU
		{8EE41A9F-2827-4D94-BE14-B7F4B4DC0C66}.Debug|x64.Build.0 = Debug|Any CPU
		{8EE41A9F-2827-4D94-BE14-B7F4B4DC0C66}.Debug|x86.ActiveCfg = Debug|Any CPU
		{8EE41A9F-2827-4D94-BE14-B7F4B4DC0C66}.Debug|x86.Build.0 = Debug|Any CPU
		{8EE41A9F-2827-4D94-BE14-B7F4B4DC0C66}.Release|Any CPU.ActiveCfg = Release|Any CPU
		{8EE41A9F-2827-4D94-BE14-B7F4B4DC0C66}.Release|Any CPU.Build.0 = Release|Any CPU
		{8EE41A9F-2827-4D94-BE14-B7F4B4DC0C66}.Release|ARM.ActiveCfg = Release|Any CPU
		{8EE41A9F-2827-4D94-BE14-B7F4B4DC0C66}.Release|ARM.Build.0 = Release|Any CPU
		{8EE41A9F-2827-4D94-BE14-B7F4B4DC0C66}.Release|iPhone.ActiveCfg = Release|Any CPU
		{8EE41A9F-2827-4D94-BE14-B7F4B4DC0C66}.Release|iPhone.Build.0 = Release|Any CPU
		{8EE41A9F-2827-4D94-BE14-B7F4B4DC0C66}.Release|iPhoneSimulator.ActiveCfg = Release|Any CPU
		{8EE41A9F-2827-4D94-BE14-B7F4B4DC0C66}.Release|iPhoneSimulator.Build.0 = Release|Any CPU
		{8EE41A9F-2827-4D94-BE14-B7F4B4DC0C66}.Release|x64.ActiveCfg = Release|Any CPU
		{8EE41A9F-2827-4D94-BE14-B7F4B4DC0C66}.Release|x64.Build.0 = Release|Any CPU
		{8EE41A9F-2827-4D94-BE14-B7F4B4DC0C66}.Release|x86.ActiveCfg = Release|Any CPU
		{8EE41A9F-2827-4D94-BE14-B7F4B4DC0C66}.Release|x86.Build.0 = Release|Any CPU
		{0D6BCCE8-F4B2-47F4-A132-E9C7F16A87D7}.Ad-Hoc|Any CPU.ActiveCfg = Debug|Any CPU
		{0D6BCCE8-F4B2-47F4-A132-E9C7F16A87D7}.Ad-Hoc|Any CPU.Build.0 = Debug|Any CPU
		{0D6BCCE8-F4B2-47F4-A132-E9C7F16A87D7}.Ad-Hoc|ARM.ActiveCfg = Debug|Any CPU
		{0D6BCCE8-F4B2-47F4-A132-E9C7F16A87D7}.Ad-Hoc|ARM.Build.0 = Debug|Any CPU
		{0D6BCCE8-F4B2-47F4-A132-E9C7F16A87D7}.Ad-Hoc|iPhone.ActiveCfg = Debug|Any CPU
		{0D6BCCE8-F4B2-47F4-A132-E9C7F16A87D7}.Ad-Hoc|iPhone.Build.0 = Debug|Any CPU
		{0D6BCCE8-F4B2-47F4-A132-E9C7F16A87D7}.Ad-Hoc|iPhoneSimulator.ActiveCfg = Debug|Any CPU
		{0D6BCCE8-F4B2-47F4-A132-E9C7F16A87D7}.Ad-Hoc|iPhoneSimulator.Build.0 = Debug|Any CPU
		{0D6BCCE8-F4B2-47F4-A132-E9C7F16A87D7}.Ad-Hoc|x64.ActiveCfg = Debug|Any CPU
		{0D6BCCE8-F4B2-47F4-A132-E9C7F16A87D7}.Ad-Hoc|x64.Build.0 = Debug|Any CPU
		{0D6BCCE8-F4B2-47F4-A132-E9C7F16A87D7}.Ad-Hoc|x86.ActiveCfg = Debug|Any CPU
		{0D6BCCE8-F4B2-47F4-A132-E9C7F16A87D7}.Ad-Hoc|x86.Build.0 = Debug|Any CPU
		{0D6BCCE8-F4B2-47F4-A132-E9C7F16A87D7}.AppStore|Any CPU.ActiveCfg = Debug|Any CPU
		{0D6BCCE8-F4B2-47F4-A132-E9C7F16A87D7}.AppStore|Any CPU.Build.0 = Debug|Any CPU
		{0D6BCCE8-F4B2-47F4-A132-E9C7F16A87D7}.AppStore|ARM.ActiveCfg = Debug|Any CPU
		{0D6BCCE8-F4B2-47F4-A132-E9C7F16A87D7}.AppStore|ARM.Build.0 = Debug|Any CPU
		{0D6BCCE8-F4B2-47F4-A132-E9C7F16A87D7}.AppStore|iPhone.ActiveCfg = Debug|Any CPU
		{0D6BCCE8-F4B2-47F4-A132-E9C7F16A87D7}.AppStore|iPhone.Build.0 = Debug|Any CPU
		{0D6BCCE8-F4B2-47F4-A132-E9C7F16A87D7}.AppStore|iPhoneSimulator.ActiveCfg = Debug|Any CPU
		{0D6BCCE8-F4B2-47F4-A132-E9C7F16A87D7}.AppStore|iPhoneSimulator.Build.0 = Debug|Any CPU
		{0D6BCCE8-F4B2-47F4-A132-E9C7F16A87D7}.AppStore|x64.ActiveCfg = Debug|Any CPU
		{0D6BCCE8-F4B2-47F4-A132-E9C7F16A87D7}.AppStore|x64.Build.0 = Debug|Any CPU
		{0D6BCCE8-F4B2-47F4-A132-E9C7F16A87D7}.AppStore|x86.ActiveCfg = Debug|Any CPU
		{0D6BCCE8-F4B2-47F4-A132-E9C7F16A87D7}.AppStore|x86.Build.0 = Debug|Any CPU
		{0D6BCCE8-F4B2-47F4-A132-E9C7F16A87D7}.Debug|Any CPU.ActiveCfg = Debug|Any CPU
		{0D6BCCE8-F4B2-47F4-A132-E9C7F16A87D7}.Debug|Any CPU.Build.0 = Debug|Any CPU
		{0D6BCCE8-F4B2-47F4-A132-E9C7F16A87D7}.Debug|ARM.ActiveCfg = Debug|Any CPU
		{0D6BCCE8-F4B2-47F4-A132-E9C7F16A87D7}.Debug|ARM.Build.0 = Debug|Any CPU
		{0D6BCCE8-F4B2-47F4-A132-E9C7F16A87D7}.Debug|iPhone.ActiveCfg = Debug|Any CPU
		{0D6BCCE8-F4B2-47F4-A132-E9C7F16A87D7}.Debug|iPhone.Build.0 = Debug|Any CPU
		{0D6BCCE8-F4B2-47F4-A132-E9C7F16A87D7}.Debug|iPhoneSimulator.ActiveCfg = Debug|Any CPU
		{0D6BCCE8-F4B2-47F4-A132-E9C7F16A87D7}.Debug|iPhoneSimulator.Build.0 = Debug|Any CPU
		{0D6BCCE8-F4B2-47F4-A132-E9C7F16A87D7}.Debug|x64.ActiveCfg = Debug|Any CPU
		{0D6BCCE8-F4B2-47F4-A132-E9C7F16A87D7}.Debug|x64.Build.0 = Debug|Any CPU
		{0D6BCCE8-F4B2-47F4-A132-E9C7F16A87D7}.Debug|x86.ActiveCfg = Debug|Any CPU
		{0D6BCCE8-F4B2-47F4-A132-E9C7F16A87D7}.Debug|x86.Build.0 = Debug|Any CPU
		{0D6BCCE8-F4B2-47F4-A132-E9C7F16A87D7}.Release|Any CPU.ActiveCfg = Release|Any CPU
		{0D6BCCE8-F4B2-47F4-A132-E9C7F16A87D7}.Release|Any CPU.Build.0 = Release|Any CPU
		{0D6BCCE8-F4B2-47F4-A132-E9C7F16A87D7}.Release|ARM.ActiveCfg = Release|Any CPU
		{0D6BCCE8-F4B2-47F4-A132-E9C7F16A87D7}.Release|ARM.Build.0 = Release|Any CPU
		{0D6BCCE8-F4B2-47F4-A132-E9C7F16A87D7}.Release|iPhone.ActiveCfg = Release|Any CPU
		{0D6BCCE8-F4B2-47F4-A132-E9C7F16A87D7}.Release|iPhone.Build.0 = Release|Any CPU
		{0D6BCCE8-F4B2-47F4-A132-E9C7F16A87D7}.Release|iPhoneSimulator.ActiveCfg = Release|Any CPU
		{0D6BCCE8-F4B2-47F4-A132-E9C7F16A87D7}.Release|iPhoneSimulator.Build.0 = Release|Any CPU
		{0D6BCCE8-F4B2-47F4-A132-E9C7F16A87D7}.Release|x64.ActiveCfg = Release|Any CPU
		{0D6BCCE8-F4B2-47F4-A132-E9C7F16A87D7}.Release|x64.Build.0 = Release|Any CPU
		{0D6BCCE8-F4B2-47F4-A132-E9C7F16A87D7}.Release|x86.ActiveCfg = Release|Any CPU
		{0D6BCCE8-F4B2-47F4-A132-E9C7F16A87D7}.Release|x86.Build.0 = Release|Any CPU
		{93384F71-C7C7-4424-8125-7044EF096A8E}.Ad-Hoc|Any CPU.ActiveCfg = Release|x64
		{93384F71-C7C7-4424-8125-7044EF096A8E}.Ad-Hoc|Any CPU.Build.0 = Release|x64
		{93384F71-C7C7-4424-8125-7044EF096A8E}.Ad-Hoc|Any CPU.Deploy.0 = Release|x64
		{93384F71-C7C7-4424-8125-7044EF096A8E}.Ad-Hoc|ARM.ActiveCfg = Release|ARM
		{93384F71-C7C7-4424-8125-7044EF096A8E}.Ad-Hoc|ARM.Build.0 = Release|ARM
		{93384F71-C7C7-4424-8125-7044EF096A8E}.Ad-Hoc|ARM.Deploy.0 = Release|ARM
		{93384F71-C7C7-4424-8125-7044EF096A8E}.Ad-Hoc|iPhone.ActiveCfg = Release|x64
		{93384F71-C7C7-4424-8125-7044EF096A8E}.Ad-Hoc|iPhone.Build.0 = Release|x64
		{93384F71-C7C7-4424-8125-7044EF096A8E}.Ad-Hoc|iPhone.Deploy.0 = Release|x64
		{93384F71-C7C7-4424-8125-7044EF096A8E}.Ad-Hoc|iPhoneSimulator.ActiveCfg = Release|x64
		{93384F71-C7C7-4424-8125-7044EF096A8E}.Ad-Hoc|iPhoneSimulator.Build.0 = Release|x64
		{93384F71-C7C7-4424-8125-7044EF096A8E}.Ad-Hoc|iPhoneSimulator.Deploy.0 = Release|x64
		{93384F71-C7C7-4424-8125-7044EF096A8E}.Ad-Hoc|x64.ActiveCfg = Release|x64
		{93384F71-C7C7-4424-8125-7044EF096A8E}.Ad-Hoc|x64.Build.0 = Release|x64
		{93384F71-C7C7-4424-8125-7044EF096A8E}.Ad-Hoc|x64.Deploy.0 = Release|x64
		{93384F71-C7C7-4424-8125-7044EF096A8E}.Ad-Hoc|x86.ActiveCfg = Release|x86
		{93384F71-C7C7-4424-8125-7044EF096A8E}.Ad-Hoc|x86.Build.0 = Release|x86
		{93384F71-C7C7-4424-8125-7044EF096A8E}.Ad-Hoc|x86.Deploy.0 = Release|x86
		{93384F71-C7C7-4424-8125-7044EF096A8E}.AppStore|Any CPU.ActiveCfg = Release|x64
		{93384F71-C7C7-4424-8125-7044EF096A8E}.AppStore|Any CPU.Build.0 = Release|x64
		{93384F71-C7C7-4424-8125-7044EF096A8E}.AppStore|Any CPU.Deploy.0 = Release|x64
		{93384F71-C7C7-4424-8125-7044EF096A8E}.AppStore|ARM.ActiveCfg = Release|ARM
		{93384F71-C7C7-4424-8125-7044EF096A8E}.AppStore|ARM.Build.0 = Release|ARM
		{93384F71-C7C7-4424-8125-7044EF096A8E}.AppStore|ARM.Deploy.0 = Release|ARM
		{93384F71-C7C7-4424-8125-7044EF096A8E}.AppStore|iPhone.ActiveCfg = Release|x64
		{93384F71-C7C7-4424-8125-7044EF096A8E}.AppStore|iPhone.Build.0 = Release|x64
		{93384F71-C7C7-4424-8125-7044EF096A8E}.AppStore|iPhone.Deploy.0 = Release|x64
		{93384F71-C7C7-4424-8125-7044EF096A8E}.AppStore|iPhoneSimulator.ActiveCfg = Release|x64
		{93384F71-C7C7-4424-8125-7044EF096A8E}.AppStore|iPhoneSimulator.Build.0 = Release|x64
		{93384F71-C7C7-4424-8125-7044EF096A8E}.AppStore|iPhoneSimulator.Deploy.0 = Release|x64
		{93384F71-C7C7-4424-8125-7044EF096A8E}.AppStore|x64.ActiveCfg = Release|x64
		{93384F71-C7C7-4424-8125-7044EF096A8E}.AppStore|x64.Build.0 = Release|x64
		{93384F71-C7C7-4424-8125-7044EF096A8E}.AppStore|x64.Deploy.0 = Release|x64
		{93384F71-C7C7-4424-8125-7044EF096A8E}.AppStore|x86.ActiveCfg = Release|x86
		{93384F71-C7C7-4424-8125-7044EF096A8E}.AppStore|x86.Build.0 = Release|x86
		{93384F71-C7C7-4424-8125-7044EF096A8E}.AppStore|x86.Deploy.0 = Release|x86
		{93384F71-C7C7-4424-8125-7044EF096A8E}.Debug|Any CPU.ActiveCfg = Debug|x86
		{93384F71-C7C7-4424-8125-7044EF096A8E}.Debug|Any CPU.Build.0 = Debug|x86
		{93384F71-C7C7-4424-8125-7044EF096A8E}.Debug|Any CPU.Deploy.0 = Debug|x86
		{93384F71-C7C7-4424-8125-7044EF096A8E}.Debug|ARM.ActiveCfg = Debug|ARM
		{93384F71-C7C7-4424-8125-7044EF096A8E}.Debug|ARM.Build.0 = Debug|ARM
		{93384F71-C7C7-4424-8125-7044EF096A8E}.Debug|ARM.Deploy.0 = Debug|ARM
		{93384F71-C7C7-4424-8125-7044EF096A8E}.Debug|iPhone.ActiveCfg = Debug|x86
		{93384F71-C7C7-4424-8125-7044EF096A8E}.Debug|iPhoneSimulator.ActiveCfg = Debug|x86
		{93384F71-C7C7-4424-8125-7044EF096A8E}.Debug|x64.ActiveCfg = Debug|x64
		{93384F71-C7C7-4424-8125-7044EF096A8E}.Debug|x64.Build.0 = Debug|x64
		{93384F71-C7C7-4424-8125-7044EF096A8E}.Debug|x64.Deploy.0 = Debug|x64
		{93384F71-C7C7-4424-8125-7044EF096A8E}.Debug|x86.ActiveCfg = Debug|x86
		{93384F71-C7C7-4424-8125-7044EF096A8E}.Debug|x86.Build.0 = Debug|x86
		{93384F71-C7C7-4424-8125-7044EF096A8E}.Debug|x86.Deploy.0 = Debug|x86
		{93384F71-C7C7-4424-8125-7044EF096A8E}.Release|Any CPU.ActiveCfg = Release|x86
		{93384F71-C7C7-4424-8125-7044EF096A8E}.Release|ARM.ActiveCfg = Release|ARM
		{93384F71-C7C7-4424-8125-7044EF096A8E}.Release|ARM.Build.0 = Release|ARM
		{93384F71-C7C7-4424-8125-7044EF096A8E}.Release|ARM.Deploy.0 = Release|ARM
		{93384F71-C7C7-4424-8125-7044EF096A8E}.Release|iPhone.ActiveCfg = Release|x86
		{93384F71-C7C7-4424-8125-7044EF096A8E}.Release|iPhoneSimulator.ActiveCfg = Release|x86
		{93384F71-C7C7-4424-8125-7044EF096A8E}.Release|x64.ActiveCfg = Release|x64
		{93384F71-C7C7-4424-8125-7044EF096A8E}.Release|x64.Build.0 = Release|x64
		{93384F71-C7C7-4424-8125-7044EF096A8E}.Release|x64.Deploy.0 = Release|x64
		{93384F71-C7C7-4424-8125-7044EF096A8E}.Release|x86.ActiveCfg = Release|x86
		{93384F71-C7C7-4424-8125-7044EF096A8E}.Release|x86.Build.0 = Release|x86
		{93384F71-C7C7-4424-8125-7044EF096A8E}.Release|x86.Deploy.0 = Release|x86
	EndGlobalSection
	GlobalSection(SolutionProperties) = preSolution
		HideSolutionNode = FALSE
	EndGlobalSection
	GlobalSection(NestedProjects) = preSolution
		{0C3A9DE9-476B-4038-9258-1B066125A45B} = {A76F353B-9E1C-49A6-A6C4-D51ACB4C3D89}
		{07BC2FC1-B75B-4906-AA5B-378F498221D5} = {A76F353B-9E1C-49A6-A6C4-D51ACB4C3D89}
		{52D6F832-2BD6-4C49-9919-0FF9D51CABFE} = {69FF0A04-8C8D-4D4A-8607-13D4B2ABDCEF}
		{F8E34218-E656-4F9F-BE42-57AB6AA0EE0A} = {EED42522-B85C-4818-8297-C837E27DF33E}
		{8EE41A9F-2827-4D94-BE14-B7F4B4DC0C66} = {629630FC-06D3-473D-AEA9-85B33A2C978C}
		{0D6BCCE8-F4B2-47F4-A132-E9C7F16A87D7} = {D4CE87E0-6051-4B59-9984-2A1736E18733}
		{93384F71-C7C7-4424-8125-7044EF096A8E} = {629630FC-06D3-473D-AEA9-85B33A2C978C}
	EndGlobalSection
	GlobalSection(ExtensibilityGlobals) = postSolution
		SolutionGuid = {1B651014-0E29-4AC7-AC47-B88EA9094699}
	EndGlobalSection
EndGlobal
