
Microsoft Visual Studio Solution File, Format Version 12.00
# Visual Studio 15
VisualStudioVersion = 15.0.27130.2036
MinimumVisualStudioVersion = 10.0.40219.1
Project("{2150E333-8FDC-42A3-9474-1A3956D46DE8}") = "DataTier", "DataTier", "{A76F353B-9E1C-49A6-A6C4-D51ACB4C3D89}"
EndProject
Project("{2150E333-8FDC-42A3-9474-1A3956D46DE8}") = "MiddleTier", "MiddleTier", "{EED42522-B85C-4818-8297-C837E27DF33E}"
EndProject
Project("{2150E333-8FDC-42A3-9474-1A3956D46DE8}") = "PresentationTier", "PresentationTier", "{629630FC-06D3-473D-AEA9-85B33A2C978C}"
EndProject
Project("{00D1A9C2-B5F0-4AF3-8072-F6C62B433612}") = "Framework.Database", "Framework.Database\Framework.Database.sqlproj", "{0C3A9DE9-476B-4038-9258-1B066125A45B}"
EndProject
Project("{2150E333-8FDC-42A3-9474-1A3956D46DE8}") = "Test", "Test", "{D4CE87E0-6051-4B59-9984-2A1736E18733}"
EndProject
Project("{FAE04EC0-301F-11D3-BF4B-00C04F79EFBC}") = "Framework.DesktopApp", "Framework.DesktopApp\Framework.DesktopApp.csproj", "{BFC13D1D-0B9B-49DE-BFB8-7BA741C4953D}"
EndProject
Project("{9A19103F-16F7-4668-BE54-9A1E7A4F7556}") = "Framework.DataAccess.Core", "Framework.DataAccess.Core\Framework.DataAccess.Core.csproj", "{8465BA17-C9B9-4379-B616-7DE25B1CB0D5}"
EndProject
Project("{FAE04EC0-301F-11D3-BF4B-00C04F79EFBC}") = "Framework.Interop.Portable", "Framework.Interop.Portable\Framework.Interop.Portable.csproj", "{0AC46EC9-EC99-4BFA-8DA9-4D9E0E9CB039}"
EndProject
Project("{9A19103F-16F7-4668-BE54-9A1E7A4F7556}") = "Framework.Interop.Standard", "Framework.Interop.Standard\Framework.Interop.Standard.csproj", "{4983F431-74DC-41FF-BE5B-2754E70667AF}"
EndProject
Project("{FAE04EC0-301F-11D3-BF4B-00C04F79EFBC}") = "Framework.Models.Portable", "Framework.Models.Portable\Framework.Models.Portable.csproj", "{D99DBEA0-7E81-4557-BA85-EEDEB8BBA2BD}"
EndProject
Project("{9A19103F-16F7-4668-BE54-9A1E7A4F7556}") = "Framework.Models.Standard", "Framework.Models.Standard\Framework.Models.Standard.csproj", "{187A670C-93D3-469C-B4B9-F3DB30B93217}"
EndProject
Project("{FAE04EC0-301F-11D3-BF4B-00C04F79EFBC}") = "Framework.WebApp.Full", "Framework.WebApp.Full\Framework.WebApp.Full.csproj", "{7D0C2B1A-E497-42BC-BD96-6F66772CEB52}"
EndProject
Project("{FAE04EC0-301F-11D3-BF4B-00C04F79EFBC}") = "Framework.WebServices.Full", "Framework.WebServices.Full\Framework.WebServices.Full.csproj", "{8E5A58BE-1354-45D9-BE27-B61592EC16F4}"
EndProject
Project("{9A19103F-16F7-4668-BE54-9A1E7A4F7556}") = "Framework.WebApp.Core", "Framework.WebApp.Core\Framework.WebApp.Core.csproj", "{6066B0B7-D717-4939-914B-6E266B4E6CBD}"
EndProject
Project("{FAE04EC0-301F-11D3-BF4B-00C04F79EFBC}") = "Framework.Test.Full", "Framework.Test.Full\Framework.Test.Full.csproj", "{73611822-03EB-4D3B-9564-638DCAD89938}"
EndProject
Project("{9A19103F-16F7-4668-BE54-9A1E7A4F7556}") = "Framework.Test.Core", "Framework.Test.Core\Framework.Test.Core.csproj", "{73206AF7-3A50-4FD8-869F-4580190265B9}"
EndProject
Project("{FAE04EC0-301F-11D3-BF4B-00C04F79EFBC}") = "Framework.DataAccess.Full", "Framework.DataAccess.Full\Framework.DataAccess.Full.csproj", "{A9C5DD3C-2E90-4160-8C7D-0B478E820170}"
EndProject
Project("{2150E333-8FDC-42A3-9474-1A3956D46DE8}") = "Interoperability", "Interoperability", "{69FF0A04-8C8D-4D4A-8607-13D4B2ABDCEF}"
EndProject
Project("{FAE04EC0-301F-11D3-BF4B-00C04F79EFBC}") = "Framework.UniversalApp.Full", "Framework.UniversalApp.Full\Framework.UniversalApp.Full.csproj", "{AB6395F9-C057-4D0D-99E2-87487C440404}"
EndProject
Project("{9A19103F-16F7-4668-BE54-9A1E7A4F7556}") = "Framework.WebServices.Core", "Framework.WebServices.Core\Framework.WebServices.Core.csproj", "{A81D1D84-C049-489C-95AA-493140D12CF5}"
EndProject
Project("{D954291E-2A0B-460D-934E-DC6B0785DB48}") = "Framework.DataAccess.Shared", "Framework.DataAccess.Shared\Framework.DataAccess.Shared.shproj", "{5EF4AFD9-8D21-42AD-B564-5E668DAB8AE1}"
EndProject
Project("{D954291E-2A0B-460D-934E-DC6B0785DB48}") = "Framework.Interop.Shared", "Framework.Interop.Shared\Framework.Interop.Shared.shproj", "{4FA34334-CE8D-497B-9AAE-632A271949C2}"
EndProject
Project("{D954291E-2A0B-460D-934E-DC6B0785DB48}") = "Framework.Models.Shared", "Framework.Models.Shared\Framework.Models.Shared.shproj", "{ED91E71F-EEB0-4B8C-8396-0D9C55E5446D}"
EndProject
Project("{D954291E-2A0B-460D-934E-DC6B0785DB48}") = "Framework.Test.Shared", "Framework.Test.Shared\Framework.Test.Shared.shproj", "{83F1E00B-1183-4499-ABD8-35E4776596B6}"
EndProject
Project("{FAE04EC0-301F-11D3-BF4B-00C04F79EFBC}") = "Framework.UniversalApp.Core", "Framework.UniversalApp.Core\Framework.UniversalApp.Core.csproj", "{93384F71-C7C7-4424-8125-7044EF096A8E}"
EndProject
Global
	GlobalSection(SharedMSBuildProjectFiles) = preSolution
		Framework.Interop.Shared\Framework.Interfaces.Shared.projitems*{4fa34334-ce8d-497b-9aae-632a271949c2}*SharedItemsImports = 13
		Framework.DataAccess.Shared\Framework.DataAccess.Shared.projitems*{5ef4afd9-8d21-42ad-b564-5e668dab8ae1}*SharedItemsImports = 13
		Framework.Test.Shared\Framework.Test.Shared.projitems*{83f1e00b-1183-4499-abd8-35e4776596b6}*SharedItemsImports = 13
		Framework.Models.Shared\Framework.Models.Shared.projitems*{ed91e71f-eeb0-4b8c-8396-0d9c55e5446d}*SharedItemsImports = 13
	EndGlobalSection
	GlobalSection(SolutionConfigurationPlatforms) = preSolution
		Ad-Hoc|Any CPU = Ad-Hoc|Any CPU
		Ad-Hoc|ARM = Ad-Hoc|ARM
		Ad-Hoc|iPhone = Ad-Hoc|iPhone
		Ad-Hoc|iPhoneSimulator = Ad-Hoc|iPhoneSimulator
		Ad-Hoc|x64 = Ad-Hoc|x64
		Ad-Hoc|x86 = Ad-Hoc|x86
		AppStore|Any CPU = AppStore|Any CPU
		AppStore|ARM = AppStore|ARM
		AppStore|iPhone = AppStore|iPhone
		AppStore|iPhoneSimulator = AppStore|iPhoneSimulator
		AppStore|x64 = AppStore|x64
		AppStore|x86 = AppStore|x86
		Debug|Any CPU = Debug|Any CPU
		Debug|ARM = Debug|ARM
		Debug|iPhone = Debug|iPhone
		Debug|iPhoneSimulator = Debug|iPhoneSimulator
		Debug|x64 = Debug|x64
		Debug|x86 = Debug|x86
		Release|Any CPU = Release|Any CPU
		Release|ARM = Release|ARM
		Release|iPhone = Release|iPhone
		Release|iPhoneSimulator = Release|iPhoneSimulator
		Release|x64 = Release|x64
		Release|x86 = Release|x86
	EndGlobalSection
	GlobalSection(ProjectConfigurationPlatforms) = postSolution
		{0C3A9DE9-476B-4038-9258-1B066125A45B}.Ad-Hoc|Any CPU.ActiveCfg = Release|Any CPU
		{0C3A9DE9-476B-4038-9258-1B066125A45B}.Ad-Hoc|Any CPU.Build.0 = Release|Any CPU
		{0C3A9DE9-476B-4038-9258-1B066125A45B}.Ad-Hoc|Any CPU.Deploy.0 = Release|Any CPU
		{0C3A9DE9-476B-4038-9258-1B066125A45B}.Ad-Hoc|ARM.ActiveCfg = Release|Any CPU
		{0C3A9DE9-476B-4038-9258-1B066125A45B}.Ad-Hoc|ARM.Build.0 = Release|Any CPU
		{0C3A9DE9-476B-4038-9258-1B066125A45B}.Ad-Hoc|ARM.Deploy.0 = Release|Any CPU
		{0C3A9DE9-476B-4038-9258-1B066125A45B}.Ad-Hoc|iPhone.ActiveCfg = Release|Any CPU
		{0C3A9DE9-476B-4038-9258-1B066125A45B}.Ad-Hoc|iPhone.Build.0 = Release|Any CPU
		{0C3A9DE9-476B-4038-9258-1B066125A45B}.Ad-Hoc|iPhone.Deploy.0 = Release|Any CPU
		{0C3A9DE9-476B-4038-9258-1B066125A45B}.Ad-Hoc|iPhoneSimulator.ActiveCfg = Release|Any CPU
		{0C3A9DE9-476B-4038-9258-1B066125A45B}.Ad-Hoc|iPhoneSimulator.Build.0 = Release|Any CPU
		{0C3A9DE9-476B-4038-9258-1B066125A45B}.Ad-Hoc|iPhoneSimulator.Deploy.0 = Release|Any CPU
		{0C3A9DE9-476B-4038-9258-1B066125A45B}.Ad-Hoc|x64.ActiveCfg = Release|Any CPU
		{0C3A9DE9-476B-4038-9258-1B066125A45B}.Ad-Hoc|x64.Build.0 = Release|Any CPU
		{0C3A9DE9-476B-4038-9258-1B066125A45B}.Ad-Hoc|x64.Deploy.0 = Release|Any CPU
		{0C3A9DE9-476B-4038-9258-1B066125A45B}.Ad-Hoc|x86.ActiveCfg = Release|Any CPU
		{0C3A9DE9-476B-4038-9258-1B066125A45B}.Ad-Hoc|x86.Build.0 = Release|Any CPU
		{0C3A9DE9-476B-4038-9258-1B066125A45B}.Ad-Hoc|x86.Deploy.0 = Release|Any CPU
		{0C3A9DE9-476B-4038-9258-1B066125A45B}.AppStore|Any CPU.ActiveCfg = Release|Any CPU
		{0C3A9DE9-476B-4038-9258-1B066125A45B}.AppStore|Any CPU.Build.0 = Release|Any CPU
		{0C3A9DE9-476B-4038-9258-1B066125A45B}.AppStore|Any CPU.Deploy.0 = Release|Any CPU
		{0C3A9DE9-476B-4038-9258-1B066125A45B}.AppStore|ARM.ActiveCfg = Release|Any CPU
		{0C3A9DE9-476B-4038-9258-1B066125A45B}.AppStore|ARM.Build.0 = Release|Any CPU
		{0C3A9DE9-476B-4038-9258-1B066125A45B}.AppStore|ARM.Deploy.0 = Release|Any CPU
		{0C3A9DE9-476B-4038-9258-1B066125A45B}.AppStore|iPhone.ActiveCfg = Release|Any CPU
		{0C3A9DE9-476B-4038-9258-1B066125A45B}.AppStore|iPhone.Build.0 = Release|Any CPU
		{0C3A9DE9-476B-4038-9258-1B066125A45B}.AppStore|iPhone.Deploy.0 = Release|Any CPU
		{0C3A9DE9-476B-4038-9258-1B066125A45B}.AppStore|iPhoneSimulator.ActiveCfg = Release|Any CPU
		{0C3A9DE9-476B-4038-9258-1B066125A45B}.AppStore|iPhoneSimulator.Build.0 = Release|Any CPU
		{0C3A9DE9-476B-4038-9258-1B066125A45B}.AppStore|iPhoneSimulator.Deploy.0 = Release|Any CPU
		{0C3A9DE9-476B-4038-9258-1B066125A45B}.AppStore|x64.ActiveCfg = Release|Any CPU
		{0C3A9DE9-476B-4038-9258-1B066125A45B}.AppStore|x64.Build.0 = Release|Any CPU
		{0C3A9DE9-476B-4038-9258-1B066125A45B}.AppStore|x64.Deploy.0 = Release|Any CPU
		{0C3A9DE9-476B-4038-9258-1B066125A45B}.AppStore|x86.ActiveCfg = Release|Any CPU
		{0C3A9DE9-476B-4038-9258-1B066125A45B}.AppStore|x86.Build.0 = Release|Any CPU
		{0C3A9DE9-476B-4038-9258-1B066125A45B}.AppStore|x86.Deploy.0 = Release|Any CPU
		{0C3A9DE9-476B-4038-9258-1B066125A45B}.Debug|Any CPU.ActiveCfg = Debug|Any CPU
		{0C3A9DE9-476B-4038-9258-1B066125A45B}.Debug|Any CPU.Build.0 = Debug|Any CPU
		{0C3A9DE9-476B-4038-9258-1B066125A45B}.Debug|ARM.ActiveCfg = Debug|Any CPU
		{0C3A9DE9-476B-4038-9258-1B066125A45B}.Debug|ARM.Build.0 = Debug|Any CPU
		{0C3A9DE9-476B-4038-9258-1B066125A45B}.Debug|ARM.Deploy.0 = Debug|Any CPU
		{0C3A9DE9-476B-4038-9258-1B066125A45B}.Debug|iPhone.ActiveCfg = Debug|Any CPU
		{0C3A9DE9-476B-4038-9258-1B066125A45B}.Debug|iPhone.Build.0 = Debug|Any CPU
		{0C3A9DE9-476B-4038-9258-1B066125A45B}.Debug|iPhone.Deploy.0 = Debug|Any CPU
		{0C3A9DE9-476B-4038-9258-1B066125A45B}.Debug|iPhoneSimulator.ActiveCfg = Debug|Any CPU
		{0C3A9DE9-476B-4038-9258-1B066125A45B}.Debug|iPhoneSimulator.Build.0 = Debug|Any CPU
		{0C3A9DE9-476B-4038-9258-1B066125A45B}.Debug|iPhoneSimulator.Deploy.0 = Debug|Any CPU
		{0C3A9DE9-476B-4038-9258-1B066125A45B}.Debug|x64.ActiveCfg = Debug|Any CPU
		{0C3A9DE9-476B-4038-9258-1B066125A45B}.Debug|x64.Build.0 = Debug|Any CPU
		{0C3A9DE9-476B-4038-9258-1B066125A45B}.Debug|x64.Deploy.0 = Debug|Any CPU
		{0C3A9DE9-476B-4038-9258-1B066125A45B}.Debug|x86.ActiveCfg = Debug|Any CPU
		{0C3A9DE9-476B-4038-9258-1B066125A45B}.Debug|x86.Build.0 = Debug|Any CPU
		{0C3A9DE9-476B-4038-9258-1B066125A45B}.Debug|x86.Deploy.0 = Debug|Any CPU
		{0C3A9DE9-476B-4038-9258-1B066125A45B}.Release|Any CPU.ActiveCfg = Release|Any CPU
		{0C3A9DE9-476B-4038-9258-1B066125A45B}.Release|Any CPU.Build.0 = Release|Any CPU
		{0C3A9DE9-476B-4038-9258-1B066125A45B}.Release|ARM.ActiveCfg = Release|Any CPU
		{0C3A9DE9-476B-4038-9258-1B066125A45B}.Release|ARM.Build.0 = Release|Any CPU
		{0C3A9DE9-476B-4038-9258-1B066125A45B}.Release|ARM.Deploy.0 = Release|Any CPU
		{0C3A9DE9-476B-4038-9258-1B066125A45B}.Release|iPhone.ActiveCfg = Release|Any CPU
		{0C3A9DE9-476B-4038-9258-1B066125A45B}.Release|iPhone.Build.0 = Release|Any CPU
		{0C3A9DE9-476B-4038-9258-1B066125A45B}.Release|iPhone.Deploy.0 = Release|Any CPU
		{0C3A9DE9-476B-4038-9258-1B066125A45B}.Release|iPhoneSimulator.ActiveCfg = Release|Any CPU
		{0C3A9DE9-476B-4038-9258-1B066125A45B}.Release|iPhoneSimulator.Build.0 = Release|Any CPU
		{0C3A9DE9-476B-4038-9258-1B066125A45B}.Release|iPhoneSimulator.Deploy.0 = Release|Any CPU
		{0C3A9DE9-476B-4038-9258-1B066125A45B}.Release|x64.ActiveCfg = Release|Any CPU
		{0C3A9DE9-476B-4038-9258-1B066125A45B}.Release|x64.Build.0 = Release|Any CPU
		{0C3A9DE9-476B-4038-9258-1B066125A45B}.Release|x64.Deploy.0 = Release|Any CPU
		{0C3A9DE9-476B-4038-9258-1B066125A45B}.Release|x86.ActiveCfg = Release|Any CPU
		{0C3A9DE9-476B-4038-9258-1B066125A45B}.Release|x86.Build.0 = Release|Any CPU
		{0C3A9DE9-476B-4038-9258-1B066125A45B}.Release|x86.Deploy.0 = Release|Any CPU
		{BFC13D1D-0B9B-49DE-BFB8-7BA741C4953D}.Ad-Hoc|Any CPU.ActiveCfg = Release|Any CPU
		{BFC13D1D-0B9B-49DE-BFB8-7BA741C4953D}.Ad-Hoc|Any CPU.Build.0 = Release|Any CPU
		{BFC13D1D-0B9B-49DE-BFB8-7BA741C4953D}.Ad-Hoc|ARM.ActiveCfg = Release|Any CPU
		{BFC13D1D-0B9B-49DE-BFB8-7BA741C4953D}.Ad-Hoc|ARM.Build.0 = Release|Any CPU
		{BFC13D1D-0B9B-49DE-BFB8-7BA741C4953D}.Ad-Hoc|iPhone.ActiveCfg = Release|Any CPU
		{BFC13D1D-0B9B-49DE-BFB8-7BA741C4953D}.Ad-Hoc|iPhone.Build.0 = Release|Any CPU
		{BFC13D1D-0B9B-49DE-BFB8-7BA741C4953D}.Ad-Hoc|iPhoneSimulator.ActiveCfg = Release|Any CPU
		{BFC13D1D-0B9B-49DE-BFB8-7BA741C4953D}.Ad-Hoc|iPhoneSimulator.Build.0 = Release|Any CPU
		{BFC13D1D-0B9B-49DE-BFB8-7BA741C4953D}.Ad-Hoc|x64.ActiveCfg = Release|Any CPU
		{BFC13D1D-0B9B-49DE-BFB8-7BA741C4953D}.Ad-Hoc|x64.Build.0 = Release|Any CPU
		{BFC13D1D-0B9B-49DE-BFB8-7BA741C4953D}.Ad-Hoc|x86.ActiveCfg = Release|Any CPU
		{BFC13D1D-0B9B-49DE-BFB8-7BA741C4953D}.Ad-Hoc|x86.Build.0 = Release|Any CPU
		{BFC13D1D-0B9B-49DE-BFB8-7BA741C4953D}.AppStore|Any CPU.ActiveCfg = Release|Any CPU
		{BFC13D1D-0B9B-49DE-BFB8-7BA741C4953D}.AppStore|Any CPU.Build.0 = Release|Any CPU
		{BFC13D1D-0B9B-49DE-BFB8-7BA741C4953D}.AppStore|ARM.ActiveCfg = Release|Any CPU
		{BFC13D1D-0B9B-49DE-BFB8-7BA741C4953D}.AppStore|ARM.Build.0 = Release|Any CPU
		{BFC13D1D-0B9B-49DE-BFB8-7BA741C4953D}.AppStore|iPhone.ActiveCfg = Release|Any CPU
		{BFC13D1D-0B9B-49DE-BFB8-7BA741C4953D}.AppStore|iPhone.Build.0 = Release|Any CPU
		{BFC13D1D-0B9B-49DE-BFB8-7BA741C4953D}.AppStore|iPhoneSimulator.ActiveCfg = Release|Any CPU
		{BFC13D1D-0B9B-49DE-BFB8-7BA741C4953D}.AppStore|iPhoneSimulator.Build.0 = Release|Any CPU
		{BFC13D1D-0B9B-49DE-BFB8-7BA741C4953D}.AppStore|x64.ActiveCfg = Release|Any CPU
		{BFC13D1D-0B9B-49DE-BFB8-7BA741C4953D}.AppStore|x64.Build.0 = Release|Any CPU
		{BFC13D1D-0B9B-49DE-BFB8-7BA741C4953D}.AppStore|x86.ActiveCfg = Release|Any CPU
		{BFC13D1D-0B9B-49DE-BFB8-7BA741C4953D}.AppStore|x86.Build.0 = Release|Any CPU
		{BFC13D1D-0B9B-49DE-BFB8-7BA741C4953D}.Debug|Any CPU.ActiveCfg = Debug|Any CPU
		{BFC13D1D-0B9B-49DE-BFB8-7BA741C4953D}.Debug|Any CPU.Build.0 = Debug|Any CPU
		{BFC13D1D-0B9B-49DE-BFB8-7BA741C4953D}.Debug|ARM.ActiveCfg = Debug|Any CPU
		{BFC13D1D-0B9B-49DE-BFB8-7BA741C4953D}.Debug|ARM.Build.0 = Debug|Any CPU
		{BFC13D1D-0B9B-49DE-BFB8-7BA741C4953D}.Debug|iPhone.ActiveCfg = Debug|Any CPU
		{BFC13D1D-0B9B-49DE-BFB8-7BA741C4953D}.Debug|iPhone.Build.0 = Debug|Any CPU
		{BFC13D1D-0B9B-49DE-BFB8-7BA741C4953D}.Debug|iPhoneSimulator.ActiveCfg = Debug|Any CPU
		{BFC13D1D-0B9B-49DE-BFB8-7BA741C4953D}.Debug|iPhoneSimulator.Build.0 = Debug|Any CPU
		{BFC13D1D-0B9B-49DE-BFB8-7BA741C4953D}.Debug|x64.ActiveCfg = Debug|Any CPU
		{BFC13D1D-0B9B-49DE-BFB8-7BA741C4953D}.Debug|x64.Build.0 = Debug|Any CPU
		{BFC13D1D-0B9B-49DE-BFB8-7BA741C4953D}.Debug|x86.ActiveCfg = Debug|Any CPU
		{BFC13D1D-0B9B-49DE-BFB8-7BA741C4953D}.Debug|x86.Build.0 = Debug|Any CPU
		{BFC13D1D-0B9B-49DE-BFB8-7BA741C4953D}.Release|Any CPU.ActiveCfg = Release|Any CPU
		{BFC13D1D-0B9B-49DE-BFB8-7BA741C4953D}.Release|Any CPU.Build.0 = Release|Any CPU
		{BFC13D1D-0B9B-49DE-BFB8-7BA741C4953D}.Release|ARM.ActiveCfg = Release|Any CPU
		{BFC13D1D-0B9B-49DE-BFB8-7BA741C4953D}.Release|ARM.Build.0 = Release|Any CPU
		{BFC13D1D-0B9B-49DE-BFB8-7BA741C4953D}.Release|iPhone.ActiveCfg = Release|Any CPU
		{BFC13D1D-0B9B-49DE-BFB8-7BA741C4953D}.Release|iPhone.Build.0 = Release|Any CPU
		{BFC13D1D-0B9B-49DE-BFB8-7BA741C4953D}.Release|iPhoneSimulator.ActiveCfg = Release|Any CPU
		{BFC13D1D-0B9B-49DE-BFB8-7BA741C4953D}.Release|iPhoneSimulator.Build.0 = Release|Any CPU
		{BFC13D1D-0B9B-49DE-BFB8-7BA741C4953D}.Release|x64.ActiveCfg = Release|Any CPU
		{BFC13D1D-0B9B-49DE-BFB8-7BA741C4953D}.Release|x64.Build.0 = Release|Any CPU
		{BFC13D1D-0B9B-49DE-BFB8-7BA741C4953D}.Release|x86.ActiveCfg = Release|Any CPU
		{BFC13D1D-0B9B-49DE-BFB8-7BA741C4953D}.Release|x86.Build.0 = Release|Any CPU
		{8465BA17-C9B9-4379-B616-7DE25B1CB0D5}.Ad-Hoc|Any CPU.ActiveCfg = Debug|Any CPU
		{8465BA17-C9B9-4379-B616-7DE25B1CB0D5}.Ad-Hoc|Any CPU.Build.0 = Debug|Any CPU
		{8465BA17-C9B9-4379-B616-7DE25B1CB0D5}.Ad-Hoc|ARM.ActiveCfg = Debug|Any CPU
		{8465BA17-C9B9-4379-B616-7DE25B1CB0D5}.Ad-Hoc|ARM.Build.0 = Debug|Any CPU
		{8465BA17-C9B9-4379-B616-7DE25B1CB0D5}.Ad-Hoc|iPhone.ActiveCfg = Debug|Any CPU
		{8465BA17-C9B9-4379-B616-7DE25B1CB0D5}.Ad-Hoc|iPhone.Build.0 = Debug|Any CPU
		{8465BA17-C9B9-4379-B616-7DE25B1CB0D5}.Ad-Hoc|iPhoneSimulator.ActiveCfg = Debug|Any CPU
		{8465BA17-C9B9-4379-B616-7DE25B1CB0D5}.Ad-Hoc|iPhoneSimulator.Build.0 = Debug|Any CPU
		{8465BA17-C9B9-4379-B616-7DE25B1CB0D5}.Ad-Hoc|x64.ActiveCfg = Debug|Any CPU
		{8465BA17-C9B9-4379-B616-7DE25B1CB0D5}.Ad-Hoc|x64.Build.0 = Debug|Any CPU
		{8465BA17-C9B9-4379-B616-7DE25B1CB0D5}.Ad-Hoc|x86.ActiveCfg = Debug|Any CPU
		{8465BA17-C9B9-4379-B616-7DE25B1CB0D5}.Ad-Hoc|x86.Build.0 = Debug|Any CPU
		{8465BA17-C9B9-4379-B616-7DE25B1CB0D5}.AppStore|Any CPU.ActiveCfg = Debug|Any CPU
		{8465BA17-C9B9-4379-B616-7DE25B1CB0D5}.AppStore|Any CPU.Build.0 = Debug|Any CPU
		{8465BA17-C9B9-4379-B616-7DE25B1CB0D5}.AppStore|ARM.ActiveCfg = Debug|Any CPU
		{8465BA17-C9B9-4379-B616-7DE25B1CB0D5}.AppStore|ARM.Build.0 = Debug|Any CPU
		{8465BA17-C9B9-4379-B616-7DE25B1CB0D5}.AppStore|iPhone.ActiveCfg = Debug|Any CPU
		{8465BA17-C9B9-4379-B616-7DE25B1CB0D5}.AppStore|iPhone.Build.0 = Debug|Any CPU
		{8465BA17-C9B9-4379-B616-7DE25B1CB0D5}.AppStore|iPhoneSimulator.ActiveCfg = Debug|Any CPU
		{8465BA17-C9B9-4379-B616-7DE25B1CB0D5}.AppStore|iPhoneSimulator.Build.0 = Debug|Any CPU
		{8465BA17-C9B9-4379-B616-7DE25B1CB0D5}.AppStore|x64.ActiveCfg = Debug|Any CPU
		{8465BA17-C9B9-4379-B616-7DE25B1CB0D5}.AppStore|x64.Build.0 = Debug|Any CPU
		{8465BA17-C9B9-4379-B616-7DE25B1CB0D5}.AppStore|x86.ActiveCfg = Debug|Any CPU
		{8465BA17-C9B9-4379-B616-7DE25B1CB0D5}.AppStore|x86.Build.0 = Debug|Any CPU
		{8465BA17-C9B9-4379-B616-7DE25B1CB0D5}.Debug|Any CPU.ActiveCfg = Debug|Any CPU
		{8465BA17-C9B9-4379-B616-7DE25B1CB0D5}.Debug|Any CPU.Build.0 = Debug|Any CPU
		{8465BA17-C9B9-4379-B616-7DE25B1CB0D5}.Debug|ARM.ActiveCfg = Debug|Any CPU
		{8465BA17-C9B9-4379-B616-7DE25B1CB0D5}.Debug|ARM.Build.0 = Debug|Any CPU
		{8465BA17-C9B9-4379-B616-7DE25B1CB0D5}.Debug|iPhone.ActiveCfg = Debug|Any CPU
		{8465BA17-C9B9-4379-B616-7DE25B1CB0D5}.Debug|iPhone.Build.0 = Debug|Any CPU
		{8465BA17-C9B9-4379-B616-7DE25B1CB0D5}.Debug|iPhoneSimulator.ActiveCfg = Debug|Any CPU
		{8465BA17-C9B9-4379-B616-7DE25B1CB0D5}.Debug|iPhoneSimulator.Build.0 = Debug|Any CPU
		{8465BA17-C9B9-4379-B616-7DE25B1CB0D5}.Debug|x64.ActiveCfg = Debug|Any CPU
		{8465BA17-C9B9-4379-B616-7DE25B1CB0D5}.Debug|x64.Build.0 = Debug|Any CPU
		{8465BA17-C9B9-4379-B616-7DE25B1CB0D5}.Debug|x86.ActiveCfg = Debug|Any CPU
		{8465BA17-C9B9-4379-B616-7DE25B1CB0D5}.Debug|x86.Build.0 = Debug|Any CPU
		{8465BA17-C9B9-4379-B616-7DE25B1CB0D5}.Release|Any CPU.ActiveCfg = Release|Any CPU
		{8465BA17-C9B9-4379-B616-7DE25B1CB0D5}.Release|Any CPU.Build.0 = Release|Any CPU
		{8465BA17-C9B9-4379-B616-7DE25B1CB0D5}.Release|ARM.ActiveCfg = Release|Any CPU
		{8465BA17-C9B9-4379-B616-7DE25B1CB0D5}.Release|ARM.Build.0 = Release|Any CPU
		{8465BA17-C9B9-4379-B616-7DE25B1CB0D5}.Release|iPhone.ActiveCfg = Release|Any CPU
		{8465BA17-C9B9-4379-B616-7DE25B1CB0D5}.Release|iPhone.Build.0 = Release|Any CPU
		{8465BA17-C9B9-4379-B616-7DE25B1CB0D5}.Release|iPhoneSimulator.ActiveCfg = Release|Any CPU
		{8465BA17-C9B9-4379-B616-7DE25B1CB0D5}.Release|iPhoneSimulator.Build.0 = Release|Any CPU
		{8465BA17-C9B9-4379-B616-7DE25B1CB0D5}.Release|x64.ActiveCfg = Release|Any CPU
		{8465BA17-C9B9-4379-B616-7DE25B1CB0D5}.Release|x64.Build.0 = Release|Any CPU
		{8465BA17-C9B9-4379-B616-7DE25B1CB0D5}.Release|x86.ActiveCfg = Release|Any CPU
		{8465BA17-C9B9-4379-B616-7DE25B1CB0D5}.Release|x86.Build.0 = Release|Any CPU
		{0AC46EC9-EC99-4BFA-8DA9-4D9E0E9CB039}.Ad-Hoc|Any CPU.ActiveCfg = Release|Any CPU
		{0AC46EC9-EC99-4BFA-8DA9-4D9E0E9CB039}.Ad-Hoc|Any CPU.Build.0 = Release|Any CPU
		{0AC46EC9-EC99-4BFA-8DA9-4D9E0E9CB039}.Ad-Hoc|ARM.ActiveCfg = Release|Any CPU
		{0AC46EC9-EC99-4BFA-8DA9-4D9E0E9CB039}.Ad-Hoc|ARM.Build.0 = Release|Any CPU
		{0AC46EC9-EC99-4BFA-8DA9-4D9E0E9CB039}.Ad-Hoc|iPhone.ActiveCfg = Release|Any CPU
		{0AC46EC9-EC99-4BFA-8DA9-4D9E0E9CB039}.Ad-Hoc|iPhone.Build.0 = Release|Any CPU
		{0AC46EC9-EC99-4BFA-8DA9-4D9E0E9CB039}.Ad-Hoc|iPhoneSimulator.ActiveCfg = Release|Any CPU
		{0AC46EC9-EC99-4BFA-8DA9-4D9E0E9CB039}.Ad-Hoc|iPhoneSimulator.Build.0 = Release|Any CPU
		{0AC46EC9-EC99-4BFA-8DA9-4D9E0E9CB039}.Ad-Hoc|x64.ActiveCfg = Release|Any CPU
		{0AC46EC9-EC99-4BFA-8DA9-4D9E0E9CB039}.Ad-Hoc|x64.Build.0 = Release|Any CPU
		{0AC46EC9-EC99-4BFA-8DA9-4D9E0E9CB039}.Ad-Hoc|x86.ActiveCfg = Release|Any CPU
		{0AC46EC9-EC99-4BFA-8DA9-4D9E0E9CB039}.Ad-Hoc|x86.Build.0 = Release|Any CPU
		{0AC46EC9-EC99-4BFA-8DA9-4D9E0E9CB039}.AppStore|Any CPU.ActiveCfg = Release|Any CPU
		{0AC46EC9-EC99-4BFA-8DA9-4D9E0E9CB039}.AppStore|Any CPU.Build.0 = Release|Any CPU
		{0AC46EC9-EC99-4BFA-8DA9-4D9E0E9CB039}.AppStore|ARM.ActiveCfg = Release|Any CPU
		{0AC46EC9-EC99-4BFA-8DA9-4D9E0E9CB039}.AppStore|ARM.Build.0 = Release|Any CPU
		{0AC46EC9-EC99-4BFA-8DA9-4D9E0E9CB039}.AppStore|iPhone.ActiveCfg = Release|Any CPU
		{0AC46EC9-EC99-4BFA-8DA9-4D9E0E9CB039}.AppStore|iPhone.Build.0 = Release|Any CPU
		{0AC46EC9-EC99-4BFA-8DA9-4D9E0E9CB039}.AppStore|iPhoneSimulator.ActiveCfg = Release|Any CPU
		{0AC46EC9-EC99-4BFA-8DA9-4D9E0E9CB039}.AppStore|iPhoneSimulator.Build.0 = Release|Any CPU
		{0AC46EC9-EC99-4BFA-8DA9-4D9E0E9CB039}.AppStore|x64.ActiveCfg = Release|Any CPU
		{0AC46EC9-EC99-4BFA-8DA9-4D9E0E9CB039}.AppStore|x64.Build.0 = Release|Any CPU
		{0AC46EC9-EC99-4BFA-8DA9-4D9E0E9CB039}.AppStore|x86.ActiveCfg = Release|Any CPU
		{0AC46EC9-EC99-4BFA-8DA9-4D9E0E9CB039}.AppStore|x86.Build.0 = Release|Any CPU
		{0AC46EC9-EC99-4BFA-8DA9-4D9E0E9CB039}.Debug|Any CPU.ActiveCfg = Debug|Any CPU
		{0AC46EC9-EC99-4BFA-8DA9-4D9E0E9CB039}.Debug|Any CPU.Build.0 = Debug|Any CPU
		{0AC46EC9-EC99-4BFA-8DA9-4D9E0E9CB039}.Debug|ARM.ActiveCfg = Debug|Any CPU
		{0AC46EC9-EC99-4BFA-8DA9-4D9E0E9CB039}.Debug|ARM.Build.0 = Debug|Any CPU
		{0AC46EC9-EC99-4BFA-8DA9-4D9E0E9CB039}.Debug|iPhone.ActiveCfg = Debug|Any CPU
		{0AC46EC9-EC99-4BFA-8DA9-4D9E0E9CB039}.Debug|iPhone.Build.0 = Debug|Any CPU
		{0AC46EC9-EC99-4BFA-8DA9-4D9E0E9CB039}.Debug|iPhoneSimulator.ActiveCfg = Debug|Any CPU
		{0AC46EC9-EC99-4BFA-8DA9-4D9E0E9CB039}.Debug|iPhoneSimulator.Build.0 = Debug|Any CPU
		{0AC46EC9-EC99-4BFA-8DA9-4D9E0E9CB039}.Debug|x64.ActiveCfg = Debug|Any CPU
		{0AC46EC9-EC99-4BFA-8DA9-4D9E0E9CB039}.Debug|x64.Build.0 = Debug|Any CPU
		{0AC46EC9-EC99-4BFA-8DA9-4D9E0E9CB039}.Debug|x86.ActiveCfg = Debug|Any CPU
		{0AC46EC9-EC99-4BFA-8DA9-4D9E0E9CB039}.Debug|x86.Build.0 = Debug|Any CPU
		{0AC46EC9-EC99-4BFA-8DA9-4D9E0E9CB039}.Release|Any CPU.ActiveCfg = Release|Any CPU
		{0AC46EC9-EC99-4BFA-8DA9-4D9E0E9CB039}.Release|Any CPU.Build.0 = Release|Any CPU
		{0AC46EC9-EC99-4BFA-8DA9-4D9E0E9CB039}.Release|ARM.ActiveCfg = Release|Any CPU
		{0AC46EC9-EC99-4BFA-8DA9-4D9E0E9CB039}.Release|ARM.Build.0 = Release|Any CPU
		{0AC46EC9-EC99-4BFA-8DA9-4D9E0E9CB039}.Release|iPhone.ActiveCfg = Release|Any CPU
		{0AC46EC9-EC99-4BFA-8DA9-4D9E0E9CB039}.Release|iPhone.Build.0 = Release|Any CPU
		{0AC46EC9-EC99-4BFA-8DA9-4D9E0E9CB039}.Release|iPhoneSimulator.ActiveCfg = Release|Any CPU
		{0AC46EC9-EC99-4BFA-8DA9-4D9E0E9CB039}.Release|iPhoneSimulator.Build.0 = Release|Any CPU
		{0AC46EC9-EC99-4BFA-8DA9-4D9E0E9CB039}.Release|x64.ActiveCfg = Release|Any CPU
		{0AC46EC9-EC99-4BFA-8DA9-4D9E0E9CB039}.Release|x64.Build.0 = Release|Any CPU
		{0AC46EC9-EC99-4BFA-8DA9-4D9E0E9CB039}.Release|x86.ActiveCfg = Release|Any CPU
		{0AC46EC9-EC99-4BFA-8DA9-4D9E0E9CB039}.Release|x86.Build.0 = Release|Any CPU
		{4983F431-74DC-41FF-BE5B-2754E70667AF}.Ad-Hoc|Any CPU.ActiveCfg = Debug|Any CPU
		{4983F431-74DC-41FF-BE5B-2754E70667AF}.Ad-Hoc|Any CPU.Build.0 = Debug|Any CPU
		{4983F431-74DC-41FF-BE5B-2754E70667AF}.Ad-Hoc|ARM.ActiveCfg = Debug|Any CPU
		{4983F431-74DC-41FF-BE5B-2754E70667AF}.Ad-Hoc|ARM.Build.0 = Debug|Any CPU
		{4983F431-74DC-41FF-BE5B-2754E70667AF}.Ad-Hoc|iPhone.ActiveCfg = Debug|Any CPU
		{4983F431-74DC-41FF-BE5B-2754E70667AF}.Ad-Hoc|iPhone.Build.0 = Debug|Any CPU
		{4983F431-74DC-41FF-BE5B-2754E70667AF}.Ad-Hoc|iPhoneSimulator.ActiveCfg = Debug|Any CPU
		{4983F431-74DC-41FF-BE5B-2754E70667AF}.Ad-Hoc|iPhoneSimulator.Build.0 = Debug|Any CPU
		{4983F431-74DC-41FF-BE5B-2754E70667AF}.Ad-Hoc|x64.ActiveCfg = Debug|Any CPU
		{4983F431-74DC-41FF-BE5B-2754E70667AF}.Ad-Hoc|x64.Build.0 = Debug|Any CPU
		{4983F431-74DC-41FF-BE5B-2754E70667AF}.Ad-Hoc|x86.ActiveCfg = Debug|Any CPU
		{4983F431-74DC-41FF-BE5B-2754E70667AF}.Ad-Hoc|x86.Build.0 = Debug|Any CPU
		{4983F431-74DC-41FF-BE5B-2754E70667AF}.AppStore|Any CPU.ActiveCfg = Debug|Any CPU
		{4983F431-74DC-41FF-BE5B-2754E70667AF}.AppStore|Any CPU.Build.0 = Debug|Any CPU
		{4983F431-74DC-41FF-BE5B-2754E70667AF}.AppStore|ARM.ActiveCfg = Debug|Any CPU
		{4983F431-74DC-41FF-BE5B-2754E70667AF}.AppStore|ARM.Build.0 = Debug|Any CPU
		{4983F431-74DC-41FF-BE5B-2754E70667AF}.AppStore|iPhone.ActiveCfg = Debug|Any CPU
		{4983F431-74DC-41FF-BE5B-2754E70667AF}.AppStore|iPhone.Build.0 = Debug|Any CPU
		{4983F431-74DC-41FF-BE5B-2754E70667AF}.AppStore|iPhoneSimulator.ActiveCfg = Debug|Any CPU
		{4983F431-74DC-41FF-BE5B-2754E70667AF}.AppStore|iPhoneSimulator.Build.0 = Debug|Any CPU
		{4983F431-74DC-41FF-BE5B-2754E70667AF}.AppStore|x64.ActiveCfg = Debug|Any CPU
		{4983F431-74DC-41FF-BE5B-2754E70667AF}.AppStore|x64.Build.0 = Debug|Any CPU
		{4983F431-74DC-41FF-BE5B-2754E70667AF}.AppStore|x86.ActiveCfg = Debug|Any CPU
		{4983F431-74DC-41FF-BE5B-2754E70667AF}.AppStore|x86.Build.0 = Debug|Any CPU
		{4983F431-74DC-41FF-BE5B-2754E70667AF}.Debug|Any CPU.ActiveCfg = Debug|Any CPU
		{4983F431-74DC-41FF-BE5B-2754E70667AF}.Debug|Any CPU.Build.0 = Debug|Any CPU
		{4983F431-74DC-41FF-BE5B-2754E70667AF}.Debug|ARM.ActiveCfg = Debug|Any CPU
		{4983F431-74DC-41FF-BE5B-2754E70667AF}.Debug|ARM.Build.0 = Debug|Any CPU
		{4983F431-74DC-41FF-BE5B-2754E70667AF}.Debug|iPhone.ActiveCfg = Debug|Any CPU
		{4983F431-74DC-41FF-BE5B-2754E70667AF}.Debug|iPhone.Build.0 = Debug|Any CPU
		{4983F431-74DC-41FF-BE5B-2754E70667AF}.Debug|iPhoneSimulator.ActiveCfg = Debug|Any CPU
		{4983F431-74DC-41FF-BE5B-2754E70667AF}.Debug|iPhoneSimulator.Build.0 = Debug|Any CPU
		{4983F431-74DC-41FF-BE5B-2754E70667AF}.Debug|x64.ActiveCfg = Debug|Any CPU
		{4983F431-74DC-41FF-BE5B-2754E70667AF}.Debug|x64.Build.0 = Debug|Any CPU
		{4983F431-74DC-41FF-BE5B-2754E70667AF}.Debug|x86.ActiveCfg = Debug|Any CPU
		{4983F431-74DC-41FF-BE5B-2754E70667AF}.Debug|x86.Build.0 = Debug|Any CPU
		{4983F431-74DC-41FF-BE5B-2754E70667AF}.Release|Any CPU.ActiveCfg = Release|Any CPU
		{4983F431-74DC-41FF-BE5B-2754E70667AF}.Release|Any CPU.Build.0 = Release|Any CPU
		{4983F431-74DC-41FF-BE5B-2754E70667AF}.Release|ARM.ActiveCfg = Release|Any CPU
		{4983F431-74DC-41FF-BE5B-2754E70667AF}.Release|ARM.Build.0 = Release|Any CPU
		{4983F431-74DC-41FF-BE5B-2754E70667AF}.Release|iPhone.ActiveCfg = Release|Any CPU
		{4983F431-74DC-41FF-BE5B-2754E70667AF}.Release|iPhone.Build.0 = Release|Any CPU
		{4983F431-74DC-41FF-BE5B-2754E70667AF}.Release|iPhoneSimulator.ActiveCfg = Release|Any CPU
		{4983F431-74DC-41FF-BE5B-2754E70667AF}.Release|iPhoneSimulator.Build.0 = Release|Any CPU
		{4983F431-74DC-41FF-BE5B-2754E70667AF}.Release|x64.ActiveCfg = Release|Any CPU
		{4983F431-74DC-41FF-BE5B-2754E70667AF}.Release|x64.Build.0 = Release|Any CPU
		{4983F431-74DC-41FF-BE5B-2754E70667AF}.Release|x86.ActiveCfg = Release|Any CPU
		{4983F431-74DC-41FF-BE5B-2754E70667AF}.Release|x86.Build.0 = Release|Any CPU
		{D99DBEA0-7E81-4557-BA85-EEDEB8BBA2BD}.Ad-Hoc|Any CPU.ActiveCfg = Release|Any CPU
		{D99DBEA0-7E81-4557-BA85-EEDEB8BBA2BD}.Ad-Hoc|Any CPU.Build.0 = Release|Any CPU
		{D99DBEA0-7E81-4557-BA85-EEDEB8BBA2BD}.Ad-Hoc|ARM.ActiveCfg = Release|Any CPU
		{D99DBEA0-7E81-4557-BA85-EEDEB8BBA2BD}.Ad-Hoc|ARM.Build.0 = Release|Any CPU
		{D99DBEA0-7E81-4557-BA85-EEDEB8BBA2BD}.Ad-Hoc|iPhone.ActiveCfg = Release|Any CPU
		{D99DBEA0-7E81-4557-BA85-EEDEB8BBA2BD}.Ad-Hoc|iPhone.Build.0 = Release|Any CPU
		{D99DBEA0-7E81-4557-BA85-EEDEB8BBA2BD}.Ad-Hoc|iPhoneSimulator.ActiveCfg = Release|Any CPU
		{D99DBEA0-7E81-4557-BA85-EEDEB8BBA2BD}.Ad-Hoc|iPhoneSimulator.Build.0 = Release|Any CPU
		{D99DBEA0-7E81-4557-BA85-EEDEB8BBA2BD}.Ad-Hoc|x64.ActiveCfg = Release|Any CPU
		{D99DBEA0-7E81-4557-BA85-EEDEB8BBA2BD}.Ad-Hoc|x64.Build.0 = Release|Any CPU
		{D99DBEA0-7E81-4557-BA85-EEDEB8BBA2BD}.Ad-Hoc|x86.ActiveCfg = Release|Any CPU
		{D99DBEA0-7E81-4557-BA85-EEDEB8BBA2BD}.Ad-Hoc|x86.Build.0 = Release|Any CPU
		{D99DBEA0-7E81-4557-BA85-EEDEB8BBA2BD}.AppStore|Any CPU.ActiveCfg = Release|Any CPU
		{D99DBEA0-7E81-4557-BA85-EEDEB8BBA2BD}.AppStore|Any CPU.Build.0 = Release|Any CPU
		{D99DBEA0-7E81-4557-BA85-EEDEB8BBA2BD}.AppStore|ARM.ActiveCfg = Release|Any CPU
		{D99DBEA0-7E81-4557-BA85-EEDEB8BBA2BD}.AppStore|ARM.Build.0 = Release|Any CPU
		{D99DBEA0-7E81-4557-BA85-EEDEB8BBA2BD}.AppStore|iPhone.ActiveCfg = Release|Any CPU
		{D99DBEA0-7E81-4557-BA85-EEDEB8BBA2BD}.AppStore|iPhone.Build.0 = Release|Any CPU
		{D99DBEA0-7E81-4557-BA85-EEDEB8BBA2BD}.AppStore|iPhoneSimulator.ActiveCfg = Release|Any CPU
		{D99DBEA0-7E81-4557-BA85-EEDEB8BBA2BD}.AppStore|iPhoneSimulator.Build.0 = Release|Any CPU
		{D99DBEA0-7E81-4557-BA85-EEDEB8BBA2BD}.AppStore|x64.ActiveCfg = Release|Any CPU
		{D99DBEA0-7E81-4557-BA85-EEDEB8BBA2BD}.AppStore|x64.Build.0 = Release|Any CPU
		{D99DBEA0-7E81-4557-BA85-EEDEB8BBA2BD}.AppStore|x86.ActiveCfg = Release|Any CPU
		{D99DBEA0-7E81-4557-BA85-EEDEB8BBA2BD}.AppStore|x86.Build.0 = Release|Any CPU
		{D99DBEA0-7E81-4557-BA85-EEDEB8BBA2BD}.Debug|Any CPU.ActiveCfg = Debug|Any CPU
		{D99DBEA0-7E81-4557-BA85-EEDEB8BBA2BD}.Debug|Any CPU.Build.0 = Debug|Any CPU
		{D99DBEA0-7E81-4557-BA85-EEDEB8BBA2BD}.Debug|ARM.ActiveCfg = Debug|Any CPU
		{D99DBEA0-7E81-4557-BA85-EEDEB8BBA2BD}.Debug|ARM.Build.0 = Debug|Any CPU
		{D99DBEA0-7E81-4557-BA85-EEDEB8BBA2BD}.Debug|iPhone.ActiveCfg = Debug|Any CPU
		{D99DBEA0-7E81-4557-BA85-EEDEB8BBA2BD}.Debug|iPhone.Build.0 = Debug|Any CPU
		{D99DBEA0-7E81-4557-BA85-EEDEB8BBA2BD}.Debug|iPhoneSimulator.ActiveCfg = Debug|Any CPU
		{D99DBEA0-7E81-4557-BA85-EEDEB8BBA2BD}.Debug|iPhoneSimulator.Build.0 = Debug|Any CPU
		{D99DBEA0-7E81-4557-BA85-EEDEB8BBA2BD}.Debug|x64.ActiveCfg = Debug|Any CPU
		{D99DBEA0-7E81-4557-BA85-EEDEB8BBA2BD}.Debug|x64.Build.0 = Debug|Any CPU
		{D99DBEA0-7E81-4557-BA85-EEDEB8BBA2BD}.Debug|x86.ActiveCfg = Debug|Any CPU
		{D99DBEA0-7E81-4557-BA85-EEDEB8BBA2BD}.Debug|x86.Build.0 = Debug|Any CPU
		{D99DBEA0-7E81-4557-BA85-EEDEB8BBA2BD}.Release|Any CPU.ActiveCfg = Release|Any CPU
		{D99DBEA0-7E81-4557-BA85-EEDEB8BBA2BD}.Release|Any CPU.Build.0 = Release|Any CPU
		{D99DBEA0-7E81-4557-BA85-EEDEB8BBA2BD}.Release|ARM.ActiveCfg = Release|Any CPU
		{D99DBEA0-7E81-4557-BA85-EEDEB8BBA2BD}.Release|ARM.Build.0 = Release|Any CPU
		{D99DBEA0-7E81-4557-BA85-EEDEB8BBA2BD}.Release|iPhone.ActiveCfg = Release|Any CPU
		{D99DBEA0-7E81-4557-BA85-EEDEB8BBA2BD}.Release|iPhone.Build.0 = Release|Any CPU
		{D99DBEA0-7E81-4557-BA85-EEDEB8BBA2BD}.Release|iPhoneSimulator.ActiveCfg = Release|Any CPU
		{D99DBEA0-7E81-4557-BA85-EEDEB8BBA2BD}.Release|iPhoneSimulator.Build.0 = Release|Any CPU
		{D99DBEA0-7E81-4557-BA85-EEDEB8BBA2BD}.Release|x64.ActiveCfg = Release|Any CPU
		{D99DBEA0-7E81-4557-BA85-EEDEB8BBA2BD}.Release|x64.Build.0 = Release|Any CPU
		{D99DBEA0-7E81-4557-BA85-EEDEB8BBA2BD}.Release|x86.ActiveCfg = Release|Any CPU
		{D99DBEA0-7E81-4557-BA85-EEDEB8BBA2BD}.Release|x86.Build.0 = Release|Any CPU
		{187A670C-93D3-469C-B4B9-F3DB30B93217}.Ad-Hoc|Any CPU.ActiveCfg = Debug|Any CPU
		{187A670C-93D3-469C-B4B9-F3DB30B93217}.Ad-Hoc|Any CPU.Build.0 = Debug|Any CPU
		{187A670C-93D3-469C-B4B9-F3DB30B93217}.Ad-Hoc|ARM.ActiveCfg = Debug|Any CPU
		{187A670C-93D3-469C-B4B9-F3DB30B93217}.Ad-Hoc|ARM.Build.0 = Debug|Any CPU
		{187A670C-93D3-469C-B4B9-F3DB30B93217}.Ad-Hoc|iPhone.ActiveCfg = Debug|Any CPU
		{187A670C-93D3-469C-B4B9-F3DB30B93217}.Ad-Hoc|iPhone.Build.0 = Debug|Any CPU
		{187A670C-93D3-469C-B4B9-F3DB30B93217}.Ad-Hoc|iPhoneSimulator.ActiveCfg = Debug|Any CPU
		{187A670C-93D3-469C-B4B9-F3DB30B93217}.Ad-Hoc|iPhoneSimulator.Build.0 = Debug|Any CPU
		{187A670C-93D3-469C-B4B9-F3DB30B93217}.Ad-Hoc|x64.ActiveCfg = Debug|Any CPU
		{187A670C-93D3-469C-B4B9-F3DB30B93217}.Ad-Hoc|x64.Build.0 = Debug|Any CPU
		{187A670C-93D3-469C-B4B9-F3DB30B93217}.Ad-Hoc|x86.ActiveCfg = Debug|Any CPU
		{187A670C-93D3-469C-B4B9-F3DB30B93217}.Ad-Hoc|x86.Build.0 = Debug|Any CPU
		{187A670C-93D3-469C-B4B9-F3DB30B93217}.AppStore|Any CPU.ActiveCfg = Debug|Any CPU
		{187A670C-93D3-469C-B4B9-F3DB30B93217}.AppStore|Any CPU.Build.0 = Debug|Any CPU
		{187A670C-93D3-469C-B4B9-F3DB30B93217}.AppStore|ARM.ActiveCfg = Debug|Any CPU
		{187A670C-93D3-469C-B4B9-F3DB30B93217}.AppStore|ARM.Build.0 = Debug|Any CPU
		{187A670C-93D3-469C-B4B9-F3DB30B93217}.AppStore|iPhone.ActiveCfg = Debug|Any CPU
		{187A670C-93D3-469C-B4B9-F3DB30B93217}.AppStore|iPhone.Build.0 = Debug|Any CPU
		{187A670C-93D3-469C-B4B9-F3DB30B93217}.AppStore|iPhoneSimulator.ActiveCfg = Debug|Any CPU
		{187A670C-93D3-469C-B4B9-F3DB30B93217}.AppStore|iPhoneSimulator.Build.0 = Debug|Any CPU
		{187A670C-93D3-469C-B4B9-F3DB30B93217}.AppStore|x64.ActiveCfg = Debug|Any CPU
		{187A670C-93D3-469C-B4B9-F3DB30B93217}.AppStore|x64.Build.0 = Debug|Any CPU
		{187A670C-93D3-469C-B4B9-F3DB30B93217}.AppStore|x86.ActiveCfg = Debug|Any CPU
		{187A670C-93D3-469C-B4B9-F3DB30B93217}.AppStore|x86.Build.0 = Debug|Any CPU
		{187A670C-93D3-469C-B4B9-F3DB30B93217}.Debug|Any CPU.ActiveCfg = Debug|Any CPU
		{187A670C-93D3-469C-B4B9-F3DB30B93217}.Debug|Any CPU.Build.0 = Debug|Any CPU
		{187A670C-93D3-469C-B4B9-F3DB30B93217}.Debug|ARM.ActiveCfg = Debug|Any CPU
		{187A670C-93D3-469C-B4B9-F3DB30B93217}.Debug|ARM.Build.0 = Debug|Any CPU
		{187A670C-93D3-469C-B4B9-F3DB30B93217}.Debug|iPhone.ActiveCfg = Debug|Any CPU
		{187A670C-93D3-469C-B4B9-F3DB30B93217}.Debug|iPhone.Build.0 = Debug|Any CPU
		{187A670C-93D3-469C-B4B9-F3DB30B93217}.Debug|iPhoneSimulator.ActiveCfg = Debug|Any CPU
		{187A670C-93D3-469C-B4B9-F3DB30B93217}.Debug|iPhoneSimulator.Build.0 = Debug|Any CPU
		{187A670C-93D3-469C-B4B9-F3DB30B93217}.Debug|x64.ActiveCfg = Debug|Any CPU
		{187A670C-93D3-469C-B4B9-F3DB30B93217}.Debug|x64.Build.0 = Debug|Any CPU
		{187A670C-93D3-469C-B4B9-F3DB30B93217}.Debug|x86.ActiveCfg = Debug|Any CPU
		{187A670C-93D3-469C-B4B9-F3DB30B93217}.Debug|x86.Build.0 = Debug|Any CPU
		{187A670C-93D3-469C-B4B9-F3DB30B93217}.Release|Any CPU.ActiveCfg = Release|Any CPU
		{187A670C-93D3-469C-B4B9-F3DB30B93217}.Release|Any CPU.Build.0 = Release|Any CPU
		{187A670C-93D3-469C-B4B9-F3DB30B93217}.Release|ARM.ActiveCfg = Release|Any CPU
		{187A670C-93D3-469C-B4B9-F3DB30B93217}.Release|ARM.Build.0 = Release|Any CPU
		{187A670C-93D3-469C-B4B9-F3DB30B93217}.Release|iPhone.ActiveCfg = Release|Any CPU
		{187A670C-93D3-469C-B4B9-F3DB30B93217}.Release|iPhone.Build.0 = Release|Any CPU
		{187A670C-93D3-469C-B4B9-F3DB30B93217}.Release|iPhoneSimulator.ActiveCfg = Release|Any CPU
		{187A670C-93D3-469C-B4B9-F3DB30B93217}.Release|iPhoneSimulator.Build.0 = Release|Any CPU
		{187A670C-93D3-469C-B4B9-F3DB30B93217}.Release|x64.ActiveCfg = Release|Any CPU
		{187A670C-93D3-469C-B4B9-F3DB30B93217}.Release|x64.Build.0 = Release|Any CPU
		{187A670C-93D3-469C-B4B9-F3DB30B93217}.Release|x86.ActiveCfg = Release|Any CPU
		{187A670C-93D3-469C-B4B9-F3DB30B93217}.Release|x86.Build.0 = Release|Any CPU
		{7D0C2B1A-E497-42BC-BD96-6F66772CEB52}.Ad-Hoc|Any CPU.ActiveCfg = Release|Any CPU
		{7D0C2B1A-E497-42BC-BD96-6F66772CEB52}.Ad-Hoc|Any CPU.Build.0 = Release|Any CPU
		{7D0C2B1A-E497-42BC-BD96-6F66772CEB52}.Ad-Hoc|ARM.ActiveCfg = Release|Any CPU
		{7D0C2B1A-E497-42BC-BD96-6F66772CEB52}.Ad-Hoc|ARM.Build.0 = Release|Any CPU
		{7D0C2B1A-E497-42BC-BD96-6F66772CEB52}.Ad-Hoc|iPhone.ActiveCfg = Release|Any CPU
		{7D0C2B1A-E497-42BC-BD96-6F66772CEB52}.Ad-Hoc|iPhone.Build.0 = Release|Any CPU
		{7D0C2B1A-E497-42BC-BD96-6F66772CEB52}.Ad-Hoc|iPhoneSimulator.ActiveCfg = Release|Any CPU
		{7D0C2B1A-E497-42BC-BD96-6F66772CEB52}.Ad-Hoc|iPhoneSimulator.Build.0 = Release|Any CPU
		{7D0C2B1A-E497-42BC-BD96-6F66772CEB52}.Ad-Hoc|x64.ActiveCfg = Release|Any CPU
		{7D0C2B1A-E497-42BC-BD96-6F66772CEB52}.Ad-Hoc|x64.Build.0 = Release|Any CPU
		{7D0C2B1A-E497-42BC-BD96-6F66772CEB52}.Ad-Hoc|x86.ActiveCfg = Release|Any CPU
		{7D0C2B1A-E497-42BC-BD96-6F66772CEB52}.Ad-Hoc|x86.Build.0 = Release|Any CPU
		{7D0C2B1A-E497-42BC-BD96-6F66772CEB52}.AppStore|Any CPU.ActiveCfg = Release|Any CPU
		{7D0C2B1A-E497-42BC-BD96-6F66772CEB52}.AppStore|Any CPU.Build.0 = Release|Any CPU
		{7D0C2B1A-E497-42BC-BD96-6F66772CEB52}.AppStore|ARM.ActiveCfg = Release|Any CPU
		{7D0C2B1A-E497-42BC-BD96-6F66772CEB52}.AppStore|ARM.Build.0 = Release|Any CPU
		{7D0C2B1A-E497-42BC-BD96-6F66772CEB52}.AppStore|iPhone.ActiveCfg = Release|Any CPU
		{7D0C2B1A-E497-42BC-BD96-6F66772CEB52}.AppStore|iPhone.Build.0 = Release|Any CPU
		{7D0C2B1A-E497-42BC-BD96-6F66772CEB52}.AppStore|iPhoneSimulator.ActiveCfg = Release|Any CPU
		{7D0C2B1A-E497-42BC-BD96-6F66772CEB52}.AppStore|iPhoneSimulator.Build.0 = Release|Any CPU
		{7D0C2B1A-E497-42BC-BD96-6F66772CEB52}.AppStore|x64.ActiveCfg = Release|Any CPU
		{7D0C2B1A-E497-42BC-BD96-6F66772CEB52}.AppStore|x64.Build.0 = Release|Any CPU
		{7D0C2B1A-E497-42BC-BD96-6F66772CEB52}.AppStore|x86.ActiveCfg = Release|Any CPU
		{7D0C2B1A-E497-42BC-BD96-6F66772CEB52}.AppStore|x86.Build.0 = Release|Any CPU
		{7D0C2B1A-E497-42BC-BD96-6F66772CEB52}.Debug|Any CPU.ActiveCfg = Debug|Any CPU
		{7D0C2B1A-E497-42BC-BD96-6F66772CEB52}.Debug|Any CPU.Build.0 = Debug|Any CPU
		{7D0C2B1A-E497-42BC-BD96-6F66772CEB52}.Debug|ARM.ActiveCfg = Debug|Any CPU
		{7D0C2B1A-E497-42BC-BD96-6F66772CEB52}.Debug|ARM.Build.0 = Debug|Any CPU
		{7D0C2B1A-E497-42BC-BD96-6F66772CEB52}.Debug|iPhone.ActiveCfg = Debug|Any CPU
		{7D0C2B1A-E497-42BC-BD96-6F66772CEB52}.Debug|iPhone.Build.0 = Debug|Any CPU
		{7D0C2B1A-E497-42BC-BD96-6F66772CEB52}.Debug|iPhoneSimulator.ActiveCfg = Debug|Any CPU
		{7D0C2B1A-E497-42BC-BD96-6F66772CEB52}.Debug|iPhoneSimulator.Build.0 = Debug|Any CPU
		{7D0C2B1A-E497-42BC-BD96-6F66772CEB52}.Debug|x64.ActiveCfg = Debug|Any CPU
		{7D0C2B1A-E497-42BC-BD96-6F66772CEB52}.Debug|x64.Build.0 = Debug|Any CPU
		{7D0C2B1A-E497-42BC-BD96-6F66772CEB52}.Debug|x86.ActiveCfg = Debug|Any CPU
		{7D0C2B1A-E497-42BC-BD96-6F66772CEB52}.Debug|x86.Build.0 = Debug|Any CPU
		{7D0C2B1A-E497-42BC-BD96-6F66772CEB52}.Release|Any CPU.ActiveCfg = Release|Any CPU
		{7D0C2B1A-E497-42BC-BD96-6F66772CEB52}.Release|Any CPU.Build.0 = Release|Any CPU
		{7D0C2B1A-E497-42BC-BD96-6F66772CEB52}.Release|ARM.ActiveCfg = Release|Any CPU
		{7D0C2B1A-E497-42BC-BD96-6F66772CEB52}.Release|ARM.Build.0 = Release|Any CPU
		{7D0C2B1A-E497-42BC-BD96-6F66772CEB52}.Release|iPhone.ActiveCfg = Release|Any CPU
		{7D0C2B1A-E497-42BC-BD96-6F66772CEB52}.Release|iPhone.Build.0 = Release|Any CPU
		{7D0C2B1A-E497-42BC-BD96-6F66772CEB52}.Release|iPhoneSimulator.ActiveCfg = Release|Any CPU
		{7D0C2B1A-E497-42BC-BD96-6F66772CEB52}.Release|iPhoneSimulator.Build.0 = Release|Any CPU
		{7D0C2B1A-E497-42BC-BD96-6F66772CEB52}.Release|x64.ActiveCfg = Release|Any CPU
		{7D0C2B1A-E497-42BC-BD96-6F66772CEB52}.Release|x64.Build.0 = Release|Any CPU
		{7D0C2B1A-E497-42BC-BD96-6F66772CEB52}.Release|x86.ActiveCfg = Release|Any CPU
		{7D0C2B1A-E497-42BC-BD96-6F66772CEB52}.Release|x86.Build.0 = Release|Any CPU
		{8E5A58BE-1354-45D9-BE27-B61592EC16F4}.Ad-Hoc|Any CPU.ActiveCfg = Release|Any CPU
		{8E5A58BE-1354-45D9-BE27-B61592EC16F4}.Ad-Hoc|Any CPU.Build.0 = Release|Any CPU
		{8E5A58BE-1354-45D9-BE27-B61592EC16F4}.Ad-Hoc|ARM.ActiveCfg = Release|Any CPU
		{8E5A58BE-1354-45D9-BE27-B61592EC16F4}.Ad-Hoc|ARM.Build.0 = Release|Any CPU
		{8E5A58BE-1354-45D9-BE27-B61592EC16F4}.Ad-Hoc|iPhone.ActiveCfg = Release|Any CPU
		{8E5A58BE-1354-45D9-BE27-B61592EC16F4}.Ad-Hoc|iPhone.Build.0 = Release|Any CPU
		{8E5A58BE-1354-45D9-BE27-B61592EC16F4}.Ad-Hoc|iPhoneSimulator.ActiveCfg = Release|Any CPU
		{8E5A58BE-1354-45D9-BE27-B61592EC16F4}.Ad-Hoc|iPhoneSimulator.Build.0 = Release|Any CPU
		{8E5A58BE-1354-45D9-BE27-B61592EC16F4}.Ad-Hoc|x64.ActiveCfg = Release|Any CPU
		{8E5A58BE-1354-45D9-BE27-B61592EC16F4}.Ad-Hoc|x64.Build.0 = Release|Any CPU
		{8E5A58BE-1354-45D9-BE27-B61592EC16F4}.Ad-Hoc|x86.ActiveCfg = Release|Any CPU
		{8E5A58BE-1354-45D9-BE27-B61592EC16F4}.Ad-Hoc|x86.Build.0 = Release|Any CPU
		{8E5A58BE-1354-45D9-BE27-B61592EC16F4}.AppStore|Any CPU.ActiveCfg = Release|Any CPU
		{8E5A58BE-1354-45D9-BE27-B61592EC16F4}.AppStore|Any CPU.Build.0 = Release|Any CPU
		{8E5A58BE-1354-45D9-BE27-B61592EC16F4}.AppStore|ARM.ActiveCfg = Release|Any CPU
		{8E5A58BE-1354-45D9-BE27-B61592EC16F4}.AppStore|ARM.Build.0 = Release|Any CPU
		{8E5A58BE-1354-45D9-BE27-B61592EC16F4}.AppStore|iPhone.ActiveCfg = Release|Any CPU
		{8E5A58BE-1354-45D9-BE27-B61592EC16F4}.AppStore|iPhone.Build.0 = Release|Any CPU
		{8E5A58BE-1354-45D9-BE27-B61592EC16F4}.AppStore|iPhoneSimulator.ActiveCfg = Release|Any CPU
		{8E5A58BE-1354-45D9-BE27-B61592EC16F4}.AppStore|iPhoneSimulator.Build.0 = Release|Any CPU
		{8E5A58BE-1354-45D9-BE27-B61592EC16F4}.AppStore|x64.ActiveCfg = Release|Any CPU
		{8E5A58BE-1354-45D9-BE27-B61592EC16F4}.AppStore|x64.Build.0 = Release|Any CPU
		{8E5A58BE-1354-45D9-BE27-B61592EC16F4}.AppStore|x86.ActiveCfg = Release|Any CPU
		{8E5A58BE-1354-45D9-BE27-B61592EC16F4}.AppStore|x86.Build.0 = Release|Any CPU
		{8E5A58BE-1354-45D9-BE27-B61592EC16F4}.Debug|Any CPU.ActiveCfg = Debug|Any CPU
		{8E5A58BE-1354-45D9-BE27-B61592EC16F4}.Debug|Any CPU.Build.0 = Debug|Any CPU
		{8E5A58BE-1354-45D9-BE27-B61592EC16F4}.Debug|ARM.ActiveCfg = Debug|Any CPU
		{8E5A58BE-1354-45D9-BE27-B61592EC16F4}.Debug|ARM.Build.0 = Debug|Any CPU
		{8E5A58BE-1354-45D9-BE27-B61592EC16F4}.Debug|iPhone.ActiveCfg = Debug|Any CPU
		{8E5A58BE-1354-45D9-BE27-B61592EC16F4}.Debug|iPhone.Build.0 = Debug|Any CPU
		{8E5A58BE-1354-45D9-BE27-B61592EC16F4}.Debug|iPhoneSimulator.ActiveCfg = Debug|Any CPU
		{8E5A58BE-1354-45D9-BE27-B61592EC16F4}.Debug|iPhoneSimulator.Build.0 = Debug|Any CPU
		{8E5A58BE-1354-45D9-BE27-B61592EC16F4}.Debug|x64.ActiveCfg = Debug|Any CPU
		{8E5A58BE-1354-45D9-BE27-B61592EC16F4}.Debug|x64.Build.0 = Debug|Any CPU
		{8E5A58BE-1354-45D9-BE27-B61592EC16F4}.Debug|x86.ActiveCfg = Debug|Any CPU
		{8E5A58BE-1354-45D9-BE27-B61592EC16F4}.Debug|x86.Build.0 = Debug|Any CPU
		{8E5A58BE-1354-45D9-BE27-B61592EC16F4}.Release|Any CPU.ActiveCfg = Release|Any CPU
		{8E5A58BE-1354-45D9-BE27-B61592EC16F4}.Release|Any CPU.Build.0 = Release|Any CPU
		{8E5A58BE-1354-45D9-BE27-B61592EC16F4}.Release|ARM.ActiveCfg = Release|Any CPU
		{8E5A58BE-1354-45D9-BE27-B61592EC16F4}.Release|ARM.Build.0 = Release|Any CPU
		{8E5A58BE-1354-45D9-BE27-B61592EC16F4}.Release|iPhone.ActiveCfg = Release|Any CPU
		{8E5A58BE-1354-45D9-BE27-B61592EC16F4}.Release|iPhone.Build.0 = Release|Any CPU
		{8E5A58BE-1354-45D9-BE27-B61592EC16F4}.Release|iPhoneSimulator.ActiveCfg = Release|Any CPU
		{8E5A58BE-1354-45D9-BE27-B61592EC16F4}.Release|iPhoneSimulator.Build.0 = Release|Any CPU
		{8E5A58BE-1354-45D9-BE27-B61592EC16F4}.Release|x64.ActiveCfg = Release|Any CPU
		{8E5A58BE-1354-45D9-BE27-B61592EC16F4}.Release|x64.Build.0 = Release|Any CPU
		{8E5A58BE-1354-45D9-BE27-B61592EC16F4}.Release|x86.ActiveCfg = Release|Any CPU
		{8E5A58BE-1354-45D9-BE27-B61592EC16F4}.Release|x86.Build.0 = Release|Any CPU
		{6066B0B7-D717-4939-914B-6E266B4E6CBD}.Ad-Hoc|Any CPU.ActiveCfg = Debug|Any CPU
		{6066B0B7-D717-4939-914B-6E266B4E6CBD}.Ad-Hoc|Any CPU.Build.0 = Debug|Any CPU
		{6066B0B7-D717-4939-914B-6E266B4E6CBD}.Ad-Hoc|ARM.ActiveCfg = Debug|Any CPU
		{6066B0B7-D717-4939-914B-6E266B4E6CBD}.Ad-Hoc|ARM.Build.0 = Debug|Any CPU
		{6066B0B7-D717-4939-914B-6E266B4E6CBD}.Ad-Hoc|iPhone.ActiveCfg = Debug|Any CPU
		{6066B0B7-D717-4939-914B-6E266B4E6CBD}.Ad-Hoc|iPhone.Build.0 = Debug|Any CPU
		{6066B0B7-D717-4939-914B-6E266B4E6CBD}.Ad-Hoc|iPhoneSimulator.ActiveCfg = Debug|Any CPU
		{6066B0B7-D717-4939-914B-6E266B4E6CBD}.Ad-Hoc|iPhoneSimulator.Build.0 = Debug|Any CPU
		{6066B0B7-D717-4939-914B-6E266B4E6CBD}.Ad-Hoc|x64.ActiveCfg = Debug|Any CPU
		{6066B0B7-D717-4939-914B-6E266B4E6CBD}.Ad-Hoc|x64.Build.0 = Debug|Any CPU
		{6066B0B7-D717-4939-914B-6E266B4E6CBD}.Ad-Hoc|x86.ActiveCfg = Debug|Any CPU
		{6066B0B7-D717-4939-914B-6E266B4E6CBD}.Ad-Hoc|x86.Build.0 = Debug|Any CPU
		{6066B0B7-D717-4939-914B-6E266B4E6CBD}.AppStore|Any CPU.ActiveCfg = Debug|Any CPU
		{6066B0B7-D717-4939-914B-6E266B4E6CBD}.AppStore|Any CPU.Build.0 = Debug|Any CPU
		{6066B0B7-D717-4939-914B-6E266B4E6CBD}.AppStore|ARM.ActiveCfg = Debug|Any CPU
		{6066B0B7-D717-4939-914B-6E266B4E6CBD}.AppStore|ARM.Build.0 = Debug|Any CPU
		{6066B0B7-D717-4939-914B-6E266B4E6CBD}.AppStore|iPhone.ActiveCfg = Debug|Any CPU
		{6066B0B7-D717-4939-914B-6E266B4E6CBD}.AppStore|iPhone.Build.0 = Debug|Any CPU
		{6066B0B7-D717-4939-914B-6E266B4E6CBD}.AppStore|iPhoneSimulator.ActiveCfg = Debug|Any CPU
		{6066B0B7-D717-4939-914B-6E266B4E6CBD}.AppStore|iPhoneSimulator.Build.0 = Debug|Any CPU
		{6066B0B7-D717-4939-914B-6E266B4E6CBD}.AppStore|x64.ActiveCfg = Debug|Any CPU
		{6066B0B7-D717-4939-914B-6E266B4E6CBD}.AppStore|x64.Build.0 = Debug|Any CPU
		{6066B0B7-D717-4939-914B-6E266B4E6CBD}.AppStore|x86.ActiveCfg = Debug|Any CPU
		{6066B0B7-D717-4939-914B-6E266B4E6CBD}.AppStore|x86.Build.0 = Debug|Any CPU
		{6066B0B7-D717-4939-914B-6E266B4E6CBD}.Debug|Any CPU.ActiveCfg = Debug|Any CPU
		{6066B0B7-D717-4939-914B-6E266B4E6CBD}.Debug|Any CPU.Build.0 = Debug|Any CPU
		{6066B0B7-D717-4939-914B-6E266B4E6CBD}.Debug|ARM.ActiveCfg = Debug|Any CPU
		{6066B0B7-D717-4939-914B-6E266B4E6CBD}.Debug|ARM.Build.0 = Debug|Any CPU
		{6066B0B7-D717-4939-914B-6E266B4E6CBD}.Debug|iPhone.ActiveCfg = Debug|Any CPU
		{6066B0B7-D717-4939-914B-6E266B4E6CBD}.Debug|iPhone.Build.0 = Debug|Any CPU
		{6066B0B7-D717-4939-914B-6E266B4E6CBD}.Debug|iPhoneSimulator.ActiveCfg = Debug|Any CPU
		{6066B0B7-D717-4939-914B-6E266B4E6CBD}.Debug|iPhoneSimulator.Build.0 = Debug|Any CPU
		{6066B0B7-D717-4939-914B-6E266B4E6CBD}.Debug|x64.ActiveCfg = Debug|Any CPU
		{6066B0B7-D717-4939-914B-6E266B4E6CBD}.Debug|x64.Build.0 = Debug|Any CPU
		{6066B0B7-D717-4939-914B-6E266B4E6CBD}.Debug|x86.ActiveCfg = Debug|Any CPU
		{6066B0B7-D717-4939-914B-6E266B4E6CBD}.Debug|x86.Build.0 = Debug|Any CPU
		{6066B0B7-D717-4939-914B-6E266B4E6CBD}.Release|Any CPU.ActiveCfg = Release|Any CPU
		{6066B0B7-D717-4939-914B-6E266B4E6CBD}.Release|Any CPU.Build.0 = Release|Any CPU
		{6066B0B7-D717-4939-914B-6E266B4E6CBD}.Release|ARM.ActiveCfg = Release|Any CPU
		{6066B0B7-D717-4939-914B-6E266B4E6CBD}.Release|ARM.Build.0 = Release|Any CPU
		{6066B0B7-D717-4939-914B-6E266B4E6CBD}.Release|iPhone.ActiveCfg = Release|Any CPU
		{6066B0B7-D717-4939-914B-6E266B4E6CBD}.Release|iPhone.Build.0 = Release|Any CPU
		{6066B0B7-D717-4939-914B-6E266B4E6CBD}.Release|iPhoneSimulator.ActiveCfg = Release|Any CPU
		{6066B0B7-D717-4939-914B-6E266B4E6CBD}.Release|iPhoneSimulator.Build.0 = Release|Any CPU
		{6066B0B7-D717-4939-914B-6E266B4E6CBD}.Release|x64.ActiveCfg = Release|Any CPU
		{6066B0B7-D717-4939-914B-6E266B4E6CBD}.Release|x64.Build.0 = Release|Any CPU
		{6066B0B7-D717-4939-914B-6E266B4E6CBD}.Release|x86.ActiveCfg = Release|Any CPU
		{6066B0B7-D717-4939-914B-6E266B4E6CBD}.Release|x86.Build.0 = Release|Any CPU
		{73611822-03EB-4D3B-9564-638DCAD89938}.Ad-Hoc|Any CPU.ActiveCfg = Release|Any CPU
		{73611822-03EB-4D3B-9564-638DCAD89938}.Ad-Hoc|Any CPU.Build.0 = Release|Any CPU
		{73611822-03EB-4D3B-9564-638DCAD89938}.Ad-Hoc|ARM.ActiveCfg = Release|Any CPU
		{73611822-03EB-4D3B-9564-638DCAD89938}.Ad-Hoc|ARM.Build.0 = Release|Any CPU
		{73611822-03EB-4D3B-9564-638DCAD89938}.Ad-Hoc|iPhone.ActiveCfg = Release|Any CPU
		{73611822-03EB-4D3B-9564-638DCAD89938}.Ad-Hoc|iPhone.Build.0 = Release|Any CPU
		{73611822-03EB-4D3B-9564-638DCAD89938}.Ad-Hoc|iPhoneSimulator.ActiveCfg = Release|Any CPU
		{73611822-03EB-4D3B-9564-638DCAD89938}.Ad-Hoc|iPhoneSimulator.Build.0 = Release|Any CPU
		{73611822-03EB-4D3B-9564-638DCAD89938}.Ad-Hoc|x64.ActiveCfg = Release|Any CPU
		{73611822-03EB-4D3B-9564-638DCAD89938}.Ad-Hoc|x64.Build.0 = Release|Any CPU
		{73611822-03EB-4D3B-9564-638DCAD89938}.Ad-Hoc|x86.ActiveCfg = Release|Any CPU
		{73611822-03EB-4D3B-9564-638DCAD89938}.Ad-Hoc|x86.Build.0 = Release|Any CPU
		{73611822-03EB-4D3B-9564-638DCAD89938}.AppStore|Any CPU.ActiveCfg = Release|Any CPU
		{73611822-03EB-4D3B-9564-638DCAD89938}.AppStore|Any CPU.Build.0 = Release|Any CPU
		{73611822-03EB-4D3B-9564-638DCAD89938}.AppStore|ARM.ActiveCfg = Release|Any CPU
		{73611822-03EB-4D3B-9564-638DCAD89938}.AppStore|ARM.Build.0 = Release|Any CPU
		{73611822-03EB-4D3B-9564-638DCAD89938}.AppStore|iPhone.ActiveCfg = Release|Any CPU
		{73611822-03EB-4D3B-9564-638DCAD89938}.AppStore|iPhone.Build.0 = Release|Any CPU
		{73611822-03EB-4D3B-9564-638DCAD89938}.AppStore|iPhoneSimulator.ActiveCfg = Release|Any CPU
		{73611822-03EB-4D3B-9564-638DCAD89938}.AppStore|iPhoneSimulator.Build.0 = Release|Any CPU
		{73611822-03EB-4D3B-9564-638DCAD89938}.AppStore|x64.ActiveCfg = Release|Any CPU
		{73611822-03EB-4D3B-9564-638DCAD89938}.AppStore|x64.Build.0 = Release|Any CPU
		{73611822-03EB-4D3B-9564-638DCAD89938}.AppStore|x86.ActiveCfg = Release|Any CPU
		{73611822-03EB-4D3B-9564-638DCAD89938}.AppStore|x86.Build.0 = Release|Any CPU
		{73611822-03EB-4D3B-9564-638DCAD89938}.Debug|Any CPU.ActiveCfg = Debug|Any CPU
		{73611822-03EB-4D3B-9564-638DCAD89938}.Debug|Any CPU.Build.0 = Debug|Any CPU
		{73611822-03EB-4D3B-9564-638DCAD89938}.Debug|ARM.ActiveCfg = Debug|Any CPU
		{73611822-03EB-4D3B-9564-638DCAD89938}.Debug|ARM.Build.0 = Debug|Any CPU
		{73611822-03EB-4D3B-9564-638DCAD89938}.Debug|iPhone.ActiveCfg = Debug|Any CPU
		{73611822-03EB-4D3B-9564-638DCAD89938}.Debug|iPhone.Build.0 = Debug|Any CPU
		{73611822-03EB-4D3B-9564-638DCAD89938}.Debug|iPhoneSimulator.ActiveCfg = Debug|Any CPU
		{73611822-03EB-4D3B-9564-638DCAD89938}.Debug|iPhoneSimulator.Build.0 = Debug|Any CPU
		{73611822-03EB-4D3B-9564-638DCAD89938}.Debug|x64.ActiveCfg = Debug|Any CPU
		{73611822-03EB-4D3B-9564-638DCAD89938}.Debug|x64.Build.0 = Debug|Any CPU
		{73611822-03EB-4D3B-9564-638DCAD89938}.Debug|x86.ActiveCfg = Debug|Any CPU
		{73611822-03EB-4D3B-9564-638DCAD89938}.Debug|x86.Build.0 = Debug|Any CPU
		{73611822-03EB-4D3B-9564-638DCAD89938}.Release|Any CPU.ActiveCfg = Release|Any CPU
		{73611822-03EB-4D3B-9564-638DCAD89938}.Release|Any CPU.Build.0 = Release|Any CPU
		{73611822-03EB-4D3B-9564-638DCAD89938}.Release|ARM.ActiveCfg = Release|Any CPU
		{73611822-03EB-4D3B-9564-638DCAD89938}.Release|ARM.Build.0 = Release|Any CPU
		{73611822-03EB-4D3B-9564-638DCAD89938}.Release|iPhone.ActiveCfg = Release|Any CPU
		{73611822-03EB-4D3B-9564-638DCAD89938}.Release|iPhone.Build.0 = Release|Any CPU
		{73611822-03EB-4D3B-9564-638DCAD89938}.Release|iPhoneSimulator.ActiveCfg = Release|Any CPU
		{73611822-03EB-4D3B-9564-638DCAD89938}.Release|iPhoneSimulator.Build.0 = Release|Any CPU
		{73611822-03EB-4D3B-9564-638DCAD89938}.Release|x64.ActiveCfg = Release|Any CPU
		{73611822-03EB-4D3B-9564-638DCAD89938}.Release|x64.Build.0 = Release|Any CPU
		{73611822-03EB-4D3B-9564-638DCAD89938}.Release|x86.ActiveCfg = Release|Any CPU
		{73611822-03EB-4D3B-9564-638DCAD89938}.Release|x86.Build.0 = Release|Any CPU
		{73206AF7-3A50-4FD8-869F-4580190265B9}.Ad-Hoc|Any CPU.ActiveCfg = Debug|Any CPU
		{73206AF7-3A50-4FD8-869F-4580190265B9}.Ad-Hoc|Any CPU.Build.0 = Debug|Any CPU
		{73206AF7-3A50-4FD8-869F-4580190265B9}.Ad-Hoc|ARM.ActiveCfg = Debug|Any CPU
		{73206AF7-3A50-4FD8-869F-4580190265B9}.Ad-Hoc|ARM.Build.0 = Debug|Any CPU
		{73206AF7-3A50-4FD8-869F-4580190265B9}.Ad-Hoc|iPhone.ActiveCfg = Debug|Any CPU
		{73206AF7-3A50-4FD8-869F-4580190265B9}.Ad-Hoc|iPhone.Build.0 = Debug|Any CPU
		{73206AF7-3A50-4FD8-869F-4580190265B9}.Ad-Hoc|iPhoneSimulator.ActiveCfg = Debug|Any CPU
		{73206AF7-3A50-4FD8-869F-4580190265B9}.Ad-Hoc|iPhoneSimulator.Build.0 = Debug|Any CPU
		{73206AF7-3A50-4FD8-869F-4580190265B9}.Ad-Hoc|x64.ActiveCfg = Debug|Any CPU
		{73206AF7-3A50-4FD8-869F-4580190265B9}.Ad-Hoc|x64.Build.0 = Debug|Any CPU
		{73206AF7-3A50-4FD8-869F-4580190265B9}.Ad-Hoc|x86.ActiveCfg = Debug|Any CPU
		{73206AF7-3A50-4FD8-869F-4580190265B9}.Ad-Hoc|x86.Build.0 = Debug|Any CPU
		{73206AF7-3A50-4FD8-869F-4580190265B9}.AppStore|Any CPU.ActiveCfg = Debug|Any CPU
		{73206AF7-3A50-4FD8-869F-4580190265B9}.AppStore|Any CPU.Build.0 = Debug|Any CPU
		{73206AF7-3A50-4FD8-869F-4580190265B9}.AppStore|ARM.ActiveCfg = Debug|Any CPU
		{73206AF7-3A50-4FD8-869F-4580190265B9}.AppStore|ARM.Build.0 = Debug|Any CPU
		{73206AF7-3A50-4FD8-869F-4580190265B9}.AppStore|iPhone.ActiveCfg = Debug|Any CPU
		{73206AF7-3A50-4FD8-869F-4580190265B9}.AppStore|iPhone.Build.0 = Debug|Any CPU
		{73206AF7-3A50-4FD8-869F-4580190265B9}.AppStore|iPhoneSimulator.ActiveCfg = Debug|Any CPU
		{73206AF7-3A50-4FD8-869F-4580190265B9}.AppStore|iPhoneSimulator.Build.0 = Debug|Any CPU
		{73206AF7-3A50-4FD8-869F-4580190265B9}.AppStore|x64.ActiveCfg = Debug|Any CPU
		{73206AF7-3A50-4FD8-869F-4580190265B9}.AppStore|x64.Build.0 = Debug|Any CPU
		{73206AF7-3A50-4FD8-869F-4580190265B9}.AppStore|x86.ActiveCfg = Debug|Any CPU
		{73206AF7-3A50-4FD8-869F-4580190265B9}.AppStore|x86.Build.0 = Debug|Any CPU
		{73206AF7-3A50-4FD8-869F-4580190265B9}.Debug|Any CPU.ActiveCfg = Debug|Any CPU
		{73206AF7-3A50-4FD8-869F-4580190265B9}.Debug|Any CPU.Build.0 = Debug|Any CPU
		{73206AF7-3A50-4FD8-869F-4580190265B9}.Debug|ARM.ActiveCfg = Debug|Any CPU
		{73206AF7-3A50-4FD8-869F-4580190265B9}.Debug|ARM.Build.0 = Debug|Any CPU
		{73206AF7-3A50-4FD8-869F-4580190265B9}.Debug|iPhone.ActiveCfg = Debug|Any CPU
		{73206AF7-3A50-4FD8-869F-4580190265B9}.Debug|iPhone.Build.0 = Debug|Any CPU
		{73206AF7-3A50-4FD8-869F-4580190265B9}.Debug|iPhoneSimulator.ActiveCfg = Debug|Any CPU
		{73206AF7-3A50-4FD8-869F-4580190265B9}.Debug|iPhoneSimulator.Build.0 = Debug|Any CPU
		{73206AF7-3A50-4FD8-869F-4580190265B9}.Debug|x64.ActiveCfg = Debug|Any CPU
		{73206AF7-3A50-4FD8-869F-4580190265B9}.Debug|x64.Build.0 = Debug|Any CPU
		{73206AF7-3A50-4FD8-869F-4580190265B9}.Debug|x86.ActiveCfg = Debug|Any CPU
		{73206AF7-3A50-4FD8-869F-4580190265B9}.Debug|x86.Build.0 = Debug|Any CPU
		{73206AF7-3A50-4FD8-869F-4580190265B9}.Release|Any CPU.ActiveCfg = Release|Any CPU
		{73206AF7-3A50-4FD8-869F-4580190265B9}.Release|Any CPU.Build.0 = Release|Any CPU
		{73206AF7-3A50-4FD8-869F-4580190265B9}.Release|ARM.ActiveCfg = Release|Any CPU
		{73206AF7-3A50-4FD8-869F-4580190265B9}.Release|ARM.Build.0 = Release|Any CPU
		{73206AF7-3A50-4FD8-869F-4580190265B9}.Release|iPhone.ActiveCfg = Release|Any CPU
		{73206AF7-3A50-4FD8-869F-4580190265B9}.Release|iPhone.Build.0 = Release|Any CPU
		{73206AF7-3A50-4FD8-869F-4580190265B9}.Release|iPhoneSimulator.ActiveCfg = Release|Any CPU
		{73206AF7-3A50-4FD8-869F-4580190265B9}.Release|iPhoneSimulator.Build.0 = Release|Any CPU
		{73206AF7-3A50-4FD8-869F-4580190265B9}.Release|x64.ActiveCfg = Release|Any CPU
		{73206AF7-3A50-4FD8-869F-4580190265B9}.Release|x64.Build.0 = Release|Any CPU
		{73206AF7-3A50-4FD8-869F-4580190265B9}.Release|x86.ActiveCfg = Release|Any CPU
		{73206AF7-3A50-4FD8-869F-4580190265B9}.Release|x86.Build.0 = Release|Any CPU
		{A9C5DD3C-2E90-4160-8C7D-0B478E820170}.Ad-Hoc|Any CPU.ActiveCfg = Release|Any CPU
		{A9C5DD3C-2E90-4160-8C7D-0B478E820170}.Ad-Hoc|Any CPU.Build.0 = Release|Any CPU
		{A9C5DD3C-2E90-4160-8C7D-0B478E820170}.Ad-Hoc|ARM.ActiveCfg = Release|Any CPU
		{A9C5DD3C-2E90-4160-8C7D-0B478E820170}.Ad-Hoc|ARM.Build.0 = Release|Any CPU
		{A9C5DD3C-2E90-4160-8C7D-0B478E820170}.Ad-Hoc|iPhone.ActiveCfg = Release|Any CPU
		{A9C5DD3C-2E90-4160-8C7D-0B478E820170}.Ad-Hoc|iPhone.Build.0 = Release|Any CPU
		{A9C5DD3C-2E90-4160-8C7D-0B478E820170}.Ad-Hoc|iPhoneSimulator.ActiveCfg = Release|Any CPU
		{A9C5DD3C-2E90-4160-8C7D-0B478E820170}.Ad-Hoc|iPhoneSimulator.Build.0 = Release|Any CPU
		{A9C5DD3C-2E90-4160-8C7D-0B478E820170}.Ad-Hoc|x64.ActiveCfg = Release|Any CPU
		{A9C5DD3C-2E90-4160-8C7D-0B478E820170}.Ad-Hoc|x64.Build.0 = Release|Any CPU
		{A9C5DD3C-2E90-4160-8C7D-0B478E820170}.Ad-Hoc|x86.ActiveCfg = Release|Any CPU
		{A9C5DD3C-2E90-4160-8C7D-0B478E820170}.Ad-Hoc|x86.Build.0 = Release|Any CPU
		{A9C5DD3C-2E90-4160-8C7D-0B478E820170}.AppStore|Any CPU.ActiveCfg = Release|Any CPU
		{A9C5DD3C-2E90-4160-8C7D-0B478E820170}.AppStore|Any CPU.Build.0 = Release|Any CPU
		{A9C5DD3C-2E90-4160-8C7D-0B478E820170}.AppStore|ARM.ActiveCfg = Release|Any CPU
		{A9C5DD3C-2E90-4160-8C7D-0B478E820170}.AppStore|ARM.Build.0 = Release|Any CPU
		{A9C5DD3C-2E90-4160-8C7D-0B478E820170}.AppStore|iPhone.ActiveCfg = Release|Any CPU
		{A9C5DD3C-2E90-4160-8C7D-0B478E820170}.AppStore|iPhone.Build.0 = Release|Any CPU
		{A9C5DD3C-2E90-4160-8C7D-0B478E820170}.AppStore|iPhoneSimulator.ActiveCfg = Release|Any CPU
		{A9C5DD3C-2E90-4160-8C7D-0B478E820170}.AppStore|iPhoneSimulator.Build.0 = Release|Any CPU
		{A9C5DD3C-2E90-4160-8C7D-0B478E820170}.AppStore|x64.ActiveCfg = Release|Any CPU
		{A9C5DD3C-2E90-4160-8C7D-0B478E820170}.AppStore|x64.Build.0 = Release|Any CPU
		{A9C5DD3C-2E90-4160-8C7D-0B478E820170}.AppStore|x86.ActiveCfg = Release|Any CPU
		{A9C5DD3C-2E90-4160-8C7D-0B478E820170}.AppStore|x86.Build.0 = Release|Any CPU
		{A9C5DD3C-2E90-4160-8C7D-0B478E820170}.Debug|Any CPU.ActiveCfg = Debug|Any CPU
		{A9C5DD3C-2E90-4160-8C7D-0B478E820170}.Debug|Any CPU.Build.0 = Debug|Any CPU
		{A9C5DD3C-2E90-4160-8C7D-0B478E820170}.Debug|ARM.ActiveCfg = Debug|Any CPU
		{A9C5DD3C-2E90-4160-8C7D-0B478E820170}.Debug|ARM.Build.0 = Debug|Any CPU
		{A9C5DD3C-2E90-4160-8C7D-0B478E820170}.Debug|iPhone.ActiveCfg = Debug|Any CPU
		{A9C5DD3C-2E90-4160-8C7D-0B478E820170}.Debug|iPhone.Build.0 = Debug|Any CPU
		{A9C5DD3C-2E90-4160-8C7D-0B478E820170}.Debug|iPhoneSimulator.ActiveCfg = Debug|Any CPU
		{A9C5DD3C-2E90-4160-8C7D-0B478E820170}.Debug|iPhoneSimulator.Build.0 = Debug|Any CPU
		{A9C5DD3C-2E90-4160-8C7D-0B478E820170}.Debug|x64.ActiveCfg = Debug|Any CPU
		{A9C5DD3C-2E90-4160-8C7D-0B478E820170}.Debug|x64.Build.0 = Debug|Any CPU
		{A9C5DD3C-2E90-4160-8C7D-0B478E820170}.Debug|x86.ActiveCfg = Debug|Any CPU
		{A9C5DD3C-2E90-4160-8C7D-0B478E820170}.Debug|x86.Build.0 = Debug|Any CPU
		{A9C5DD3C-2E90-4160-8C7D-0B478E820170}.Release|Any CPU.ActiveCfg = Release|Any CPU
		{A9C5DD3C-2E90-4160-8C7D-0B478E820170}.Release|Any CPU.Build.0 = Release|Any CPU
		{A9C5DD3C-2E90-4160-8C7D-0B478E820170}.Release|ARM.ActiveCfg = Release|Any CPU
		{A9C5DD3C-2E90-4160-8C7D-0B478E820170}.Release|ARM.Build.0 = Release|Any CPU
		{A9C5DD3C-2E90-4160-8C7D-0B478E820170}.Release|iPhone.ActiveCfg = Release|Any CPU
		{A9C5DD3C-2E90-4160-8C7D-0B478E820170}.Release|iPhone.Build.0 = Release|Any CPU
		{A9C5DD3C-2E90-4160-8C7D-0B478E820170}.Release|iPhoneSimulator.ActiveCfg = Release|Any CPU
		{A9C5DD3C-2E90-4160-8C7D-0B478E820170}.Release|iPhoneSimulator.Build.0 = Release|Any CPU
		{A9C5DD3C-2E90-4160-8C7D-0B478E820170}.Release|x64.ActiveCfg = Release|Any CPU
		{A9C5DD3C-2E90-4160-8C7D-0B478E820170}.Release|x64.Build.0 = Release|Any CPU
		{A9C5DD3C-2E90-4160-8C7D-0B478E820170}.Release|x86.ActiveCfg = Release|Any CPU
		{A9C5DD3C-2E90-4160-8C7D-0B478E820170}.Release|x86.Build.0 = Release|Any CPU
		{AB6395F9-C057-4D0D-99E2-87487C440404}.Ad-Hoc|Any CPU.ActiveCfg = Release|x64
		{AB6395F9-C057-4D0D-99E2-87487C440404}.Ad-Hoc|Any CPU.Build.0 = Release|x64
		{AB6395F9-C057-4D0D-99E2-87487C440404}.Ad-Hoc|Any CPU.Deploy.0 = Release|x64
		{AB6395F9-C057-4D0D-99E2-87487C440404}.Ad-Hoc|ARM.ActiveCfg = Release|ARM
		{AB6395F9-C057-4D0D-99E2-87487C440404}.Ad-Hoc|ARM.Build.0 = Release|ARM
		{AB6395F9-C057-4D0D-99E2-87487C440404}.Ad-Hoc|ARM.Deploy.0 = Release|ARM
		{AB6395F9-C057-4D0D-99E2-87487C440404}.Ad-Hoc|iPhone.ActiveCfg = Release|x64
		{AB6395F9-C057-4D0D-99E2-87487C440404}.Ad-Hoc|iPhone.Build.0 = Release|x64
		{AB6395F9-C057-4D0D-99E2-87487C440404}.Ad-Hoc|iPhone.Deploy.0 = Release|x64
		{AB6395F9-C057-4D0D-99E2-87487C440404}.Ad-Hoc|iPhoneSimulator.ActiveCfg = Release|x64
		{AB6395F9-C057-4D0D-99E2-87487C440404}.Ad-Hoc|iPhoneSimulator.Build.0 = Release|x64
		{AB6395F9-C057-4D0D-99E2-87487C440404}.Ad-Hoc|iPhoneSimulator.Deploy.0 = Release|x64
		{AB6395F9-C057-4D0D-99E2-87487C440404}.Ad-Hoc|x64.ActiveCfg = Release|x64
		{AB6395F9-C057-4D0D-99E2-87487C440404}.Ad-Hoc|x64.Build.0 = Release|x64
		{AB6395F9-C057-4D0D-99E2-87487C440404}.Ad-Hoc|x64.Deploy.0 = Release|x64
		{AB6395F9-C057-4D0D-99E2-87487C440404}.Ad-Hoc|x86.ActiveCfg = Release|x86
		{AB6395F9-C057-4D0D-99E2-87487C440404}.Ad-Hoc|x86.Build.0 = Release|x86
		{AB6395F9-C057-4D0D-99E2-87487C440404}.Ad-Hoc|x86.Deploy.0 = Release|x86
		{AB6395F9-C057-4D0D-99E2-87487C440404}.AppStore|Any CPU.ActiveCfg = Release|x64
		{AB6395F9-C057-4D0D-99E2-87487C440404}.AppStore|Any CPU.Build.0 = Release|x64
		{AB6395F9-C057-4D0D-99E2-87487C440404}.AppStore|Any CPU.Deploy.0 = Release|x64
		{AB6395F9-C057-4D0D-99E2-87487C440404}.AppStore|ARM.ActiveCfg = Release|ARM
		{AB6395F9-C057-4D0D-99E2-87487C440404}.AppStore|ARM.Build.0 = Release|ARM
		{AB6395F9-C057-4D0D-99E2-87487C440404}.AppStore|ARM.Deploy.0 = Release|ARM
		{AB6395F9-C057-4D0D-99E2-87487C440404}.AppStore|iPhone.ActiveCfg = Release|x64
		{AB6395F9-C057-4D0D-99E2-87487C440404}.AppStore|iPhone.Build.0 = Release|x64
		{AB6395F9-C057-4D0D-99E2-87487C440404}.AppStore|iPhone.Deploy.0 = Release|x64
		{AB6395F9-C057-4D0D-99E2-87487C440404}.AppStore|iPhoneSimulator.ActiveCfg = Release|x64
		{AB6395F9-C057-4D0D-99E2-87487C440404}.AppStore|iPhoneSimulator.Build.0 = Release|x64
		{AB6395F9-C057-4D0D-99E2-87487C440404}.AppStore|iPhoneSimulator.Deploy.0 = Release|x64
		{AB6395F9-C057-4D0D-99E2-87487C440404}.AppStore|x64.ActiveCfg = Release|x64
		{AB6395F9-C057-4D0D-99E2-87487C440404}.AppStore|x64.Build.0 = Release|x64
		{AB6395F9-C057-4D0D-99E2-87487C440404}.AppStore|x64.Deploy.0 = Release|x64
		{AB6395F9-C057-4D0D-99E2-87487C440404}.AppStore|x86.ActiveCfg = Release|x86
		{AB6395F9-C057-4D0D-99E2-87487C440404}.AppStore|x86.Build.0 = Release|x86
		{AB6395F9-C057-4D0D-99E2-87487C440404}.AppStore|x86.Deploy.0 = Release|x86
		{AB6395F9-C057-4D0D-99E2-87487C440404}.Debug|Any CPU.ActiveCfg = Debug|x86
		{AB6395F9-C057-4D0D-99E2-87487C440404}.Debug|Any CPU.Build.0 = Debug|x86
		{AB6395F9-C057-4D0D-99E2-87487C440404}.Debug|Any CPU.Deploy.0 = Debug|x86
		{AB6395F9-C057-4D0D-99E2-87487C440404}.Debug|ARM.ActiveCfg = Debug|ARM
		{AB6395F9-C057-4D0D-99E2-87487C440404}.Debug|ARM.Build.0 = Debug|ARM
		{AB6395F9-C057-4D0D-99E2-87487C440404}.Debug|ARM.Deploy.0 = Debug|ARM
		{AB6395F9-C057-4D0D-99E2-87487C440404}.Debug|iPhone.ActiveCfg = Debug|x86
		{AB6395F9-C057-4D0D-99E2-87487C440404}.Debug|iPhoneSimulator.ActiveCfg = Debug|x86
		{AB6395F9-C057-4D0D-99E2-87487C440404}.Debug|x64.ActiveCfg = Debug|x64
		{AB6395F9-C057-4D0D-99E2-87487C440404}.Debug|x64.Build.0 = Debug|x64
		{AB6395F9-C057-4D0D-99E2-87487C440404}.Debug|x64.Deploy.0 = Debug|x64
		{AB6395F9-C057-4D0D-99E2-87487C440404}.Debug|x86.ActiveCfg = Debug|x86
		{AB6395F9-C057-4D0D-99E2-87487C440404}.Debug|x86.Build.0 = Debug|x86
		{AB6395F9-C057-4D0D-99E2-87487C440404}.Debug|x86.Deploy.0 = Debug|x86
		{AB6395F9-C057-4D0D-99E2-87487C440404}.Release|Any CPU.ActiveCfg = Release|x86
		{AB6395F9-C057-4D0D-99E2-87487C440404}.Release|ARM.ActiveCfg = Release|ARM
		{AB6395F9-C057-4D0D-99E2-87487C440404}.Release|ARM.Build.0 = Release|ARM
		{AB6395F9-C057-4D0D-99E2-87487C440404}.Release|ARM.Deploy.0 = Release|ARM
		{AB6395F9-C057-4D0D-99E2-87487C440404}.Release|iPhone.ActiveCfg = Release|x86
		{AB6395F9-C057-4D0D-99E2-87487C440404}.Release|iPhoneSimulator.ActiveCfg = Release|x86
		{AB6395F9-C057-4D0D-99E2-87487C440404}.Release|x64.ActiveCfg = Release|x64
		{AB6395F9-C057-4D0D-99E2-87487C440404}.Release|x64.Build.0 = Release|x64
		{AB6395F9-C057-4D0D-99E2-87487C440404}.Release|x64.Deploy.0 = Release|x64
		{AB6395F9-C057-4D0D-99E2-87487C440404}.Release|x86.ActiveCfg = Release|x86
		{AB6395F9-C057-4D0D-99E2-87487C440404}.Release|x86.Build.0 = Release|x86
		{AB6395F9-C057-4D0D-99E2-87487C440404}.Release|x86.Deploy.0 = Release|x86
		{A81D1D84-C049-489C-95AA-493140D12CF5}.Ad-Hoc|Any CPU.ActiveCfg = Debug|Any CPU
		{A81D1D84-C049-489C-95AA-493140D12CF5}.Ad-Hoc|Any CPU.Build.0 = Debug|Any CPU
		{A81D1D84-C049-489C-95AA-493140D12CF5}.Ad-Hoc|ARM.ActiveCfg = Debug|Any CPU
		{A81D1D84-C049-489C-95AA-493140D12CF5}.Ad-Hoc|ARM.Build.0 = Debug|Any CPU
		{A81D1D84-C049-489C-95AA-493140D12CF5}.Ad-Hoc|iPhone.ActiveCfg = Debug|Any CPU
		{A81D1D84-C049-489C-95AA-493140D12CF5}.Ad-Hoc|iPhone.Build.0 = Debug|Any CPU
		{A81D1D84-C049-489C-95AA-493140D12CF5}.Ad-Hoc|iPhoneSimulator.ActiveCfg = Debug|Any CPU
		{A81D1D84-C049-489C-95AA-493140D12CF5}.Ad-Hoc|iPhoneSimulator.Build.0 = Debug|Any CPU
		{A81D1D84-C049-489C-95AA-493140D12CF5}.Ad-Hoc|x64.ActiveCfg = Debug|Any CPU
		{A81D1D84-C049-489C-95AA-493140D12CF5}.Ad-Hoc|x64.Build.0 = Debug|Any CPU
		{A81D1D84-C049-489C-95AA-493140D12CF5}.Ad-Hoc|x86.ActiveCfg = Debug|Any CPU
		{A81D1D84-C049-489C-95AA-493140D12CF5}.Ad-Hoc|x86.Build.0 = Debug|Any CPU
		{A81D1D84-C049-489C-95AA-493140D12CF5}.AppStore|Any CPU.ActiveCfg = Debug|Any CPU
		{A81D1D84-C049-489C-95AA-493140D12CF5}.AppStore|Any CPU.Build.0 = Debug|Any CPU
		{A81D1D84-C049-489C-95AA-493140D12CF5}.AppStore|ARM.ActiveCfg = Debug|Any CPU
		{A81D1D84-C049-489C-95AA-493140D12CF5}.AppStore|ARM.Build.0 = Debug|Any CPU
		{A81D1D84-C049-489C-95AA-493140D12CF5}.AppStore|iPhone.ActiveCfg = Debug|Any CPU
		{A81D1D84-C049-489C-95AA-493140D12CF5}.AppStore|iPhone.Build.0 = Debug|Any CPU
		{A81D1D84-C049-489C-95AA-493140D12CF5}.AppStore|iPhoneSimulator.ActiveCfg = Debug|Any CPU
		{A81D1D84-C049-489C-95AA-493140D12CF5}.AppStore|iPhoneSimulator.Build.0 = Debug|Any CPU
		{A81D1D84-C049-489C-95AA-493140D12CF5}.AppStore|x64.ActiveCfg = Debug|Any CPU
		{A81D1D84-C049-489C-95AA-493140D12CF5}.AppStore|x64.Build.0 = Debug|Any CPU
		{A81D1D84-C049-489C-95AA-493140D12CF5}.AppStore|x86.ActiveCfg = Debug|Any CPU
		{A81D1D84-C049-489C-95AA-493140D12CF5}.AppStore|x86.Build.0 = Debug|Any CPU
		{A81D1D84-C049-489C-95AA-493140D12CF5}.Debug|Any CPU.ActiveCfg = Debug|Any CPU
		{A81D1D84-C049-489C-95AA-493140D12CF5}.Debug|Any CPU.Build.0 = Debug|Any CPU
		{A81D1D84-C049-489C-95AA-493140D12CF5}.Debug|ARM.ActiveCfg = Debug|Any CPU
		{A81D1D84-C049-489C-95AA-493140D12CF5}.Debug|ARM.Build.0 = Debug|Any CPU
		{A81D1D84-C049-489C-95AA-493140D12CF5}.Debug|iPhone.ActiveCfg = Debug|Any CPU
		{A81D1D84-C049-489C-95AA-493140D12CF5}.Debug|iPhone.Build.0 = Debug|Any CPU
		{A81D1D84-C049-489C-95AA-493140D12CF5}.Debug|iPhoneSimulator.ActiveCfg = Debug|Any CPU
		{A81D1D84-C049-489C-95AA-493140D12CF5}.Debug|iPhoneSimulator.Build.0 = Debug|Any CPU
		{A81D1D84-C049-489C-95AA-493140D12CF5}.Debug|x64.ActiveCfg = Debug|Any CPU
		{A81D1D84-C049-489C-95AA-493140D12CF5}.Debug|x64.Build.0 = Debug|Any CPU
		{A81D1D84-C049-489C-95AA-493140D12CF5}.Debug|x86.ActiveCfg = Debug|Any CPU
		{A81D1D84-C049-489C-95AA-493140D12CF5}.Debug|x86.Build.0 = Debug|Any CPU
		{A81D1D84-C049-489C-95AA-493140D12CF5}.Release|Any CPU.ActiveCfg = Release|Any CPU
		{A81D1D84-C049-489C-95AA-493140D12CF5}.Release|Any CPU.Build.0 = Release|Any CPU
		{A81D1D84-C049-489C-95AA-493140D12CF5}.Release|ARM.ActiveCfg = Release|Any CPU
		{A81D1D84-C049-489C-95AA-493140D12CF5}.Release|ARM.Build.0 = Release|Any CPU
		{A81D1D84-C049-489C-95AA-493140D12CF5}.Release|iPhone.ActiveCfg = Release|Any CPU
		{A81D1D84-C049-489C-95AA-493140D12CF5}.Release|iPhone.Build.0 = Release|Any CPU
		{A81D1D84-C049-489C-95AA-493140D12CF5}.Release|iPhoneSimulator.ActiveCfg = Release|Any CPU
		{A81D1D84-C049-489C-95AA-493140D12CF5}.Release|iPhoneSimulator.Build.0 = Release|Any CPU
		{A81D1D84-C049-489C-95AA-493140D12CF5}.Release|x64.ActiveCfg = Release|Any CPU
		{A81D1D84-C049-489C-95AA-493140D12CF5}.Release|x64.Build.0 = Release|Any CPU
		{A81D1D84-C049-489C-95AA-493140D12CF5}.Release|x86.ActiveCfg = Release|Any CPU
		{A81D1D84-C049-489C-95AA-493140D12CF5}.Release|x86.Build.0 = Release|Any CPU
		{93384F71-C7C7-4424-8125-7044EF096A8E}.Ad-Hoc|Any CPU.ActiveCfg = Release|x64
		{93384F71-C7C7-4424-8125-7044EF096A8E}.Ad-Hoc|Any CPU.Build.0 = Release|x64
		{93384F71-C7C7-4424-8125-7044EF096A8E}.Ad-Hoc|Any CPU.Deploy.0 = Release|x64
		{93384F71-C7C7-4424-8125-7044EF096A8E}.Ad-Hoc|ARM.ActiveCfg = Release|ARM
		{93384F71-C7C7-4424-8125-7044EF096A8E}.Ad-Hoc|ARM.Build.0 = Release|ARM
		{93384F71-C7C7-4424-8125-7044EF096A8E}.Ad-Hoc|ARM.Deploy.0 = Release|ARM
		{93384F71-C7C7-4424-8125-7044EF096A8E}.Ad-Hoc|iPhone.ActiveCfg = Release|x64
		{93384F71-C7C7-4424-8125-7044EF096A8E}.Ad-Hoc|iPhone.Build.0 = Release|x64
		{93384F71-C7C7-4424-8125-7044EF096A8E}.Ad-Hoc|iPhone.Deploy.0 = Release|x64
		{93384F71-C7C7-4424-8125-7044EF096A8E}.Ad-Hoc|iPhoneSimulator.ActiveCfg = Release|x64
		{93384F71-C7C7-4424-8125-7044EF096A8E}.Ad-Hoc|iPhoneSimulator.Build.0 = Release|x64
		{93384F71-C7C7-4424-8125-7044EF096A8E}.Ad-Hoc|iPhoneSimulator.Deploy.0 = Release|x64
		{93384F71-C7C7-4424-8125-7044EF096A8E}.Ad-Hoc|x64.ActiveCfg = Release|x64
		{93384F71-C7C7-4424-8125-7044EF096A8E}.Ad-Hoc|x64.Build.0 = Release|x64
		{93384F71-C7C7-4424-8125-7044EF096A8E}.Ad-Hoc|x64.Deploy.0 = Release|x64
		{93384F71-C7C7-4424-8125-7044EF096A8E}.Ad-Hoc|x86.ActiveCfg = Release|x86
		{93384F71-C7C7-4424-8125-7044EF096A8E}.Ad-Hoc|x86.Build.0 = Release|x86
		{93384F71-C7C7-4424-8125-7044EF096A8E}.Ad-Hoc|x86.Deploy.0 = Release|x86
		{93384F71-C7C7-4424-8125-7044EF096A8E}.AppStore|Any CPU.ActiveCfg = Release|x64
		{93384F71-C7C7-4424-8125-7044EF096A8E}.AppStore|Any CPU.Build.0 = Release|x64
		{93384F71-C7C7-4424-8125-7044EF096A8E}.AppStore|Any CPU.Deploy.0 = Release|x64
		{93384F71-C7C7-4424-8125-7044EF096A8E}.AppStore|ARM.ActiveCfg = Release|ARM
		{93384F71-C7C7-4424-8125-7044EF096A8E}.AppStore|ARM.Build.0 = Release|ARM
		{93384F71-C7C7-4424-8125-7044EF096A8E}.AppStore|ARM.Deploy.0 = Release|ARM
		{93384F71-C7C7-4424-8125-7044EF096A8E}.AppStore|iPhone.ActiveCfg = Release|x64
		{93384F71-C7C7-4424-8125-7044EF096A8E}.AppStore|iPhone.Build.0 = Release|x64
		{93384F71-C7C7-4424-8125-7044EF096A8E}.AppStore|iPhone.Deploy.0 = Release|x64
		{93384F71-C7C7-4424-8125-7044EF096A8E}.AppStore|iPhoneSimulator.ActiveCfg = Release|x64
		{93384F71-C7C7-4424-8125-7044EF096A8E}.AppStore|iPhoneSimulator.Build.0 = Release|x64
		{93384F71-C7C7-4424-8125-7044EF096A8E}.AppStore|iPhoneSimulator.Deploy.0 = Release|x64
		{93384F71-C7C7-4424-8125-7044EF096A8E}.AppStore|x64.ActiveCfg = Release|x64
		{93384F71-C7C7-4424-8125-7044EF096A8E}.AppStore|x64.Build.0 = Release|x64
		{93384F71-C7C7-4424-8125-7044EF096A8E}.AppStore|x64.Deploy.0 = Release|x64
		{93384F71-C7C7-4424-8125-7044EF096A8E}.AppStore|x86.ActiveCfg = Release|x86
		{93384F71-C7C7-4424-8125-7044EF096A8E}.AppStore|x86.Build.0 = Release|x86
		{93384F71-C7C7-4424-8125-7044EF096A8E}.AppStore|x86.Deploy.0 = Release|x86
		{93384F71-C7C7-4424-8125-7044EF096A8E}.Debug|Any CPU.ActiveCfg = Debug|x86
		{93384F71-C7C7-4424-8125-7044EF096A8E}.Debug|Any CPU.Build.0 = Debug|x86
		{93384F71-C7C7-4424-8125-7044EF096A8E}.Debug|Any CPU.Deploy.0 = Debug|x86
		{93384F71-C7C7-4424-8125-7044EF096A8E}.Debug|ARM.ActiveCfg = Debug|ARM
		{93384F71-C7C7-4424-8125-7044EF096A8E}.Debug|ARM.Build.0 = Debug|ARM
		{93384F71-C7C7-4424-8125-7044EF096A8E}.Debug|ARM.Deploy.0 = Debug|ARM
		{93384F71-C7C7-4424-8125-7044EF096A8E}.Debug|iPhone.ActiveCfg = Debug|x86
		{93384F71-C7C7-4424-8125-7044EF096A8E}.Debug|iPhoneSimulator.ActiveCfg = Debug|x86
		{93384F71-C7C7-4424-8125-7044EF096A8E}.Debug|x64.ActiveCfg = Debug|x64
		{93384F71-C7C7-4424-8125-7044EF096A8E}.Debug|x64.Build.0 = Debug|x64
		{93384F71-C7C7-4424-8125-7044EF096A8E}.Debug|x64.Deploy.0 = Debug|x64
		{93384F71-C7C7-4424-8125-7044EF096A8E}.Debug|x86.ActiveCfg = Debug|x86
		{93384F71-C7C7-4424-8125-7044EF096A8E}.Debug|x86.Build.0 = Debug|x86
		{93384F71-C7C7-4424-8125-7044EF096A8E}.Debug|x86.Deploy.0 = Debug|x86
		{93384F71-C7C7-4424-8125-7044EF096A8E}.Release|Any CPU.ActiveCfg = Release|x86
		{93384F71-C7C7-4424-8125-7044EF096A8E}.Release|ARM.ActiveCfg = Release|ARM
		{93384F71-C7C7-4424-8125-7044EF096A8E}.Release|ARM.Build.0 = Release|ARM
		{93384F71-C7C7-4424-8125-7044EF096A8E}.Release|ARM.Deploy.0 = Release|ARM
		{93384F71-C7C7-4424-8125-7044EF096A8E}.Release|iPhone.ActiveCfg = Release|x86
		{93384F71-C7C7-4424-8125-7044EF096A8E}.Release|iPhoneSimulator.ActiveCfg = Release|x86
		{93384F71-C7C7-4424-8125-7044EF096A8E}.Release|x64.ActiveCfg = Release|x64
		{93384F71-C7C7-4424-8125-7044EF096A8E}.Release|x64.Build.0 = Release|x64
		{93384F71-C7C7-4424-8125-7044EF096A8E}.Release|x64.Deploy.0 = Release|x64
		{93384F71-C7C7-4424-8125-7044EF096A8E}.Release|x86.ActiveCfg = Release|x86
		{93384F71-C7C7-4424-8125-7044EF096A8E}.Release|x86.Build.0 = Release|x86
		{93384F71-C7C7-4424-8125-7044EF096A8E}.Release|x86.Deploy.0 = Release|x86
	EndGlobalSection
	GlobalSection(SolutionProperties) = preSolution
		HideSolutionNode = FALSE
	EndGlobalSection
	GlobalSection(NestedProjects) = preSolution
		{0C3A9DE9-476B-4038-9258-1B066125A45B} = {A76F353B-9E1C-49A6-A6C4-D51ACB4C3D89}
		{BFC13D1D-0B9B-49DE-BFB8-7BA741C4953D} = {629630FC-06D3-473D-AEA9-85B33A2C978C}
		{8465BA17-C9B9-4379-B616-7DE25B1CB0D5} = {A76F353B-9E1C-49A6-A6C4-D51ACB4C3D89}
		{0AC46EC9-EC99-4BFA-8DA9-4D9E0E9CB039} = {69FF0A04-8C8D-4D4A-8607-13D4B2ABDCEF}
		{4983F431-74DC-41FF-BE5B-2754E70667AF} = {69FF0A04-8C8D-4D4A-8607-13D4B2ABDCEF}
		{D99DBEA0-7E81-4557-BA85-EEDEB8BBA2BD} = {EED42522-B85C-4818-8297-C837E27DF33E}
		{187A670C-93D3-469C-B4B9-F3DB30B93217} = {EED42522-B85C-4818-8297-C837E27DF33E}
		{7D0C2B1A-E497-42BC-BD96-6F66772CEB52} = {629630FC-06D3-473D-AEA9-85B33A2C978C}
		{8E5A58BE-1354-45D9-BE27-B61592EC16F4} = {629630FC-06D3-473D-AEA9-85B33A2C978C}
		{6066B0B7-D717-4939-914B-6E266B4E6CBD} = {629630FC-06D3-473D-AEA9-85B33A2C978C}
		{73611822-03EB-4D3B-9564-638DCAD89938} = {D4CE87E0-6051-4B59-9984-2A1736E18733}
		{73206AF7-3A50-4FD8-869F-4580190265B9} = {D4CE87E0-6051-4B59-9984-2A1736E18733}
		{A9C5DD3C-2E90-4160-8C7D-0B478E820170} = {A76F353B-9E1C-49A6-A6C4-D51ACB4C3D89}
		{AB6395F9-C057-4D0D-99E2-87487C440404} = {629630FC-06D3-473D-AEA9-85B33A2C978C}
		{A81D1D84-C049-489C-95AA-493140D12CF5} = {629630FC-06D3-473D-AEA9-85B33A2C978C}
		{5EF4AFD9-8D21-42AD-B564-5E668DAB8AE1} = {A76F353B-9E1C-49A6-A6C4-D51ACB4C3D89}
		{4FA34334-CE8D-497B-9AAE-632A271949C2} = {69FF0A04-8C8D-4D4A-8607-13D4B2ABDCEF}
		{ED91E71F-EEB0-4B8C-8396-0D9C55E5446D} = {EED42522-B85C-4818-8297-C837E27DF33E}
		{83F1E00B-1183-4499-ABD8-35E4776596B6} = {D4CE87E0-6051-4B59-9984-2A1736E18733}
		{93384F71-C7C7-4424-8125-7044EF096A8E} = {629630FC-06D3-473D-AEA9-85B33A2C978C}
	EndGlobalSection
	GlobalSection(ExtensibilityGlobals) = postSolution
		SolutionGuid = {1B651014-0E29-4AC7-AC47-B88EA9094699}
	EndGlobalSection
	GlobalSection(TeamFoundationVersionControl) = preSolution
		
	EndGlobalSection
EndGlobal
