
Microsoft Visual Studio Solution File, Format Version 12.00
# Visual Studio 15
VisualStudioVersion = 15.0.27130.2036
MinimumVisualStudioVersion = 10.0.40219.1
Project("{2150E333-8FDC-42A3-9474-1A3956D46DE8}") = "DataTier", "DataTier", "{A76F353B-9E1C-49A6-A6C4-D51ACB4C3D89}"
EndProject
Project("{2150E333-8FDC-42A3-9474-1A3956D46DE8}") = "MiddleTier", "MiddleTier", "{EED42522-B85C-4818-8297-C837E27DF33E}"
EndProject
Project("{2150E333-8FDC-42A3-9474-1A3956D46DE8}") = "PresentationTier", "PresentationTier", "{629630FC-06D3-473D-AEA9-85B33A2C978C}"
EndProject
Project("{00D1A9C2-B5F0-4AF3-8072-F6C62B433612}") = "Framework.Database", "Framework.Database\Framework.Database.sqlproj", "{0C3A9DE9-476B-4038-9258-1B066125A45B}"
EndProject
Project("{2150E333-8FDC-42A3-9474-1A3956D46DE8}") = "Test", "Test", "{D4CE87E0-6051-4B59-9984-2A1736E18733}"
EndProject
Project("{FAE04EC0-301F-11D3-BF4B-00C04F79EFBC}") = "Framework.Interop.Portable", "Framework.Interop.Portable\Framework.Interop.Portable.csproj", "{0AC46EC9-EC99-4BFA-8DA9-4D9E0E9CB039}"
EndProject
Project("{FAE04EC0-301F-11D3-BF4B-00C04F79EFBC}") = "Framework.Models.Portable", "Framework.Models.Portable\Framework.Models.Portable.csproj", "{D99DBEA0-7E81-4557-BA85-EEDEB8BBA2BD}"
EndProject
Project("{FAE04EC0-301F-11D3-BF4B-00C04F79EFBC}") = "Framework.Test.Full", "Framework.Test.Full\Framework.Test.Full.csproj", "{73611822-03EB-4D3B-9564-638DCAD89938}"
EndProject
Project("{FAE04EC0-301F-11D3-BF4B-00C04F79EFBC}") = "Framework.DataAccess.Full", "Framework.DataAccess.Full\Framework.DataAccess.Full.csproj", "{A9C5DD3C-2E90-4160-8C7D-0B478E820170}"
EndProject
Project("{2150E333-8FDC-42A3-9474-1A3956D46DE8}") = "Interoperability", "Interoperability", "{69FF0A04-8C8D-4D4A-8607-13D4B2ABDCEF}"
EndProject
Project("{FAE04EC0-301F-11D3-BF4B-00C04F79EFBC}") = "Framework.WebServices.Full", "Framework.WebServices.Full\Framework.WebServices.Full.csproj", "{8E5A58BE-1354-45D9-BE27-B61592EC16F4}"
EndProject
Project("{9A19103F-16F7-4668-BE54-9A1E7A4F7556}") = "Framework.DataAccess.Core", "Framework.DataAccess.Core\Framework.DataAccess.Core.csproj", "{70E53763-30B5-49EC-B795-19526777231F}"
EndProject
Project("{D954291E-2A0B-460D-934E-DC6B0785DB48}") = "Framework.DataAccess.Shared", "Framework.DataAccess.Shared\Framework.DataAccess.Shared.shproj", "{5EF4AFD9-8D21-42AD-B564-5E668DAB8AE1}"
EndProject
Project("{D954291E-2A0B-460D-934E-DC6B0785DB48}") = "Framework.Interop.Shared", "Framework.Interop.Shared\Framework.Interop.Shared.shproj", "{4FA34334-CE8D-497B-9AAE-632A271949C2}"
EndProject
Project("{9A19103F-16F7-4668-BE54-9A1E7A4F7556}") = "Framework.Interop.Standard", "Framework.Interop.Standard\Framework.Interop.Standard.csproj", "{AFE1DDB6-C41D-4E87-983E-F371C8EDA0D7}"
EndProject
Project("{D954291E-2A0B-460D-934E-DC6B0785DB48}") = "Framework.Models.Shared", "Framework.Models.Shared\Framework.Models.Shared.shproj", "{ED91E71F-EEB0-4B8C-8396-0D9C55E5446D}"
EndProject
Project("{9A19103F-16F7-4668-BE54-9A1E7A4F7556}") = "Framework.Models.Standard", "Framework.Models.Standard\Framework.Models.Standard.csproj", "{AB26883C-DBF2-4B28-9DBD-31FF29F222CF}"
EndProject
Project("{9A19103F-16F7-4668-BE54-9A1E7A4F7556}") = "Framework.WebServices.Core", "Framework.WebServices.Core\Framework.WebServices.Core.csproj", "{5ED76D8F-F078-4B73-85EA-53F8BE8E465A}"
EndProject
Project("{D954291E-2A0B-460D-934E-DC6B0785DB48}") = "Framework.Test.Shared", "Framework.Test.Shared\Framework.Test.Shared.shproj", "{83F1E00B-1183-4499-ABD8-35E4776596B6}"
EndProject
Project("{9A19103F-16F7-4668-BE54-9A1E7A4F7556}") = "Framework.Test.Core", "Framework.Test.Core\Framework.Test.Core.csproj", "{E8A2F38B-F72D-4917-92FA-78470B1C0696}"
EndProject
Global
	GlobalSection(SharedMSBuildProjectFiles) = preSolution
		Framework.Interop.Shared\Framework.Interfaces.Shared.projitems*{4fa34334-ce8d-497b-9aae-632a271949c2}*SharedItemsImports = 13
		Framework.DataAccess.Shared\Framework.DataAccess.Shared.projitems*{5ef4afd9-8d21-42ad-b564-5e668dab8ae1}*SharedItemsImports = 13
		Framework.Test.Shared\Framework.Test.Shared.projitems*{83f1e00b-1183-4499-abd8-35e4776596b6}*SharedItemsImports = 13
		Framework.Models.Shared\Framework.Models.Shared.projitems*{ed91e71f-eeb0-4b8c-8396-0d9c55e5446d}*SharedItemsImports = 13
	EndGlobalSection
	GlobalSection(SolutionConfigurationPlatforms) = preSolution
		Ad-Hoc|Any CPU = Ad-Hoc|Any CPU
		Ad-Hoc|ARM = Ad-Hoc|ARM
		Ad-Hoc|iPhone = Ad-Hoc|iPhone
		Ad-Hoc|iPhoneSimulator = Ad-Hoc|iPhoneSimulator
		Ad-Hoc|x64 = Ad-Hoc|x64
		Ad-Hoc|x86 = Ad-Hoc|x86
		AppStore|Any CPU = AppStore|Any CPU
		AppStore|ARM = AppStore|ARM
		AppStore|iPhone = AppStore|iPhone
		AppStore|iPhoneSimulator = AppStore|iPhoneSimulator
		AppStore|x64 = AppStore|x64
		AppStore|x86 = AppStore|x86
		Debug|Any CPU = Debug|Any CPU
		Debug|ARM = Debug|ARM
		Debug|iPhone = Debug|iPhone
		Debug|iPhoneSimulator = Debug|iPhoneSimulator
		Debug|x64 = Debug|x64
		Debug|x86 = Debug|x86
		Release|Any CPU = Release|Any CPU
		Release|ARM = Release|ARM
		Release|iPhone = Release|iPhone
		Release|iPhoneSimulator = Release|iPhoneSimulator
		Release|x64 = Release|x64
		Release|x86 = Release|x86
	EndGlobalSection
	GlobalSection(ProjectConfigurationPlatforms) = postSolution
		{0C3A9DE9-476B-4038-9258-1B066125A45B}.Ad-Hoc|Any CPU.ActiveCfg = Release|Any CPU
		{0C3A9DE9-476B-4038-9258-1B066125A45B}.Ad-Hoc|Any CPU.Build.0 = Release|Any CPU
		{0C3A9DE9-476B-4038-9258-1B066125A45B}.Ad-Hoc|Any CPU.Deploy.0 = Release|Any CPU
		{0C3A9DE9-476B-4038-9258-1B066125A45B}.Ad-Hoc|ARM.ActiveCfg = Release|Any CPU
		{0C3A9DE9-476B-4038-9258-1B066125A45B}.Ad-Hoc|ARM.Build.0 = Release|Any CPU
		{0C3A9DE9-476B-4038-9258-1B066125A45B}.Ad-Hoc|ARM.Deploy.0 = Release|Any CPU
		{0C3A9DE9-476B-4038-9258-1B066125A45B}.Ad-Hoc|iPhone.ActiveCfg = Release|Any CPU
		{0C3A9DE9-476B-4038-9258-1B066125A45B}.Ad-Hoc|iPhone.Build.0 = Release|Any CPU
		{0C3A9DE9-476B-4038-9258-1B066125A45B}.Ad-Hoc|iPhone.Deploy.0 = Release|Any CPU
		{0C3A9DE9-476B-4038-9258-1B066125A45B}.Ad-Hoc|iPhoneSimulator.ActiveCfg = Release|Any CPU
		{0C3A9DE9-476B-4038-9258-1B066125A45B}.Ad-Hoc|iPhoneSimulator.Build.0 = Release|Any CPU
		{0C3A9DE9-476B-4038-9258-1B066125A45B}.Ad-Hoc|iPhoneSimulator.Deploy.0 = Release|Any CPU
		{0C3A9DE9-476B-4038-9258-1B066125A45B}.Ad-Hoc|x64.ActiveCfg = Release|Any CPU
		{0C3A9DE9-476B-4038-9258-1B066125A45B}.Ad-Hoc|x64.Build.0 = Release|Any CPU
		{0C3A9DE9-476B-4038-9258-1B066125A45B}.Ad-Hoc|x64.Deploy.0 = Release|Any CPU
		{0C3A9DE9-476B-4038-9258-1B066125A45B}.Ad-Hoc|x86.ActiveCfg = Release|Any CPU
		{0C3A9DE9-476B-4038-9258-1B066125A45B}.Ad-Hoc|x86.Build.0 = Release|Any CPU
		{0C3A9DE9-476B-4038-9258-1B066125A45B}.Ad-Hoc|x86.Deploy.0 = Release|Any CPU
		{0C3A9DE9-476B-4038-9258-1B066125A45B}.AppStore|Any CPU.ActiveCfg = Release|Any CPU
		{0C3A9DE9-476B-4038-9258-1B066125A45B}.AppStore|Any CPU.Build.0 = Release|Any CPU
		{0C3A9DE9-476B-4038-9258-1B066125A45B}.AppStore|Any CPU.Deploy.0 = Release|Any CPU
		{0C3A9DE9-476B-4038-9258-1B066125A45B}.AppStore|ARM.ActiveCfg = Release|Any CPU
		{0C3A9DE9-476B-4038-9258-1B066125A45B}.AppStore|ARM.Build.0 = Release|Any CPU
		{0C3A9DE9-476B-4038-9258-1B066125A45B}.AppStore|ARM.Deploy.0 = Release|Any CPU
		{0C3A9DE9-476B-4038-9258-1B066125A45B}.AppStore|iPhone.ActiveCfg = Release|Any CPU
		{0C3A9DE9-476B-4038-9258-1B066125A45B}.AppStore|iPhone.Build.0 = Release|Any CPU
		{0C3A9DE9-476B-4038-9258-1B066125A45B}.AppStore|iPhone.Deploy.0 = Release|Any CPU
		{0C3A9DE9-476B-4038-9258-1B066125A45B}.AppStore|iPhoneSimulator.ActiveCfg = Release|Any CPU
		{0C3A9DE9-476B-4038-9258-1B066125A45B}.AppStore|iPhoneSimulator.Build.0 = Release|Any CPU
		{0C3A9DE9-476B-4038-9258-1B066125A45B}.AppStore|iPhoneSimulator.Deploy.0 = Release|Any CPU
		{0C3A9DE9-476B-4038-9258-1B066125A45B}.AppStore|x64.ActiveCfg = Release|Any CPU
		{0C3A9DE9-476B-4038-9258-1B066125A45B}.AppStore|x64.Build.0 = Release|Any CPU
		{0C3A9DE9-476B-4038-9258-1B066125A45B}.AppStore|x64.Deploy.0 = Release|Any CPU
		{0C3A9DE9-476B-4038-9258-1B066125A45B}.AppStore|x86.ActiveCfg = Release|Any CPU
		{0C3A9DE9-476B-4038-9258-1B066125A45B}.AppStore|x86.Build.0 = Release|Any CPU
		{0C3A9DE9-476B-4038-9258-1B066125A45B}.AppStore|x86.Deploy.0 = Release|Any CPU
		{0C3A9DE9-476B-4038-9258-1B066125A45B}.Debug|Any CPU.ActiveCfg = Debug|Any CPU
		{0C3A9DE9-476B-4038-9258-1B066125A45B}.Debug|Any CPU.Build.0 = Debug|Any CPU
		{0C3A9DE9-476B-4038-9258-1B066125A45B}.Debug|ARM.ActiveCfg = Debug|Any CPU
		{0C3A9DE9-476B-4038-9258-1B066125A45B}.Debug|ARM.Build.0 = Debug|Any CPU
		{0C3A9DE9-476B-4038-9258-1B066125A45B}.Debug|ARM.Deploy.0 = Debug|Any CPU
		{0C3A9DE9-476B-4038-9258-1B066125A45B}.Debug|iPhone.ActiveCfg = Debug|Any CPU
		{0C3A9DE9-476B-4038-9258-1B066125A45B}.Debug|iPhone.Build.0 = Debug|Any CPU
		{0C3A9DE9-476B-4038-9258-1B066125A45B}.Debug|iPhone.Deploy.0 = Debug|Any CPU
		{0C3A9DE9-476B-4038-9258-1B066125A45B}.Debug|iPhoneSimulator.ActiveCfg = Debug|Any CPU
		{0C3A9DE9-476B-4038-9258-1B066125A45B}.Debug|iPhoneSimulator.Build.0 = Debug|Any CPU
		{0C3A9DE9-476B-4038-9258-1B066125A45B}.Debug|iPhoneSimulator.Deploy.0 = Debug|Any CPU
		{0C3A9DE9-476B-4038-9258-1B066125A45B}.Debug|x64.ActiveCfg = Debug|Any CPU
		{0C3A9DE9-476B-4038-9258-1B066125A45B}.Debug|x64.Build.0 = Debug|Any CPU
		{0C3A9DE9-476B-4038-9258-1B066125A45B}.Debug|x64.Deploy.0 = Debug|Any CPU
		{0C3A9DE9-476B-4038-9258-1B066125A45B}.Debug|x86.ActiveCfg = Debug|Any CPU
		{0C3A9DE9-476B-4038-9258-1B066125A45B}.Debug|x86.Build.0 = Debug|Any CPU
		{0C3A9DE9-476B-4038-9258-1B066125A45B}.Debug|x86.Deploy.0 = Debug|Any CPU
		{0C3A9DE9-476B-4038-9258-1B066125A45B}.Release|Any CPU.ActiveCfg = Release|Any CPU
		{0C3A9DE9-476B-4038-9258-1B066125A45B}.Release|Any CPU.Build.0 = Release|Any CPU
		{0C3A9DE9-476B-4038-9258-1B066125A45B}.Release|ARM.ActiveCfg = Release|Any CPU
		{0C3A9DE9-476B-4038-9258-1B066125A45B}.Release|ARM.Build.0 = Release|Any CPU
		{0C3A9DE9-476B-4038-9258-1B066125A45B}.Release|ARM.Deploy.0 = Release|Any CPU
		{0C3A9DE9-476B-4038-9258-1B066125A45B}.Release|iPhone.ActiveCfg = Release|Any CPU
		{0C3A9DE9-476B-4038-9258-1B066125A45B}.Release|iPhone.Build.0 = Release|Any CPU
		{0C3A9DE9-476B-4038-9258-1B066125A45B}.Release|iPhone.Deploy.0 = Release|Any CPU
		{0C3A9DE9-476B-4038-9258-1B066125A45B}.Release|iPhoneSimulator.ActiveCfg = Release|Any CPU
		{0C3A9DE9-476B-4038-9258-1B066125A45B}.Release|iPhoneSimulator.Build.0 = Release|Any CPU
		{0C3A9DE9-476B-4038-9258-1B066125A45B}.Release|iPhoneSimulator.Deploy.0 = Release|Any CPU
		{0C3A9DE9-476B-4038-9258-1B066125A45B}.Release|x64.ActiveCfg = Release|Any CPU
		{0C3A9DE9-476B-4038-9258-1B066125A45B}.Release|x64.Build.0 = Release|Any CPU
		{0C3A9DE9-476B-4038-9258-1B066125A45B}.Release|x64.Deploy.0 = Release|Any CPU
		{0C3A9DE9-476B-4038-9258-1B066125A45B}.Release|x86.ActiveCfg = Release|Any CPU
		{0C3A9DE9-476B-4038-9258-1B066125A45B}.Release|x86.Build.0 = Release|Any CPU
		{0C3A9DE9-476B-4038-9258-1B066125A45B}.Release|x86.Deploy.0 = Release|Any CPU
		{0AC46EC9-EC99-4BFA-8DA9-4D9E0E9CB039}.Ad-Hoc|Any CPU.ActiveCfg = Release|Any CPU
		{0AC46EC9-EC99-4BFA-8DA9-4D9E0E9CB039}.Ad-Hoc|Any CPU.Build.0 = Release|Any CPU
		{0AC46EC9-EC99-4BFA-8DA9-4D9E0E9CB039}.Ad-Hoc|ARM.ActiveCfg = Release|Any CPU
		{0AC46EC9-EC99-4BFA-8DA9-4D9E0E9CB039}.Ad-Hoc|ARM.Build.0 = Release|Any CPU
		{0AC46EC9-EC99-4BFA-8DA9-4D9E0E9CB039}.Ad-Hoc|iPhone.ActiveCfg = Release|Any CPU
		{0AC46EC9-EC99-4BFA-8DA9-4D9E0E9CB039}.Ad-Hoc|iPhone.Build.0 = Release|Any CPU
		{0AC46EC9-EC99-4BFA-8DA9-4D9E0E9CB039}.Ad-Hoc|iPhoneSimulator.ActiveCfg = Release|Any CPU
		{0AC46EC9-EC99-4BFA-8DA9-4D9E0E9CB039}.Ad-Hoc|iPhoneSimulator.Build.0 = Release|Any CPU
		{0AC46EC9-EC99-4BFA-8DA9-4D9E0E9CB039}.Ad-Hoc|x64.ActiveCfg = Release|Any CPU
		{0AC46EC9-EC99-4BFA-8DA9-4D9E0E9CB039}.Ad-Hoc|x64.Build.0 = Release|Any CPU
		{0AC46EC9-EC99-4BFA-8DA9-4D9E0E9CB039}.Ad-Hoc|x86.ActiveCfg = Release|Any CPU
		{0AC46EC9-EC99-4BFA-8DA9-4D9E0E9CB039}.Ad-Hoc|x86.Build.0 = Release|Any CPU
		{0AC46EC9-EC99-4BFA-8DA9-4D9E0E9CB039}.AppStore|Any CPU.ActiveCfg = Release|Any CPU
		{0AC46EC9-EC99-4BFA-8DA9-4D9E0E9CB039}.AppStore|Any CPU.Build.0 = Release|Any CPU
		{0AC46EC9-EC99-4BFA-8DA9-4D9E0E9CB039}.AppStore|ARM.ActiveCfg = Release|Any CPU
		{0AC46EC9-EC99-4BFA-8DA9-4D9E0E9CB039}.AppStore|ARM.Build.0 = Release|Any CPU
		{0AC46EC9-EC99-4BFA-8DA9-4D9E0E9CB039}.AppStore|iPhone.ActiveCfg = Release|Any CPU
		{0AC46EC9-EC99-4BFA-8DA9-4D9E0E9CB039}.AppStore|iPhone.Build.0 = Release|Any CPU
		{0AC46EC9-EC99-4BFA-8DA9-4D9E0E9CB039}.AppStore|iPhoneSimulator.ActiveCfg = Release|Any CPU
		{0AC46EC9-EC99-4BFA-8DA9-4D9E0E9CB039}.AppStore|iPhoneSimulator.Build.0 = Release|Any CPU
		{0AC46EC9-EC99-4BFA-8DA9-4D9E0E9CB039}.AppStore|x64.ActiveCfg = Release|Any CPU
		{0AC46EC9-EC99-4BFA-8DA9-4D9E0E9CB039}.AppStore|x64.Build.0 = Release|Any CPU
		{0AC46EC9-EC99-4BFA-8DA9-4D9E0E9CB039}.AppStore|x86.ActiveCfg = Release|Any CPU
		{0AC46EC9-EC99-4BFA-8DA9-4D9E0E9CB039}.AppStore|x86.Build.0 = Release|Any CPU
		{0AC46EC9-EC99-4BFA-8DA9-4D9E0E9CB039}.Debug|Any CPU.ActiveCfg = Debug|Any CPU
		{0AC46EC9-EC99-4BFA-8DA9-4D9E0E9CB039}.Debug|Any CPU.Build.0 = Debug|Any CPU
		{0AC46EC9-EC99-4BFA-8DA9-4D9E0E9CB039}.Debug|ARM.ActiveCfg = Debug|Any CPU
		{0AC46EC9-EC99-4BFA-8DA9-4D9E0E9CB039}.Debug|ARM.Build.0 = Debug|Any CPU
		{0AC46EC9-EC99-4BFA-8DA9-4D9E0E9CB039}.Debug|iPhone.ActiveCfg = Debug|Any CPU
		{0AC46EC9-EC99-4BFA-8DA9-4D9E0E9CB039}.Debug|iPhone.Build.0 = Debug|Any CPU
		{0AC46EC9-EC99-4BFA-8DA9-4D9E0E9CB039}.Debug|iPhoneSimulator.ActiveCfg = Debug|Any CPU
		{0AC46EC9-EC99-4BFA-8DA9-4D9E0E9CB039}.Debug|iPhoneSimulator.Build.0 = Debug|Any CPU
		{0AC46EC9-EC99-4BFA-8DA9-4D9E0E9CB039}.Debug|x64.ActiveCfg = Debug|Any CPU
		{0AC46EC9-EC99-4BFA-8DA9-4D9E0E9CB039}.Debug|x64.Build.0 = Debug|Any CPU
		{0AC46EC9-EC99-4BFA-8DA9-4D9E0E9CB039}.Debug|x86.ActiveCfg = Debug|Any CPU
		{0AC46EC9-EC99-4BFA-8DA9-4D9E0E9CB039}.Debug|x86.Build.0 = Debug|Any CPU
		{0AC46EC9-EC99-4BFA-8DA9-4D9E0E9CB039}.Release|Any CPU.ActiveCfg = Release|Any CPU
		{0AC46EC9-EC99-4BFA-8DA9-4D9E0E9CB039}.Release|Any CPU.Build.0 = Release|Any CPU
		{0AC46EC9-EC99-4BFA-8DA9-4D9E0E9CB039}.Release|ARM.ActiveCfg = Release|Any CPU
		{0AC46EC9-EC99-4BFA-8DA9-4D9E0E9CB039}.Release|ARM.Build.0 = Release|Any CPU
		{0AC46EC9-EC99-4BFA-8DA9-4D9E0E9CB039}.Release|iPhone.ActiveCfg = Release|Any CPU
		{0AC46EC9-EC99-4BFA-8DA9-4D9E0E9CB039}.Release|iPhone.Build.0 = Release|Any CPU
		{0AC46EC9-EC99-4BFA-8DA9-4D9E0E9CB039}.Release|iPhoneSimulator.ActiveCfg = Release|Any CPU
		{0AC46EC9-EC99-4BFA-8DA9-4D9E0E9CB039}.Release|iPhoneSimulator.Build.0 = Release|Any CPU
		{0AC46EC9-EC99-4BFA-8DA9-4D9E0E9CB039}.Release|x64.ActiveCfg = Release|Any CPU
		{0AC46EC9-EC99-4BFA-8DA9-4D9E0E9CB039}.Release|x64.Build.0 = Release|Any CPU
		{0AC46EC9-EC99-4BFA-8DA9-4D9E0E9CB039}.Release|x86.ActiveCfg = Release|Any CPU
		{0AC46EC9-EC99-4BFA-8DA9-4D9E0E9CB039}.Release|x86.Build.0 = Release|Any CPU
		{D99DBEA0-7E81-4557-BA85-EEDEB8BBA2BD}.Ad-Hoc|Any CPU.ActiveCfg = Release|Any CPU
		{D99DBEA0-7E81-4557-BA85-EEDEB8BBA2BD}.Ad-Hoc|Any CPU.Build.0 = Release|Any CPU
		{D99DBEA0-7E81-4557-BA85-EEDEB8BBA2BD}.Ad-Hoc|ARM.ActiveCfg = Release|Any CPU
		{D99DBEA0-7E81-4557-BA85-EEDEB8BBA2BD}.Ad-Hoc|ARM.Build.0 = Release|Any CPU
		{D99DBEA0-7E81-4557-BA85-EEDEB8BBA2BD}.Ad-Hoc|iPhone.ActiveCfg = Release|Any CPU
		{D99DBEA0-7E81-4557-BA85-EEDEB8BBA2BD}.Ad-Hoc|iPhone.Build.0 = Release|Any CPU
		{D99DBEA0-7E81-4557-BA85-EEDEB8BBA2BD}.Ad-Hoc|iPhoneSimulator.ActiveCfg = Release|Any CPU
		{D99DBEA0-7E81-4557-BA85-EEDEB8BBA2BD}.Ad-Hoc|iPhoneSimulator.Build.0 = Release|Any CPU
		{D99DBEA0-7E81-4557-BA85-EEDEB8BBA2BD}.Ad-Hoc|x64.ActiveCfg = Release|Any CPU
		{D99DBEA0-7E81-4557-BA85-EEDEB8BBA2BD}.Ad-Hoc|x64.Build.0 = Release|Any CPU
		{D99DBEA0-7E81-4557-BA85-EEDEB8BBA2BD}.Ad-Hoc|x86.ActiveCfg = Release|Any CPU
		{D99DBEA0-7E81-4557-BA85-EEDEB8BBA2BD}.Ad-Hoc|x86.Build.0 = Release|Any CPU
		{D99DBEA0-7E81-4557-BA85-EEDEB8BBA2BD}.AppStore|Any CPU.ActiveCfg = Release|Any CPU
		{D99DBEA0-7E81-4557-BA85-EEDEB8BBA2BD}.AppStore|Any CPU.Build.0 = Release|Any CPU
		{D99DBEA0-7E81-4557-BA85-EEDEB8BBA2BD}.AppStore|ARM.ActiveCfg = Release|Any CPU
		{D99DBEA0-7E81-4557-BA85-EEDEB8BBA2BD}.AppStore|ARM.Build.0 = Release|Any CPU
		{D99DBEA0-7E81-4557-BA85-EEDEB8BBA2BD}.AppStore|iPhone.ActiveCfg = Release|Any CPU
		{D99DBEA0-7E81-4557-BA85-EEDEB8BBA2BD}.AppStore|iPhone.Build.0 = Release|Any CPU
		{D99DBEA0-7E81-4557-BA85-EEDEB8BBA2BD}.AppStore|iPhoneSimulator.ActiveCfg = Release|Any CPU
		{D99DBEA0-7E81-4557-BA85-EEDEB8BBA2BD}.AppStore|iPhoneSimulator.Build.0 = Release|Any CPU
		{D99DBEA0-7E81-4557-BA85-EEDEB8BBA2BD}.AppStore|x64.ActiveCfg = Release|Any CPU
		{D99DBEA0-7E81-4557-BA85-EEDEB8BBA2BD}.AppStore|x64.Build.0 = Release|Any CPU
		{D99DBEA0-7E81-4557-BA85-EEDEB8BBA2BD}.AppStore|x86.ActiveCfg = Release|Any CPU
		{D99DBEA0-7E81-4557-BA85-EEDEB8BBA2BD}.AppStore|x86.Build.0 = Release|Any CPU
		{D99DBEA0-7E81-4557-BA85-EEDEB8BBA2BD}.Debug|Any CPU.ActiveCfg = Debug|Any CPU
		{D99DBEA0-7E81-4557-BA85-EEDEB8BBA2BD}.Debug|Any CPU.Build.0 = Debug|Any CPU
		{D99DBEA0-7E81-4557-BA85-EEDEB8BBA2BD}.Debug|ARM.ActiveCfg = Debug|Any CPU
		{D99DBEA0-7E81-4557-BA85-EEDEB8BBA2BD}.Debug|ARM.Build.0 = Debug|Any CPU
		{D99DBEA0-7E81-4557-BA85-EEDEB8BBA2BD}.Debug|iPhone.ActiveCfg = Debug|Any CPU
		{D99DBEA0-7E81-4557-BA85-EEDEB8BBA2BD}.Debug|iPhone.Build.0 = Debug|Any CPU
		{D99DBEA0-7E81-4557-BA85-EEDEB8BBA2BD}.Debug|iPhoneSimulator.ActiveCfg = Debug|Any CPU
		{D99DBEA0-7E81-4557-BA85-EEDEB8BBA2BD}.Debug|iPhoneSimulator.Build.0 = Debug|Any CPU
		{D99DBEA0-7E81-4557-BA85-EEDEB8BBA2BD}.Debug|x64.ActiveCfg = Debug|Any CPU
		{D99DBEA0-7E81-4557-BA85-EEDEB8BBA2BD}.Debug|x64.Build.0 = Debug|Any CPU
		{D99DBEA0-7E81-4557-BA85-EEDEB8BBA2BD}.Debug|x86.ActiveCfg = Debug|Any CPU
		{D99DBEA0-7E81-4557-BA85-EEDEB8BBA2BD}.Debug|x86.Build.0 = Debug|Any CPU
		{D99DBEA0-7E81-4557-BA85-EEDEB8BBA2BD}.Release|Any CPU.ActiveCfg = Release|Any CPU
		{D99DBEA0-7E81-4557-BA85-EEDEB8BBA2BD}.Release|Any CPU.Build.0 = Release|Any CPU
		{D99DBEA0-7E81-4557-BA85-EEDEB8BBA2BD}.Release|ARM.ActiveCfg = Release|Any CPU
		{D99DBEA0-7E81-4557-BA85-EEDEB8BBA2BD}.Release|ARM.Build.0 = Release|Any CPU
		{D99DBEA0-7E81-4557-BA85-EEDEB8BBA2BD}.Release|iPhone.ActiveCfg = Release|Any CPU
		{D99DBEA0-7E81-4557-BA85-EEDEB8BBA2BD}.Release|iPhone.Build.0 = Release|Any CPU
		{D99DBEA0-7E81-4557-BA85-EEDEB8BBA2BD}.Release|iPhoneSimulator.ActiveCfg = Release|Any CPU
		{D99DBEA0-7E81-4557-BA85-EEDEB8BBA2BD}.Release|iPhoneSimulator.Build.0 = Release|Any CPU
		{D99DBEA0-7E81-4557-BA85-EEDEB8BBA2BD}.Release|x64.ActiveCfg = Release|Any CPU
		{D99DBEA0-7E81-4557-BA85-EEDEB8BBA2BD}.Release|x64.Build.0 = Release|Any CPU
		{D99DBEA0-7E81-4557-BA85-EEDEB8BBA2BD}.Release|x86.ActiveCfg = Release|Any CPU
		{D99DBEA0-7E81-4557-BA85-EEDEB8BBA2BD}.Release|x86.Build.0 = Release|Any CPU
		{73611822-03EB-4D3B-9564-638DCAD89938}.Ad-Hoc|Any CPU.ActiveCfg = Release|Any CPU
		{73611822-03EB-4D3B-9564-638DCAD89938}.Ad-Hoc|Any CPU.Build.0 = Release|Any CPU
		{73611822-03EB-4D3B-9564-638DCAD89938}.Ad-Hoc|ARM.ActiveCfg = Release|Any CPU
		{73611822-03EB-4D3B-9564-638DCAD89938}.Ad-Hoc|ARM.Build.0 = Release|Any CPU
		{73611822-03EB-4D3B-9564-638DCAD89938}.Ad-Hoc|iPhone.ActiveCfg = Release|Any CPU
		{73611822-03EB-4D3B-9564-638DCAD89938}.Ad-Hoc|iPhone.Build.0 = Release|Any CPU
		{73611822-03EB-4D3B-9564-638DCAD89938}.Ad-Hoc|iPhoneSimulator.ActiveCfg = Release|Any CPU
		{73611822-03EB-4D3B-9564-638DCAD89938}.Ad-Hoc|iPhoneSimulator.Build.0 = Release|Any CPU
		{73611822-03EB-4D3B-9564-638DCAD89938}.Ad-Hoc|x64.ActiveCfg = Release|Any CPU
		{73611822-03EB-4D3B-9564-638DCAD89938}.Ad-Hoc|x64.Build.0 = Release|Any CPU
		{73611822-03EB-4D3B-9564-638DCAD89938}.Ad-Hoc|x86.ActiveCfg = Release|Any CPU
		{73611822-03EB-4D3B-9564-638DCAD89938}.Ad-Hoc|x86.Build.0 = Release|Any CPU
		{73611822-03EB-4D3B-9564-638DCAD89938}.AppStore|Any CPU.ActiveCfg = Release|Any CPU
		{73611822-03EB-4D3B-9564-638DCAD89938}.AppStore|Any CPU.Build.0 = Release|Any CPU
		{73611822-03EB-4D3B-9564-638DCAD89938}.AppStore|ARM.ActiveCfg = Release|Any CPU
		{73611822-03EB-4D3B-9564-638DCAD89938}.AppStore|ARM.Build.0 = Release|Any CPU
		{73611822-03EB-4D3B-9564-638DCAD89938}.AppStore|iPhone.ActiveCfg = Release|Any CPU
		{73611822-03EB-4D3B-9564-638DCAD89938}.AppStore|iPhone.Build.0 = Release|Any CPU
		{73611822-03EB-4D3B-9564-638DCAD89938}.AppStore|iPhoneSimulator.ActiveCfg = Release|Any CPU
		{73611822-03EB-4D3B-9564-638DCAD89938}.AppStore|iPhoneSimulator.Build.0 = Release|Any CPU
		{73611822-03EB-4D3B-9564-638DCAD89938}.AppStore|x64.ActiveCfg = Release|Any CPU
		{73611822-03EB-4D3B-9564-638DCAD89938}.AppStore|x64.Build.0 = Release|Any CPU
		{73611822-03EB-4D3B-9564-638DCAD89938}.AppStore|x86.ActiveCfg = Release|Any CPU
		{73611822-03EB-4D3B-9564-638DCAD89938}.AppStore|x86.Build.0 = Release|Any CPU
		{73611822-03EB-4D3B-9564-638DCAD89938}.Debug|Any CPU.ActiveCfg = Debug|Any CPU
		{73611822-03EB-4D3B-9564-638DCAD89938}.Debug|Any CPU.Build.0 = Debug|Any CPU
		{73611822-03EB-4D3B-9564-638DCAD89938}.Debug|ARM.ActiveCfg = Debug|Any CPU
		{73611822-03EB-4D3B-9564-638DCAD89938}.Debug|ARM.Build.0 = Debug|Any CPU
		{73611822-03EB-4D3B-9564-638DCAD89938}.Debug|iPhone.ActiveCfg = Debug|Any CPU
		{73611822-03EB-4D3B-9564-638DCAD89938}.Debug|iPhone.Build.0 = Debug|Any CPU
		{73611822-03EB-4D3B-9564-638DCAD89938}.Debug|iPhoneSimulator.ActiveCfg = Debug|Any CPU
		{73611822-03EB-4D3B-9564-638DCAD89938}.Debug|iPhoneSimulator.Build.0 = Debug|Any CPU
		{73611822-03EB-4D3B-9564-638DCAD89938}.Debug|x64.ActiveCfg = Debug|Any CPU
		{73611822-03EB-4D3B-9564-638DCAD89938}.Debug|x64.Build.0 = Debug|Any CPU
		{73611822-03EB-4D3B-9564-638DCAD89938}.Debug|x86.ActiveCfg = Debug|Any CPU
		{73611822-03EB-4D3B-9564-638DCAD89938}.Debug|x86.Build.0 = Debug|Any CPU
		{73611822-03EB-4D3B-9564-638DCAD89938}.Release|Any CPU.ActiveCfg = Release|Any CPU
		{73611822-03EB-4D3B-9564-638DCAD89938}.Release|Any CPU.Build.0 = Release|Any CPU
		{73611822-03EB-4D3B-9564-638DCAD89938}.Release|ARM.ActiveCfg = Release|Any CPU
		{73611822-03EB-4D3B-9564-638DCAD89938}.Release|ARM.Build.0 = Release|Any CPU
		{73611822-03EB-4D3B-9564-638DCAD89938}.Release|iPhone.ActiveCfg = Release|Any CPU
		{73611822-03EB-4D3B-9564-638DCAD89938}.Release|iPhone.Build.0 = Release|Any CPU
		{73611822-03EB-4D3B-9564-638DCAD89938}.Release|iPhoneSimulator.ActiveCfg = Release|Any CPU
		{73611822-03EB-4D3B-9564-638DCAD89938}.Release|iPhoneSimulator.Build.0 = Release|Any CPU
		{73611822-03EB-4D3B-9564-638DCAD89938}.Release|x64.ActiveCfg = Release|Any CPU
		{73611822-03EB-4D3B-9564-638DCAD89938}.Release|x64.Build.0 = Release|Any CPU
		{73611822-03EB-4D3B-9564-638DCAD89938}.Release|x86.ActiveCfg = Release|Any CPU
		{73611822-03EB-4D3B-9564-638DCAD89938}.Release|x86.Build.0 = Release|Any CPU
		{A9C5DD3C-2E90-4160-8C7D-0B478E820170}.Ad-Hoc|Any CPU.ActiveCfg = Release|Any CPU
		{A9C5DD3C-2E90-4160-8C7D-0B478E820170}.Ad-Hoc|Any CPU.Build.0 = Release|Any CPU
		{A9C5DD3C-2E90-4160-8C7D-0B478E820170}.Ad-Hoc|ARM.ActiveCfg = Release|Any CPU
		{A9C5DD3C-2E90-4160-8C7D-0B478E820170}.Ad-Hoc|ARM.Build.0 = Release|Any CPU
		{A9C5DD3C-2E90-4160-8C7D-0B478E820170}.Ad-Hoc|iPhone.ActiveCfg = Release|Any CPU
		{A9C5DD3C-2E90-4160-8C7D-0B478E820170}.Ad-Hoc|iPhone.Build.0 = Release|Any CPU
		{A9C5DD3C-2E90-4160-8C7D-0B478E820170}.Ad-Hoc|iPhoneSimulator.ActiveCfg = Release|Any CPU
		{A9C5DD3C-2E90-4160-8C7D-0B478E820170}.Ad-Hoc|iPhoneSimulator.Build.0 = Release|Any CPU
		{A9C5DD3C-2E90-4160-8C7D-0B478E820170}.Ad-Hoc|x64.ActiveCfg = Release|Any CPU
		{A9C5DD3C-2E90-4160-8C7D-0B478E820170}.Ad-Hoc|x64.Build.0 = Release|Any CPU
		{A9C5DD3C-2E90-4160-8C7D-0B478E820170}.Ad-Hoc|x86.ActiveCfg = Release|Any CPU
		{A9C5DD3C-2E90-4160-8C7D-0B478E820170}.Ad-Hoc|x86.Build.0 = Release|Any CPU
		{A9C5DD3C-2E90-4160-8C7D-0B478E820170}.AppStore|Any CPU.ActiveCfg = Release|Any CPU
		{A9C5DD3C-2E90-4160-8C7D-0B478E820170}.AppStore|Any CPU.Build.0 = Release|Any CPU
		{A9C5DD3C-2E90-4160-8C7D-0B478E820170}.AppStore|ARM.ActiveCfg = Release|Any CPU
		{A9C5DD3C-2E90-4160-8C7D-0B478E820170}.AppStore|ARM.Build.0 = Release|Any CPU
		{A9C5DD3C-2E90-4160-8C7D-0B478E820170}.AppStore|iPhone.ActiveCfg = Release|Any CPU
		{A9C5DD3C-2E90-4160-8C7D-0B478E820170}.AppStore|iPhone.Build.0 = Release|Any CPU
		{A9C5DD3C-2E90-4160-8C7D-0B478E820170}.AppStore|iPhoneSimulator.ActiveCfg = Release|Any CPU
		{A9C5DD3C-2E90-4160-8C7D-0B478E820170}.AppStore|iPhoneSimulator.Build.0 = Release|Any CPU
		{A9C5DD3C-2E90-4160-8C7D-0B478E820170}.AppStore|x64.ActiveCfg = Release|Any CPU
		{A9C5DD3C-2E90-4160-8C7D-0B478E820170}.AppStore|x64.Build.0 = Release|Any CPU
		{A9C5DD3C-2E90-4160-8C7D-0B478E820170}.AppStore|x86.ActiveCfg = Release|Any CPU
		{A9C5DD3C-2E90-4160-8C7D-0B478E820170}.AppStore|x86.Build.0 = Release|Any CPU
		{A9C5DD3C-2E90-4160-8C7D-0B478E820170}.Debug|Any CPU.ActiveCfg = Debug|Any CPU
		{A9C5DD3C-2E90-4160-8C7D-0B478E820170}.Debug|Any CPU.Build.0 = Debug|Any CPU
		{A9C5DD3C-2E90-4160-8C7D-0B478E820170}.Debug|ARM.ActiveCfg = Debug|Any CPU
		{A9C5DD3C-2E90-4160-8C7D-0B478E820170}.Debug|ARM.Build.0 = Debug|Any CPU
		{A9C5DD3C-2E90-4160-8C7D-0B478E820170}.Debug|iPhone.ActiveCfg = Debug|Any CPU
		{A9C5DD3C-2E90-4160-8C7D-0B478E820170}.Debug|iPhone.Build.0 = Debug|Any CPU
		{A9C5DD3C-2E90-4160-8C7D-0B478E820170}.Debug|iPhoneSimulator.ActiveCfg = Debug|Any CPU
		{A9C5DD3C-2E90-4160-8C7D-0B478E820170}.Debug|iPhoneSimulator.Build.0 = Debug|Any CPU
		{A9C5DD3C-2E90-4160-8C7D-0B478E820170}.Debug|x64.ActiveCfg = Debug|Any CPU
		{A9C5DD3C-2E90-4160-8C7D-0B478E820170}.Debug|x64.Build.0 = Debug|Any CPU
		{A9C5DD3C-2E90-4160-8C7D-0B478E820170}.Debug|x86.ActiveCfg = Debug|Any CPU
		{A9C5DD3C-2E90-4160-8C7D-0B478E820170}.Debug|x86.Build.0 = Debug|Any CPU
		{A9C5DD3C-2E90-4160-8C7D-0B478E820170}.Release|Any CPU.ActiveCfg = Release|Any CPU
		{A9C5DD3C-2E90-4160-8C7D-0B478E820170}.Release|Any CPU.Build.0 = Release|Any CPU
		{A9C5DD3C-2E90-4160-8C7D-0B478E820170}.Release|ARM.ActiveCfg = Release|Any CPU
		{A9C5DD3C-2E90-4160-8C7D-0B478E820170}.Release|ARM.Build.0 = Release|Any CPU
		{A9C5DD3C-2E90-4160-8C7D-0B478E820170}.Release|iPhone.ActiveCfg = Release|Any CPU
		{A9C5DD3C-2E90-4160-8C7D-0B478E820170}.Release|iPhone.Build.0 = Release|Any CPU
		{A9C5DD3C-2E90-4160-8C7D-0B478E820170}.Release|iPhoneSimulator.ActiveCfg = Release|Any CPU
		{A9C5DD3C-2E90-4160-8C7D-0B478E820170}.Release|iPhoneSimulator.Build.0 = Release|Any CPU
		{A9C5DD3C-2E90-4160-8C7D-0B478E820170}.Release|x64.ActiveCfg = Release|Any CPU
		{A9C5DD3C-2E90-4160-8C7D-0B478E820170}.Release|x64.Build.0 = Release|Any CPU
		{A9C5DD3C-2E90-4160-8C7D-0B478E820170}.Release|x86.ActiveCfg = Release|Any CPU
		{A9C5DD3C-2E90-4160-8C7D-0B478E820170}.Release|x86.Build.0 = Release|Any CPU
		{8E5A58BE-1354-45D9-BE27-B61592EC16F4}.Ad-Hoc|Any CPU.ActiveCfg = Release|Any CPU
		{8E5A58BE-1354-45D9-BE27-B61592EC16F4}.Ad-Hoc|Any CPU.Build.0 = Release|Any CPU
		{8E5A58BE-1354-45D9-BE27-B61592EC16F4}.Ad-Hoc|ARM.ActiveCfg = Release|Any CPU
		{8E5A58BE-1354-45D9-BE27-B61592EC16F4}.Ad-Hoc|ARM.Build.0 = Release|Any CPU
		{8E5A58BE-1354-45D9-BE27-B61592EC16F4}.Ad-Hoc|iPhone.ActiveCfg = Release|Any CPU
		{8E5A58BE-1354-45D9-BE27-B61592EC16F4}.Ad-Hoc|iPhone.Build.0 = Release|Any CPU
		{8E5A58BE-1354-45D9-BE27-B61592EC16F4}.Ad-Hoc|iPhoneSimulator.ActiveCfg = Release|Any CPU
		{8E5A58BE-1354-45D9-BE27-B61592EC16F4}.Ad-Hoc|iPhoneSimulator.Build.0 = Release|Any CPU
		{8E5A58BE-1354-45D9-BE27-B61592EC16F4}.Ad-Hoc|x64.ActiveCfg = Release|Any CPU
		{8E5A58BE-1354-45D9-BE27-B61592EC16F4}.Ad-Hoc|x64.Build.0 = Release|Any CPU
		{8E5A58BE-1354-45D9-BE27-B61592EC16F4}.Ad-Hoc|x86.ActiveCfg = Release|Any CPU
		{8E5A58BE-1354-45D9-BE27-B61592EC16F4}.Ad-Hoc|x86.Build.0 = Release|Any CPU
		{8E5A58BE-1354-45D9-BE27-B61592EC16F4}.AppStore|Any CPU.ActiveCfg = Release|Any CPU
		{8E5A58BE-1354-45D9-BE27-B61592EC16F4}.AppStore|Any CPU.Build.0 = Release|Any CPU
		{8E5A58BE-1354-45D9-BE27-B61592EC16F4}.AppStore|ARM.ActiveCfg = Release|Any CPU
		{8E5A58BE-1354-45D9-BE27-B61592EC16F4}.AppStore|ARM.Build.0 = Release|Any CPU
		{8E5A58BE-1354-45D9-BE27-B61592EC16F4}.AppStore|iPhone.ActiveCfg = Release|Any CPU
		{8E5A58BE-1354-45D9-BE27-B61592EC16F4}.AppStore|iPhone.Build.0 = Release|Any CPU
		{8E5A58BE-1354-45D9-BE27-B61592EC16F4}.AppStore|iPhoneSimulator.ActiveCfg = Release|Any CPU
		{8E5A58BE-1354-45D9-BE27-B61592EC16F4}.AppStore|iPhoneSimulator.Build.0 = Release|Any CPU
		{8E5A58BE-1354-45D9-BE27-B61592EC16F4}.AppStore|x64.ActiveCfg = Release|Any CPU
		{8E5A58BE-1354-45D9-BE27-B61592EC16F4}.AppStore|x64.Build.0 = Release|Any CPU
		{8E5A58BE-1354-45D9-BE27-B61592EC16F4}.AppStore|x86.ActiveCfg = Release|Any CPU
		{8E5A58BE-1354-45D9-BE27-B61592EC16F4}.AppStore|x86.Build.0 = Release|Any CPU
		{8E5A58BE-1354-45D9-BE27-B61592EC16F4}.Debug|Any CPU.ActiveCfg = Debug|Any CPU
		{8E5A58BE-1354-45D9-BE27-B61592EC16F4}.Debug|Any CPU.Build.0 = Debug|Any CPU
		{8E5A58BE-1354-45D9-BE27-B61592EC16F4}.Debug|ARM.ActiveCfg = Debug|Any CPU
		{8E5A58BE-1354-45D9-BE27-B61592EC16F4}.Debug|ARM.Build.0 = Debug|Any CPU
		{8E5A58BE-1354-45D9-BE27-B61592EC16F4}.Debug|iPhone.ActiveCfg = Debug|Any CPU
		{8E5A58BE-1354-45D9-BE27-B61592EC16F4}.Debug|iPhone.Build.0 = Debug|Any CPU
		{8E5A58BE-1354-45D9-BE27-B61592EC16F4}.Debug|iPhoneSimulator.ActiveCfg = Debug|Any CPU
		{8E5A58BE-1354-45D9-BE27-B61592EC16F4}.Debug|iPhoneSimulator.Build.0 = Debug|Any CPU
		{8E5A58BE-1354-45D9-BE27-B61592EC16F4}.Debug|x64.ActiveCfg = Debug|Any CPU
		{8E5A58BE-1354-45D9-BE27-B61592EC16F4}.Debug|x64.Build.0 = Debug|Any CPU
		{8E5A58BE-1354-45D9-BE27-B61592EC16F4}.Debug|x86.ActiveCfg = Debug|Any CPU
		{8E5A58BE-1354-45D9-BE27-B61592EC16F4}.Debug|x86.Build.0 = Debug|Any CPU
		{8E5A58BE-1354-45D9-BE27-B61592EC16F4}.Release|Any CPU.ActiveCfg = Release|Any CPU
		{8E5A58BE-1354-45D9-BE27-B61592EC16F4}.Release|Any CPU.Build.0 = Release|Any CPU
		{8E5A58BE-1354-45D9-BE27-B61592EC16F4}.Release|ARM.ActiveCfg = Release|Any CPU
		{8E5A58BE-1354-45D9-BE27-B61592EC16F4}.Release|ARM.Build.0 = Release|Any CPU
		{8E5A58BE-1354-45D9-BE27-B61592EC16F4}.Release|iPhone.ActiveCfg = Release|Any CPU
		{8E5A58BE-1354-45D9-BE27-B61592EC16F4}.Release|iPhone.Build.0 = Release|Any CPU
		{8E5A58BE-1354-45D9-BE27-B61592EC16F4}.Release|iPhoneSimulator.ActiveCfg = Release|Any CPU
		{8E5A58BE-1354-45D9-BE27-B61592EC16F4}.Release|iPhoneSimulator.Build.0 = Release|Any CPU
		{8E5A58BE-1354-45D9-BE27-B61592EC16F4}.Release|x64.ActiveCfg = Release|Any CPU
		{8E5A58BE-1354-45D9-BE27-B61592EC16F4}.Release|x64.Build.0 = Release|Any CPU
		{8E5A58BE-1354-45D9-BE27-B61592EC16F4}.Release|x86.ActiveCfg = Release|Any CPU
		{8E5A58BE-1354-45D9-BE27-B61592EC16F4}.Release|x86.Build.0 = Release|Any CPU
		{70E53763-30B5-49EC-B795-19526777231F}.Ad-Hoc|Any CPU.ActiveCfg = Debug|Any CPU
		{70E53763-30B5-49EC-B795-19526777231F}.Ad-Hoc|Any CPU.Build.0 = Debug|Any CPU
		{70E53763-30B5-49EC-B795-19526777231F}.Ad-Hoc|ARM.ActiveCfg = Debug|Any CPU
		{70E53763-30B5-49EC-B795-19526777231F}.Ad-Hoc|ARM.Build.0 = Debug|Any CPU
		{70E53763-30B5-49EC-B795-19526777231F}.Ad-Hoc|iPhone.ActiveCfg = Debug|Any CPU
		{70E53763-30B5-49EC-B795-19526777231F}.Ad-Hoc|iPhone.Build.0 = Debug|Any CPU
		{70E53763-30B5-49EC-B795-19526777231F}.Ad-Hoc|iPhoneSimulator.ActiveCfg = Debug|Any CPU
		{70E53763-30B5-49EC-B795-19526777231F}.Ad-Hoc|iPhoneSimulator.Build.0 = Debug|Any CPU
		{70E53763-30B5-49EC-B795-19526777231F}.Ad-Hoc|x64.ActiveCfg = Debug|Any CPU
		{70E53763-30B5-49EC-B795-19526777231F}.Ad-Hoc|x64.Build.0 = Debug|Any CPU
		{70E53763-30B5-49EC-B795-19526777231F}.Ad-Hoc|x86.ActiveCfg = Debug|Any CPU
		{70E53763-30B5-49EC-B795-19526777231F}.Ad-Hoc|x86.Build.0 = Debug|Any CPU
		{70E53763-30B5-49EC-B795-19526777231F}.AppStore|Any CPU.ActiveCfg = Debug|Any CPU
		{70E53763-30B5-49EC-B795-19526777231F}.AppStore|Any CPU.Build.0 = Debug|Any CPU
		{70E53763-30B5-49EC-B795-19526777231F}.AppStore|ARM.ActiveCfg = Debug|Any CPU
		{70E53763-30B5-49EC-B795-19526777231F}.AppStore|ARM.Build.0 = Debug|Any CPU
		{70E53763-30B5-49EC-B795-19526777231F}.AppStore|iPhone.ActiveCfg = Debug|Any CPU
		{70E53763-30B5-49EC-B795-19526777231F}.AppStore|iPhone.Build.0 = Debug|Any CPU
		{70E53763-30B5-49EC-B795-19526777231F}.AppStore|iPhoneSimulator.ActiveCfg = Debug|Any CPU
		{70E53763-30B5-49EC-B795-19526777231F}.AppStore|iPhoneSimulator.Build.0 = Debug|Any CPU
		{70E53763-30B5-49EC-B795-19526777231F}.AppStore|x64.ActiveCfg = Debug|Any CPU
		{70E53763-30B5-49EC-B795-19526777231F}.AppStore|x64.Build.0 = Debug|Any CPU
		{70E53763-30B5-49EC-B795-19526777231F}.AppStore|x86.ActiveCfg = Debug|Any CPU
		{70E53763-30B5-49EC-B795-19526777231F}.AppStore|x86.Build.0 = Debug|Any CPU
		{70E53763-30B5-49EC-B795-19526777231F}.Debug|Any CPU.ActiveCfg = Debug|Any CPU
		{70E53763-30B5-49EC-B795-19526777231F}.Debug|Any CPU.Build.0 = Debug|Any CPU
		{70E53763-30B5-49EC-B795-19526777231F}.Debug|ARM.ActiveCfg = Debug|Any CPU
		{70E53763-30B5-49EC-B795-19526777231F}.Debug|ARM.Build.0 = Debug|Any CPU
		{70E53763-30B5-49EC-B795-19526777231F}.Debug|iPhone.ActiveCfg = Debug|Any CPU
		{70E53763-30B5-49EC-B795-19526777231F}.Debug|iPhone.Build.0 = Debug|Any CPU
		{70E53763-30B5-49EC-B795-19526777231F}.Debug|iPhoneSimulator.ActiveCfg = Debug|Any CPU
		{70E53763-30B5-49EC-B795-19526777231F}.Debug|iPhoneSimulator.Build.0 = Debug|Any CPU
		{70E53763-30B5-49EC-B795-19526777231F}.Debug|x64.ActiveCfg = Debug|Any CPU
		{70E53763-30B5-49EC-B795-19526777231F}.Debug|x64.Build.0 = Debug|Any CPU
		{70E53763-30B5-49EC-B795-19526777231F}.Debug|x86.ActiveCfg = Debug|Any CPU
		{70E53763-30B5-49EC-B795-19526777231F}.Debug|x86.Build.0 = Debug|Any CPU
		{70E53763-30B5-49EC-B795-19526777231F}.Release|Any CPU.ActiveCfg = Release|Any CPU
		{70E53763-30B5-49EC-B795-19526777231F}.Release|Any CPU.Build.0 = Release|Any CPU
		{70E53763-30B5-49EC-B795-19526777231F}.Release|ARM.ActiveCfg = Release|Any CPU
		{70E53763-30B5-49EC-B795-19526777231F}.Release|ARM.Build.0 = Release|Any CPU
		{70E53763-30B5-49EC-B795-19526777231F}.Release|iPhone.ActiveCfg = Release|Any CPU
		{70E53763-30B5-49EC-B795-19526777231F}.Release|iPhone.Build.0 = Release|Any CPU
		{70E53763-30B5-49EC-B795-19526777231F}.Release|iPhoneSimulator.ActiveCfg = Release|Any CPU
		{70E53763-30B5-49EC-B795-19526777231F}.Release|iPhoneSimulator.Build.0 = Release|Any CPU
		{70E53763-30B5-49EC-B795-19526777231F}.Release|x64.ActiveCfg = Release|Any CPU
		{70E53763-30B5-49EC-B795-19526777231F}.Release|x64.Build.0 = Release|Any CPU
		{70E53763-30B5-49EC-B795-19526777231F}.Release|x86.ActiveCfg = Release|Any CPU
		{70E53763-30B5-49EC-B795-19526777231F}.Release|x86.Build.0 = Release|Any CPU
		{AFE1DDB6-C41D-4E87-983E-F371C8EDA0D7}.Ad-Hoc|Any CPU.ActiveCfg = Debug|Any CPU
		{AFE1DDB6-C41D-4E87-983E-F371C8EDA0D7}.Ad-Hoc|Any CPU.Build.0 = Debug|Any CPU
		{AFE1DDB6-C41D-4E87-983E-F371C8EDA0D7}.Ad-Hoc|ARM.ActiveCfg = Debug|Any CPU
		{AFE1DDB6-C41D-4E87-983E-F371C8EDA0D7}.Ad-Hoc|ARM.Build.0 = Debug|Any CPU
		{AFE1DDB6-C41D-4E87-983E-F371C8EDA0D7}.Ad-Hoc|iPhone.ActiveCfg = Debug|Any CPU
		{AFE1DDB6-C41D-4E87-983E-F371C8EDA0D7}.Ad-Hoc|iPhone.Build.0 = Debug|Any CPU
		{AFE1DDB6-C41D-4E87-983E-F371C8EDA0D7}.Ad-Hoc|iPhoneSimulator.ActiveCfg = Debug|Any CPU
		{AFE1DDB6-C41D-4E87-983E-F371C8EDA0D7}.Ad-Hoc|iPhoneSimulator.Build.0 = Debug|Any CPU
		{AFE1DDB6-C41D-4E87-983E-F371C8EDA0D7}.Ad-Hoc|x64.ActiveCfg = Debug|Any CPU
		{AFE1DDB6-C41D-4E87-983E-F371C8EDA0D7}.Ad-Hoc|x64.Build.0 = Debug|Any CPU
		{AFE1DDB6-C41D-4E87-983E-F371C8EDA0D7}.Ad-Hoc|x86.ActiveCfg = Debug|Any CPU
		{AFE1DDB6-C41D-4E87-983E-F371C8EDA0D7}.Ad-Hoc|x86.Build.0 = Debug|Any CPU
		{AFE1DDB6-C41D-4E87-983E-F371C8EDA0D7}.AppStore|Any CPU.ActiveCfg = Debug|Any CPU
		{AFE1DDB6-C41D-4E87-983E-F371C8EDA0D7}.AppStore|Any CPU.Build.0 = Debug|Any CPU
		{AFE1DDB6-C41D-4E87-983E-F371C8EDA0D7}.AppStore|ARM.ActiveCfg = Debug|Any CPU
		{AFE1DDB6-C41D-4E87-983E-F371C8EDA0D7}.AppStore|ARM.Build.0 = Debug|Any CPU
		{AFE1DDB6-C41D-4E87-983E-F371C8EDA0D7}.AppStore|iPhone.ActiveCfg = Debug|Any CPU
		{AFE1DDB6-C41D-4E87-983E-F371C8EDA0D7}.AppStore|iPhone.Build.0 = Debug|Any CPU
		{AFE1DDB6-C41D-4E87-983E-F371C8EDA0D7}.AppStore|iPhoneSimulator.ActiveCfg = Debug|Any CPU
		{AFE1DDB6-C41D-4E87-983E-F371C8EDA0D7}.AppStore|iPhoneSimulator.Build.0 = Debug|Any CPU
		{AFE1DDB6-C41D-4E87-983E-F371C8EDA0D7}.AppStore|x64.ActiveCfg = Debug|Any CPU
		{AFE1DDB6-C41D-4E87-983E-F371C8EDA0D7}.AppStore|x64.Build.0 = Debug|Any CPU
		{AFE1DDB6-C41D-4E87-983E-F371C8EDA0D7}.AppStore|x86.ActiveCfg = Debug|Any CPU
		{AFE1DDB6-C41D-4E87-983E-F371C8EDA0D7}.AppStore|x86.Build.0 = Debug|Any CPU
		{AFE1DDB6-C41D-4E87-983E-F371C8EDA0D7}.Debug|Any CPU.ActiveCfg = Debug|Any CPU
		{AFE1DDB6-C41D-4E87-983E-F371C8EDA0D7}.Debug|Any CPU.Build.0 = Debug|Any CPU
		{AFE1DDB6-C41D-4E87-983E-F371C8EDA0D7}.Debug|ARM.ActiveCfg = Debug|Any CPU
		{AFE1DDB6-C41D-4E87-983E-F371C8EDA0D7}.Debug|ARM.Build.0 = Debug|Any CPU
		{AFE1DDB6-C41D-4E87-983E-F371C8EDA0D7}.Debug|iPhone.ActiveCfg = Debug|Any CPU
		{AFE1DDB6-C41D-4E87-983E-F371C8EDA0D7}.Debug|iPhone.Build.0 = Debug|Any CPU
		{AFE1DDB6-C41D-4E87-983E-F371C8EDA0D7}.Debug|iPhoneSimulator.ActiveCfg = Debug|Any CPU
		{AFE1DDB6-C41D-4E87-983E-F371C8EDA0D7}.Debug|iPhoneSimulator.Build.0 = Debug|Any CPU
		{AFE1DDB6-C41D-4E87-983E-F371C8EDA0D7}.Debug|x64.ActiveCfg = Debug|Any CPU
		{AFE1DDB6-C41D-4E87-983E-F371C8EDA0D7}.Debug|x64.Build.0 = Debug|Any CPU
		{AFE1DDB6-C41D-4E87-983E-F371C8EDA0D7}.Debug|x86.ActiveCfg = Debug|Any CPU
		{AFE1DDB6-C41D-4E87-983E-F371C8EDA0D7}.Debug|x86.Build.0 = Debug|Any CPU
		{AFE1DDB6-C41D-4E87-983E-F371C8EDA0D7}.Release|Any CPU.ActiveCfg = Release|Any CPU
		{AFE1DDB6-C41D-4E87-983E-F371C8EDA0D7}.Release|Any CPU.Build.0 = Release|Any CPU
		{AFE1DDB6-C41D-4E87-983E-F371C8EDA0D7}.Release|ARM.ActiveCfg = Release|Any CPU
		{AFE1DDB6-C41D-4E87-983E-F371C8EDA0D7}.Release|ARM.Build.0 = Release|Any CPU
		{AFE1DDB6-C41D-4E87-983E-F371C8EDA0D7}.Release|iPhone.ActiveCfg = Release|Any CPU
		{AFE1DDB6-C41D-4E87-983E-F371C8EDA0D7}.Release|iPhone.Build.0 = Release|Any CPU
		{AFE1DDB6-C41D-4E87-983E-F371C8EDA0D7}.Release|iPhoneSimulator.ActiveCfg = Release|Any CPU
		{AFE1DDB6-C41D-4E87-983E-F371C8EDA0D7}.Release|iPhoneSimulator.Build.0 = Release|Any CPU
		{AFE1DDB6-C41D-4E87-983E-F371C8EDA0D7}.Release|x64.ActiveCfg = Release|Any CPU
		{AFE1DDB6-C41D-4E87-983E-F371C8EDA0D7}.Release|x64.Build.0 = Release|Any CPU
		{AFE1DDB6-C41D-4E87-983E-F371C8EDA0D7}.Release|x86.ActiveCfg = Release|Any CPU
		{AFE1DDB6-C41D-4E87-983E-F371C8EDA0D7}.Release|x86.Build.0 = Release|Any CPU
		{AB26883C-DBF2-4B28-9DBD-31FF29F222CF}.Ad-Hoc|Any CPU.ActiveCfg = Debug|Any CPU
		{AB26883C-DBF2-4B28-9DBD-31FF29F222CF}.Ad-Hoc|Any CPU.Build.0 = Debug|Any CPU
		{AB26883C-DBF2-4B28-9DBD-31FF29F222CF}.Ad-Hoc|ARM.ActiveCfg = Debug|Any CPU
		{AB26883C-DBF2-4B28-9DBD-31FF29F222CF}.Ad-Hoc|ARM.Build.0 = Debug|Any CPU
		{AB26883C-DBF2-4B28-9DBD-31FF29F222CF}.Ad-Hoc|iPhone.ActiveCfg = Debug|Any CPU
		{AB26883C-DBF2-4B28-9DBD-31FF29F222CF}.Ad-Hoc|iPhone.Build.0 = Debug|Any CPU
		{AB26883C-DBF2-4B28-9DBD-31FF29F222CF}.Ad-Hoc|iPhoneSimulator.ActiveCfg = Debug|Any CPU
		{AB26883C-DBF2-4B28-9DBD-31FF29F222CF}.Ad-Hoc|iPhoneSimulator.Build.0 = Debug|Any CPU
		{AB26883C-DBF2-4B28-9DBD-31FF29F222CF}.Ad-Hoc|x64.ActiveCfg = Debug|Any CPU
		{AB26883C-DBF2-4B28-9DBD-31FF29F222CF}.Ad-Hoc|x64.Build.0 = Debug|Any CPU
		{AB26883C-DBF2-4B28-9DBD-31FF29F222CF}.Ad-Hoc|x86.ActiveCfg = Debug|Any CPU
		{AB26883C-DBF2-4B28-9DBD-31FF29F222CF}.Ad-Hoc|x86.Build.0 = Debug|Any CPU
		{AB26883C-DBF2-4B28-9DBD-31FF29F222CF}.AppStore|Any CPU.ActiveCfg = Debug|Any CPU
		{AB26883C-DBF2-4B28-9DBD-31FF29F222CF}.AppStore|Any CPU.Build.0 = Debug|Any CPU
		{AB26883C-DBF2-4B28-9DBD-31FF29F222CF}.AppStore|ARM.ActiveCfg = Debug|Any CPU
		{AB26883C-DBF2-4B28-9DBD-31FF29F222CF}.AppStore|ARM.Build.0 = Debug|Any CPU
		{AB26883C-DBF2-4B28-9DBD-31FF29F222CF}.AppStore|iPhone.ActiveCfg = Debug|Any CPU
		{AB26883C-DBF2-4B28-9DBD-31FF29F222CF}.AppStore|iPhone.Build.0 = Debug|Any CPU
		{AB26883C-DBF2-4B28-9DBD-31FF29F222CF}.AppStore|iPhoneSimulator.ActiveCfg = Debug|Any CPU
		{AB26883C-DBF2-4B28-9DBD-31FF29F222CF}.AppStore|iPhoneSimulator.Build.0 = Debug|Any CPU
		{AB26883C-DBF2-4B28-9DBD-31FF29F222CF}.AppStore|x64.ActiveCfg = Debug|Any CPU
		{AB26883C-DBF2-4B28-9DBD-31FF29F222CF}.AppStore|x64.Build.0 = Debug|Any CPU
		{AB26883C-DBF2-4B28-9DBD-31FF29F222CF}.AppStore|x86.ActiveCfg = Debug|Any CPU
		{AB26883C-DBF2-4B28-9DBD-31FF29F222CF}.AppStore|x86.Build.0 = Debug|Any CPU
		{AB26883C-DBF2-4B28-9DBD-31FF29F222CF}.Debug|Any CPU.ActiveCfg = Debug|Any CPU
		{AB26883C-DBF2-4B28-9DBD-31FF29F222CF}.Debug|Any CPU.Build.0 = Debug|Any CPU
		{AB26883C-DBF2-4B28-9DBD-31FF29F222CF}.Debug|ARM.ActiveCfg = Debug|Any CPU
		{AB26883C-DBF2-4B28-9DBD-31FF29F222CF}.Debug|ARM.Build.0 = Debug|Any CPU
		{AB26883C-DBF2-4B28-9DBD-31FF29F222CF}.Debug|iPhone.ActiveCfg = Debug|Any CPU
		{AB26883C-DBF2-4B28-9DBD-31FF29F222CF}.Debug|iPhone.Build.0 = Debug|Any CPU
		{AB26883C-DBF2-4B28-9DBD-31FF29F222CF}.Debug|iPhoneSimulator.ActiveCfg = Debug|Any CPU
		{AB26883C-DBF2-4B28-9DBD-31FF29F222CF}.Debug|iPhoneSimulator.Build.0 = Debug|Any CPU
		{AB26883C-DBF2-4B28-9DBD-31FF29F222CF}.Debug|x64.ActiveCfg = Debug|Any CPU
		{AB26883C-DBF2-4B28-9DBD-31FF29F222CF}.Debug|x64.Build.0 = Debug|Any CPU
		{AB26883C-DBF2-4B28-9DBD-31FF29F222CF}.Debug|x86.ActiveCfg = Debug|Any CPU
		{AB26883C-DBF2-4B28-9DBD-31FF29F222CF}.Debug|x86.Build.0 = Debug|Any CPU
		{AB26883C-DBF2-4B28-9DBD-31FF29F222CF}.Release|Any CPU.ActiveCfg = Release|Any CPU
		{AB26883C-DBF2-4B28-9DBD-31FF29F222CF}.Release|Any CPU.Build.0 = Release|Any CPU
		{AB26883C-DBF2-4B28-9DBD-31FF29F222CF}.Release|ARM.ActiveCfg = Release|Any CPU
		{AB26883C-DBF2-4B28-9DBD-31FF29F222CF}.Release|ARM.Build.0 = Release|Any CPU
		{AB26883C-DBF2-4B28-9DBD-31FF29F222CF}.Release|iPhone.ActiveCfg = Release|Any CPU
		{AB26883C-DBF2-4B28-9DBD-31FF29F222CF}.Release|iPhone.Build.0 = Release|Any CPU
		{AB26883C-DBF2-4B28-9DBD-31FF29F222CF}.Release|iPhoneSimulator.ActiveCfg = Release|Any CPU
		{AB26883C-DBF2-4B28-9DBD-31FF29F222CF}.Release|iPhoneSimulator.Build.0 = Release|Any CPU
		{AB26883C-DBF2-4B28-9DBD-31FF29F222CF}.Release|x64.ActiveCfg = Release|Any CPU
		{AB26883C-DBF2-4B28-9DBD-31FF29F222CF}.Release|x64.Build.0 = Release|Any CPU
		{AB26883C-DBF2-4B28-9DBD-31FF29F222CF}.Release|x86.ActiveCfg = Release|Any CPU
		{AB26883C-DBF2-4B28-9DBD-31FF29F222CF}.Release|x86.Build.0 = Release|Any CPU
		{5ED76D8F-F078-4B73-85EA-53F8BE8E465A}.Ad-Hoc|Any CPU.ActiveCfg = Debug|Any CPU
		{5ED76D8F-F078-4B73-85EA-53F8BE8E465A}.Ad-Hoc|Any CPU.Build.0 = Debug|Any CPU
		{5ED76D8F-F078-4B73-85EA-53F8BE8E465A}.Ad-Hoc|ARM.ActiveCfg = Debug|Any CPU
		{5ED76D8F-F078-4B73-85EA-53F8BE8E465A}.Ad-Hoc|ARM.Build.0 = Debug|Any CPU
		{5ED76D8F-F078-4B73-85EA-53F8BE8E465A}.Ad-Hoc|iPhone.ActiveCfg = Debug|Any CPU
		{5ED76D8F-F078-4B73-85EA-53F8BE8E465A}.Ad-Hoc|iPhone.Build.0 = Debug|Any CPU
		{5ED76D8F-F078-4B73-85EA-53F8BE8E465A}.Ad-Hoc|iPhoneSimulator.ActiveCfg = Debug|Any CPU
		{5ED76D8F-F078-4B73-85EA-53F8BE8E465A}.Ad-Hoc|iPhoneSimulator.Build.0 = Debug|Any CPU
		{5ED76D8F-F078-4B73-85EA-53F8BE8E465A}.Ad-Hoc|x64.ActiveCfg = Debug|Any CPU
		{5ED76D8F-F078-4B73-85EA-53F8BE8E465A}.Ad-Hoc|x64.Build.0 = Debug|Any CPU
		{5ED76D8F-F078-4B73-85EA-53F8BE8E465A}.Ad-Hoc|x86.ActiveCfg = Debug|Any CPU
		{5ED76D8F-F078-4B73-85EA-53F8BE8E465A}.Ad-Hoc|x86.Build.0 = Debug|Any CPU
		{5ED76D8F-F078-4B73-85EA-53F8BE8E465A}.AppStore|Any CPU.ActiveCfg = Debug|Any CPU
		{5ED76D8F-F078-4B73-85EA-53F8BE8E465A}.AppStore|Any CPU.Build.0 = Debug|Any CPU
		{5ED76D8F-F078-4B73-85EA-53F8BE8E465A}.AppStore|ARM.ActiveCfg = Debug|Any CPU
		{5ED76D8F-F078-4B73-85EA-53F8BE8E465A}.AppStore|ARM.Build.0 = Debug|Any CPU
		{5ED76D8F-F078-4B73-85EA-53F8BE8E465A}.AppStore|iPhone.ActiveCfg = Debug|Any CPU
		{5ED76D8F-F078-4B73-85EA-53F8BE8E465A}.AppStore|iPhone.Build.0 = Debug|Any CPU
		{5ED76D8F-F078-4B73-85EA-53F8BE8E465A}.AppStore|iPhoneSimulator.ActiveCfg = Debug|Any CPU
		{5ED76D8F-F078-4B73-85EA-53F8BE8E465A}.AppStore|iPhoneSimulator.Build.0 = Debug|Any CPU
		{5ED76D8F-F078-4B73-85EA-53F8BE8E465A}.AppStore|x64.ActiveCfg = Debug|Any CPU
		{5ED76D8F-F078-4B73-85EA-53F8BE8E465A}.AppStore|x64.Build.0 = Debug|Any CPU
		{5ED76D8F-F078-4B73-85EA-53F8BE8E465A}.AppStore|x86.ActiveCfg = Debug|Any CPU
		{5ED76D8F-F078-4B73-85EA-53F8BE8E465A}.AppStore|x86.Build.0 = Debug|Any CPU
		{5ED76D8F-F078-4B73-85EA-53F8BE8E465A}.Debug|Any CPU.ActiveCfg = Debug|Any CPU
		{5ED76D8F-F078-4B73-85EA-53F8BE8E465A}.Debug|Any CPU.Build.0 = Debug|Any CPU
		{5ED76D8F-F078-4B73-85EA-53F8BE8E465A}.Debug|ARM.ActiveCfg = Debug|Any CPU
		{5ED76D8F-F078-4B73-85EA-53F8BE8E465A}.Debug|ARM.Build.0 = Debug|Any CPU
		{5ED76D8F-F078-4B73-85EA-53F8BE8E465A}.Debug|iPhone.ActiveCfg = Debug|Any CPU
		{5ED76D8F-F078-4B73-85EA-53F8BE8E465A}.Debug|iPhone.Build.0 = Debug|Any CPU
		{5ED76D8F-F078-4B73-85EA-53F8BE8E465A}.Debug|iPhoneSimulator.ActiveCfg = Debug|Any CPU
		{5ED76D8F-F078-4B73-85EA-53F8BE8E465A}.Debug|iPhoneSimulator.Build.0 = Debug|Any CPU
		{5ED76D8F-F078-4B73-85EA-53F8BE8E465A}.Debug|x64.ActiveCfg = Debug|Any CPU
		{5ED76D8F-F078-4B73-85EA-53F8BE8E465A}.Debug|x64.Build.0 = Debug|Any CPU
		{5ED76D8F-F078-4B73-85EA-53F8BE8E465A}.Debug|x86.ActiveCfg = Debug|Any CPU
		{5ED76D8F-F078-4B73-85EA-53F8BE8E465A}.Debug|x86.Build.0 = Debug|Any CPU
		{5ED76D8F-F078-4B73-85EA-53F8BE8E465A}.Release|Any CPU.ActiveCfg = Release|Any CPU
		{5ED76D8F-F078-4B73-85EA-53F8BE8E465A}.Release|Any CPU.Build.0 = Release|Any CPU
		{5ED76D8F-F078-4B73-85EA-53F8BE8E465A}.Release|ARM.ActiveCfg = Release|Any CPU
		{5ED76D8F-F078-4B73-85EA-53F8BE8E465A}.Release|ARM.Build.0 = Release|Any CPU
		{5ED76D8F-F078-4B73-85EA-53F8BE8E465A}.Release|iPhone.ActiveCfg = Release|Any CPU
		{5ED76D8F-F078-4B73-85EA-53F8BE8E465A}.Release|iPhone.Build.0 = Release|Any CPU
		{5ED76D8F-F078-4B73-85EA-53F8BE8E465A}.Release|iPhoneSimulator.ActiveCfg = Release|Any CPU
		{5ED76D8F-F078-4B73-85EA-53F8BE8E465A}.Release|iPhoneSimulator.Build.0 = Release|Any CPU
		{5ED76D8F-F078-4B73-85EA-53F8BE8E465A}.Release|x64.ActiveCfg = Release|Any CPU
		{5ED76D8F-F078-4B73-85EA-53F8BE8E465A}.Release|x64.Build.0 = Release|Any CPU
		{5ED76D8F-F078-4B73-85EA-53F8BE8E465A}.Release|x86.ActiveCfg = Release|Any CPU
		{5ED76D8F-F078-4B73-85EA-53F8BE8E465A}.Release|x86.Build.0 = Release|Any CPU
		{E8A2F38B-F72D-4917-92FA-78470B1C0696}.Ad-Hoc|Any CPU.ActiveCfg = Debug|Any CPU
		{E8A2F38B-F72D-4917-92FA-78470B1C0696}.Ad-Hoc|Any CPU.Build.0 = Debug|Any CPU
		{E8A2F38B-F72D-4917-92FA-78470B1C0696}.Ad-Hoc|ARM.ActiveCfg = Debug|Any CPU
		{E8A2F38B-F72D-4917-92FA-78470B1C0696}.Ad-Hoc|ARM.Build.0 = Debug|Any CPU
		{E8A2F38B-F72D-4917-92FA-78470B1C0696}.Ad-Hoc|iPhone.ActiveCfg = Debug|Any CPU
		{E8A2F38B-F72D-4917-92FA-78470B1C0696}.Ad-Hoc|iPhone.Build.0 = Debug|Any CPU
		{E8A2F38B-F72D-4917-92FA-78470B1C0696}.Ad-Hoc|iPhoneSimulator.ActiveCfg = Debug|Any CPU
		{E8A2F38B-F72D-4917-92FA-78470B1C0696}.Ad-Hoc|iPhoneSimulator.Build.0 = Debug|Any CPU
		{E8A2F38B-F72D-4917-92FA-78470B1C0696}.Ad-Hoc|x64.ActiveCfg = Debug|Any CPU
		{E8A2F38B-F72D-4917-92FA-78470B1C0696}.Ad-Hoc|x64.Build.0 = Debug|Any CPU
		{E8A2F38B-F72D-4917-92FA-78470B1C0696}.Ad-Hoc|x86.ActiveCfg = Debug|Any CPU
		{E8A2F38B-F72D-4917-92FA-78470B1C0696}.Ad-Hoc|x86.Build.0 = Debug|Any CPU
		{E8A2F38B-F72D-4917-92FA-78470B1C0696}.AppStore|Any CPU.ActiveCfg = Debug|Any CPU
		{E8A2F38B-F72D-4917-92FA-78470B1C0696}.AppStore|Any CPU.Build.0 = Debug|Any CPU
		{E8A2F38B-F72D-4917-92FA-78470B1C0696}.AppStore|ARM.ActiveCfg = Debug|Any CPU
		{E8A2F38B-F72D-4917-92FA-78470B1C0696}.AppStore|ARM.Build.0 = Debug|Any CPU
		{E8A2F38B-F72D-4917-92FA-78470B1C0696}.AppStore|iPhone.ActiveCfg = Debug|Any CPU
		{E8A2F38B-F72D-4917-92FA-78470B1C0696}.AppStore|iPhone.Build.0 = Debug|Any CPU
		{E8A2F38B-F72D-4917-92FA-78470B1C0696}.AppStore|iPhoneSimulator.ActiveCfg = Debug|Any CPU
		{E8A2F38B-F72D-4917-92FA-78470B1C0696}.AppStore|iPhoneSimulator.Build.0 = Debug|Any CPU
		{E8A2F38B-F72D-4917-92FA-78470B1C0696}.AppStore|x64.ActiveCfg = Debug|Any CPU
		{E8A2F38B-F72D-4917-92FA-78470B1C0696}.AppStore|x64.Build.0 = Debug|Any CPU
		{E8A2F38B-F72D-4917-92FA-78470B1C0696}.AppStore|x86.ActiveCfg = Debug|Any CPU
		{E8A2F38B-F72D-4917-92FA-78470B1C0696}.AppStore|x86.Build.0 = Debug|Any CPU
		{E8A2F38B-F72D-4917-92FA-78470B1C0696}.Debug|Any CPU.ActiveCfg = Debug|Any CPU
		{E8A2F38B-F72D-4917-92FA-78470B1C0696}.Debug|Any CPU.Build.0 = Debug|Any CPU
		{E8A2F38B-F72D-4917-92FA-78470B1C0696}.Debug|ARM.ActiveCfg = Debug|Any CPU
		{E8A2F38B-F72D-4917-92FA-78470B1C0696}.Debug|ARM.Build.0 = Debug|Any CPU
		{E8A2F38B-F72D-4917-92FA-78470B1C0696}.Debug|iPhone.ActiveCfg = Debug|Any CPU
		{E8A2F38B-F72D-4917-92FA-78470B1C0696}.Debug|iPhone.Build.0 = Debug|Any CPU
		{E8A2F38B-F72D-4917-92FA-78470B1C0696}.Debug|iPhoneSimulator.ActiveCfg = Debug|Any CPU
		{E8A2F38B-F72D-4917-92FA-78470B1C0696}.Debug|iPhoneSimulator.Build.0 = Debug|Any CPU
		{E8A2F38B-F72D-4917-92FA-78470B1C0696}.Debug|x64.ActiveCfg = Debug|Any CPU
		{E8A2F38B-F72D-4917-92FA-78470B1C0696}.Debug|x64.Build.0 = Debug|Any CPU
		{E8A2F38B-F72D-4917-92FA-78470B1C0696}.Debug|x86.ActiveCfg = Debug|Any CPU
		{E8A2F38B-F72D-4917-92FA-78470B1C0696}.Debug|x86.Build.0 = Debug|Any CPU
		{E8A2F38B-F72D-4917-92FA-78470B1C0696}.Release|Any CPU.ActiveCfg = Release|Any CPU
		{E8A2F38B-F72D-4917-92FA-78470B1C0696}.Release|Any CPU.Build.0 = Release|Any CPU
		{E8A2F38B-F72D-4917-92FA-78470B1C0696}.Release|ARM.ActiveCfg = Release|Any CPU
		{E8A2F38B-F72D-4917-92FA-78470B1C0696}.Release|ARM.Build.0 = Release|Any CPU
		{E8A2F38B-F72D-4917-92FA-78470B1C0696}.Release|iPhone.ActiveCfg = Release|Any CPU
		{E8A2F38B-F72D-4917-92FA-78470B1C0696}.Release|iPhone.Build.0 = Release|Any CPU
		{E8A2F38B-F72D-4917-92FA-78470B1C0696}.Release|iPhoneSimulator.ActiveCfg = Release|Any CPU
		{E8A2F38B-F72D-4917-92FA-78470B1C0696}.Release|iPhoneSimulator.Build.0 = Release|Any CPU
		{E8A2F38B-F72D-4917-92FA-78470B1C0696}.Release|x64.ActiveCfg = Release|Any CPU
		{E8A2F38B-F72D-4917-92FA-78470B1C0696}.Release|x64.Build.0 = Release|Any CPU
		{E8A2F38B-F72D-4917-92FA-78470B1C0696}.Release|x86.ActiveCfg = Release|Any CPU
		{E8A2F38B-F72D-4917-92FA-78470B1C0696}.Release|x86.Build.0 = Release|Any CPU
	EndGlobalSection
	GlobalSection(SolutionProperties) = preSolution
		HideSolutionNode = FALSE
	EndGlobalSection
	GlobalSection(NestedProjects) = preSolution
		{0C3A9DE9-476B-4038-9258-1B066125A45B} = {A76F353B-9E1C-49A6-A6C4-D51ACB4C3D89}
		{0AC46EC9-EC99-4BFA-8DA9-4D9E0E9CB039} = {69FF0A04-8C8D-4D4A-8607-13D4B2ABDCEF}
		{D99DBEA0-7E81-4557-BA85-EEDEB8BBA2BD} = {EED42522-B85C-4818-8297-C837E27DF33E}
		{73611822-03EB-4D3B-9564-638DCAD89938} = {D4CE87E0-6051-4B59-9984-2A1736E18733}
		{A9C5DD3C-2E90-4160-8C7D-0B478E820170} = {A76F353B-9E1C-49A6-A6C4-D51ACB4C3D89}
		{8E5A58BE-1354-45D9-BE27-B61592EC16F4} = {629630FC-06D3-473D-AEA9-85B33A2C978C}
		{70E53763-30B5-49EC-B795-19526777231F} = {A76F353B-9E1C-49A6-A6C4-D51ACB4C3D89}
		{5EF4AFD9-8D21-42AD-B564-5E668DAB8AE1} = {A76F353B-9E1C-49A6-A6C4-D51ACB4C3D89}
		{4FA34334-CE8D-497B-9AAE-632A271949C2} = {69FF0A04-8C8D-4D4A-8607-13D4B2ABDCEF}
		{AFE1DDB6-C41D-4E87-983E-F371C8EDA0D7} = {69FF0A04-8C8D-4D4A-8607-13D4B2ABDCEF}
		{ED91E71F-EEB0-4B8C-8396-0D9C55E5446D} = {EED42522-B85C-4818-8297-C837E27DF33E}
		{AB26883C-DBF2-4B28-9DBD-31FF29F222CF} = {EED42522-B85C-4818-8297-C837E27DF33E}
		{5ED76D8F-F078-4B73-85EA-53F8BE8E465A} = {629630FC-06D3-473D-AEA9-85B33A2C978C}
		{83F1E00B-1183-4499-ABD8-35E4776596B6} = {D4CE87E0-6051-4B59-9984-2A1736E18733}
		{E8A2F38B-F72D-4917-92FA-78470B1C0696} = {D4CE87E0-6051-4B59-9984-2A1736E18733}
	EndGlobalSection
	GlobalSection(ExtensibilityGlobals) = postSolution
		SolutionGuid = {1B651014-0E29-4AC7-AC47-B88EA9094699}
	EndGlobalSection
	GlobalSection(TeamFoundationVersionControl) = preSolution
		SccNumberOfProjects = 20
		SccEnterpriseProvider = {4CA58AB2-18FA-4F8D-95D4-32DDF27D184C}
		SccTeamFoundationServer = https://GoodToCode.visualstudio.com/
		SccLocalPath0 = .
		SccProjectUniqueName1 = Framework.DataAccess.Full\\Framework.DataAccess.Full.csproj
		SccProjectTopLevelParentUniqueName1 = Framework-for-WebAPI.sln
		SccProjectName1 = Framework.DataAccess.Full
		SccLocalPath1 = Framework.DataAccess.Full
		SccProjectUniqueName2 = Framework.Database\\Framework.Database.sqlproj
		SccProjectTopLevelParentUniqueName2 = Framework-for-WebAPI.sln
		SccProjectName2 = Framework.Database
		SccLocalPath2 = Framework.Database
		SccProjectUniqueName3 = Framework.Models.Portable\\Framework.Models.Portable.csproj
		SccProjectTopLevelParentUniqueName3 = Framework-for-WebAPI.sln
		SccProjectName3 = Framework.Models.Portable
		SccLocalPath3 = Framework.Models.Portable
		SccProjectUniqueName4 = Framework.Test.Full\\Framework.Test.Full.csproj
		SccProjectTopLevelParentUniqueName4 = Framework-for-WebAPI.sln
		SccProjectName4 = Framework.Test.Full
		SccLocalPath4 = Framework.Test.Full
		SccProjectUniqueName5 = Framework.Interop.Portable\\Framework.Interop.Portable.csproj
		SccProjectTopLevelParentUniqueName5 = Framework-for-WebAPI.sln
		SccProjectName5 = Framework.Interop.Portable
		SccLocalPath5 = Framework.Interop.Portable
		SccProjectUniqueName6 = Framework.Test.Shared\\Framework.Test.Shared.projitems
		SccProjectTopLevelParentUniqueName6 = Framework-for-WebAPI.sln
		SccProjectName6 = Framework.Test.Shared
		SccLocalPath6 = Framework.Test.Shared
		SccProjectUniqueName7 = Framework.Interop.Shared\\Framework.Interfaces.Shared.projitems
		SccProjectTopLevelParentUniqueName7 = Framework-for-WebAPI.sln
		SccProjectName7 = Framework.Interop.Shared
		SccLocalPath7 = Framework.Interop.Shared
		SccProjectUniqueName8 = Framework.DataAccess.Shared\\Framework.DataAccess.Shared.projitems
		SccProjectTopLevelParentUniqueName8 = Framework-for-WebAPI.sln
		SccProjectName8 = Framework.DataAccess.Shared
		SccLocalPath8 = Framework.DataAccess.Shared
		SccProjectUniqueName9 = Framework.Models.Shared\\Framework.Models.Shared.projitems
		SccProjectTopLevelParentUniqueName9 = Framework-for-WebAPI.sln
		SccProjectName9 = Framework.Models.Shared
		SccLocalPath9 = Framework.Models.Shared
		SccProjectUniqueName10 = Framework.WebServices.Full\\Framework.WebServices.Full.csproj
		SccProjectTopLevelParentUniqueName10 = Framework-for-WebAPI.sln
		SccProjectName10 = Framework.WebServices.Full
		SccLocalPath10 = Framework.WebServices.Full
		SccProjectUniqueName11 = Framework.DataAccess.Core\\Framework.DataAccess.Core.csproj
		SccProjectTopLevelParentUniqueName11 = Framework-for-WebAPI.sln
		SccProjectName11 = Framework.DataAccess.Core
		SccLocalPath11 = Framework.DataAccess.Core
		SccProjectUniqueName12 = Framework.DataAccess.Shared\\Framework.DataAccess.Shared.shproj
		SccProjectTopLevelParentUniqueName12 = Framework-for-WebAPI.sln
		SccProjectName12 = Framework.DataAccess.Shared
		SccLocalPath12 = Framework.DataAccess.Shared
		SccProjectUniqueName13 = Framework.Interop.Shared\\Framework.Interop.Shared.shproj
		SccProjectTopLevelParentUniqueName13 = Framework-for-WebAPI.sln
		SccProjectName13 = Framework.Interop.Shared
		SccLocalPath13 = Framework.Interop.Shared
		SccProjectUniqueName14 = Framework.Interop.Standard\\Framework.Interop.Standard.csproj
		SccProjectTopLevelParentUniqueName14 = Framework-for-WebAPI.sln
		SccProjectName14 = Framework.Interop.Standard
		SccLocalPath14 = Framework.Interop.Standard
		SccProjectUniqueName15 = Framework.Models.Shared\\Framework.Models.Shared.shproj
		SccProjectTopLevelParentUniqueName15 = Framework-for-WebAPI.sln
		SccProjectName15 = Framework.Models.Shared
		SccLocalPath15 = Framework.Models.Shared
		SccProjectUniqueName16 = Framework.Models.Standard\\Framework.Models.Standard.csproj
		SccProjectTopLevelParentUniqueName16 = Framework-for-WebAPI.sln
		SccProjectName16 = Framework.Models.Standard
		SccLocalPath16 = Framework.Models.Standard
		SccProjectUniqueName17 = Framework.WebServices.Core\\Framework.WebServices.Core.csproj
		SccProjectTopLevelParentUniqueName17 = Framework-for-WebAPI.sln
		SccProjectName17 = Framework.WebServices.Core
		SccLocalPath17 = Framework.WebServices.Core
		SccProjectUniqueName18 = Framework.Test.Shared\\Framework.Test.Shared.shproj
		SccProjectTopLevelParentUniqueName18 = Framework-for-WebAPI.sln
		SccProjectName18 = Framework.Test.Shared
		SccLocalPath18 = Framework.Test.Shared
		SccProjectUniqueName19 = Framework.Test.Core\\Framework.Test.Core.csproj
		SccProjectTopLevelParentUniqueName19 = Framework-for-WebAPI.sln
		SccProjectName19 = Framework.Test.Core
		SccLocalPath19 = Framework.Test.Core
	EndGlobalSection
EndGlobal
