
Microsoft Visual Studio Solution File, Format Version 12.00
# Visual Studio 14
VisualStudioVersion = 14.0.25420.1
MinimumVisualStudioVersion = 10.0.40219.1
Project("{2150E333-8FDC-42A3-9474-1A3956D46DE8}") = "Build", "Build", "{7789F8AF-3798-4037-B4B0-25D6C029C426}"
	ProjectSection(SolutionItems) = preProject
		Build\MergeExtensions.bat = Build\MergeExtensions.bat
		Build\MergeFramework.bat = Build\MergeFramework.bat
		Build\TFS_MSBuild.bat = Build\TFS_MSBuild.bat
	EndProjectSection
EndProject
Project("{2150E333-8FDC-42A3-9474-1A3956D46DE8}") = "Dev Resources", "Dev Resources", "{471BBE4D-CEC4-43C0-BA97-589CB25F0A69}"
	ProjectSection(SolutionItems) = preProject
		Dev Resources\Maml Guide\Maml Guide.txt = Dev Resources\Maml Guide\Maml Guide.txt
	EndProjectSection
EndProject
Project("{7CF6DF6D-3B04-46F8-A40B-537D21BCA0B4}") = "Framework.Docs", "Framework.Docs\Framework.Docs.shfbproj", "{21FF05BC-EFFE-4F32-9A03-B67B5F438703}"
EndProject
Global
	GlobalSection(SolutionConfigurationPlatforms) = preSolution
		Debug|Any CPU = Debug|Any CPU
		Release|Any CPU = Release|Any CPU
	EndGlobalSection
	GlobalSection(ProjectConfigurationPlatforms) = postSolution
		{21FF05BC-EFFE-4F32-9A03-B67B5F438703}.Debug|Any CPU.ActiveCfg = Debug|Any CPU
		{21FF05BC-EFFE-4F32-9A03-B67B5F438703}.Release|Any CPU.ActiveCfg = Release|Any CPU
		{21FF05BC-EFFE-4F32-9A03-B67B5F438703}.Release|Any CPU.Build.0 = Release|Any CPU
	EndGlobalSection
	GlobalSection(SolutionProperties) = preSolution
		HideSolutionNode = FALSE
	EndGlobalSection
	GlobalSection(TeamFoundationVersionControl) = preSolution
		SccNumberOfProjects = 2
		SccEnterpriseProvider = {4CA58AB2-18FA-4F8D-95D4-32DDF27D184C}
		SccTeamFoundationServer = https://genesyssource.visualstudio.com/
		SccLocalPath0 = .
		SccProjectUniqueName1 = Framework.Docs\\Framework.Docs.shfbproj
		SccProjectName1 = Framework.Docs
		SccLocalPath1 = Framework.Docs
	EndGlobalSection
EndGlobal
