
Microsoft Visual Studio Solution File, Format Version 12.00
# Visual Studio 15
VisualStudioVersion = 15.0.26430.16
MinimumVisualStudioVersion = 10.0.40219.1
Project("{FAE04EC0-301F-11D3-BF4B-00C04F79EFBC}") = "Vsix.Wpf", "Vsix.Wpf\Vsix-for-Wpf.csproj", "{BDF980FF-CBD8-4B94-8F9A-608FCBCAB91E}"
EndProject
Global
	GlobalSection(SolutionConfigurationPlatforms) = preSolution
		Debug|Any CPU = Debug|Any CPU
		Release|Any CPU = Release|Any CPU
	EndGlobalSection
	GlobalSection(ProjectConfigurationPlatforms) = postSolution
		{BDF980FF-CBD8-4B94-8F9A-608FCBCAB91E}.Debug|Any CPU.ActiveCfg = Debug|Any CPU
		{BDF980FF-CBD8-4B94-8F9A-608FCBCAB91E}.Debug|Any CPU.Build.0 = Debug|Any CPU
		{BDF980FF-CBD8-4B94-8F9A-608FCBCAB91E}.Release|Any CPU.ActiveCfg = Release|Any CPU
		{BDF980FF-CBD8-4B94-8F9A-608FCBCAB91E}.Release|Any CPU.Build.0 = Release|Any CPU
	EndGlobalSection
	GlobalSection(SolutionProperties) = preSolution
		HideSolutionNode = FALSE
	EndGlobalSection
	GlobalSection(TeamFoundationVersionControl) = preSolution
		SccNumberOfProjects = 1
		SccEnterpriseProvider = {4CA58AB2-18FA-4F8D-95D4-32DDF27D184C}
		SccTeamFoundationServer = https://GoodToCode.visualstudio.com/
		SccProjectUniqueName0 = Vsix.Wpf\\Vsix-for-Wpf.csproj
		SccProjectName0 = Vsix.Wpf
		SccAuxPath0 = https://GoodToCode.visualstudio.com
		SccLocalPath0 = Vsix.Wpf
		SccProvider0 = {4CA58AB2-18FA-4F8D-95D4-32DDF27D184C}
	EndGlobalSection
	GlobalSection(TeamFrameworkVersionControl) = preSolution
	EndGlobalSection
EndGlobal
