
Microsoft Visual Studio Solution File, Format Version 12.00
# Visual Studio 15
VisualStudioVersion = 15.0.27004.2006
MinimumVisualStudioVersion = 10.0.40219.1
Project("{FAE04EC0-301F-11D3-BF4B-00C04F79EFBC}") = "Vsix-for-Mvc", "Vsix.Mvc\Vsix-for-Mvc.csproj", "{DBACDF1A-6488-49A8-9B60-ABFC569C7BFE}"
EndProject
Project("{FAE04EC0-301F-11D3-BF4B-00C04F79EFBC}") = "Vsix-for-WebAPI", "Vsix.WebApi\Vsix-for-WebAPI.csproj", "{8E78B393-7B7F-4670-9617-F9EFF9DF8F5E}"
EndProject
Project("{FAE04EC0-301F-11D3-BF4B-00C04F79EFBC}") = "Vsix-for-Wpf", "Vsix.Wpf\Vsix-for-Wpf.csproj", "{BDF980FF-CBD8-4B94-8F9A-608FCBCAB91E}"
EndProject
Project("{FAE04EC0-301F-11D3-BF4B-00C04F79EFBC}") = "Vsix-for-Uwp", "Vsix.Uwp\Vsix-for-Uwp.csproj", "{6B8853F0-AF88-4A21-92A6-0AB03ADAF0E6}"
EndProject
Project("{FAE04EC0-301F-11D3-BF4B-00C04F79EFBC}") = "Vsix-for-Core", "Vsix.Core\Vsix-for-Core.csproj", "{4BDA625C-E177-402B-AC23-703A230B4B92}"
EndProject
Global
	GlobalSection(SolutionConfigurationPlatforms) = preSolution
		Debug|Any CPU = Debug|Any CPU
		Release|Any CPU = Release|Any CPU
	EndGlobalSection
	GlobalSection(ProjectConfigurationPlatforms) = postSolution
		{DBACDF1A-6488-49A8-9B60-ABFC569C7BFE}.Debug|Any CPU.ActiveCfg = Debug|Any CPU
		{DBACDF1A-6488-49A8-9B60-ABFC569C7BFE}.Debug|Any CPU.Build.0 = Debug|Any CPU
		{DBACDF1A-6488-49A8-9B60-ABFC569C7BFE}.Release|Any CPU.ActiveCfg = Release|Any CPU
		{DBACDF1A-6488-49A8-9B60-ABFC569C7BFE}.Release|Any CPU.Build.0 = Release|Any CPU
		{8E78B393-7B7F-4670-9617-F9EFF9DF8F5E}.Debug|Any CPU.ActiveCfg = Debug|Any CPU
		{8E78B393-7B7F-4670-9617-F9EFF9DF8F5E}.Debug|Any CPU.Build.0 = Debug|Any CPU
		{8E78B393-7B7F-4670-9617-F9EFF9DF8F5E}.Release|Any CPU.ActiveCfg = Release|Any CPU
		{8E78B393-7B7F-4670-9617-F9EFF9DF8F5E}.Release|Any CPU.Build.0 = Release|Any CPU
		{BDF980FF-CBD8-4B94-8F9A-608FCBCAB91E}.Debug|Any CPU.ActiveCfg = Debug|Any CPU
		{BDF980FF-CBD8-4B94-8F9A-608FCBCAB91E}.Debug|Any CPU.Build.0 = Debug|Any CPU
		{BDF980FF-CBD8-4B94-8F9A-608FCBCAB91E}.Release|Any CPU.ActiveCfg = Release|Any CPU
		{BDF980FF-CBD8-4B94-8F9A-608FCBCAB91E}.Release|Any CPU.Build.0 = Release|Any CPU
		{6B8853F0-AF88-4A21-92A6-0AB03ADAF0E6}.Debug|Any CPU.ActiveCfg = Debug|Any CPU
		{6B8853F0-AF88-4A21-92A6-0AB03ADAF0E6}.Debug|Any CPU.Build.0 = Debug|Any CPU
		{6B8853F0-AF88-4A21-92A6-0AB03ADAF0E6}.Release|Any CPU.ActiveCfg = Release|Any CPU
		{6B8853F0-AF88-4A21-92A6-0AB03ADAF0E6}.Release|Any CPU.Build.0 = Release|Any CPU
		{4BDA625C-E177-402B-AC23-703A230B4B92}.Debug|Any CPU.ActiveCfg = Debug|Any CPU
		{4BDA625C-E177-402B-AC23-703A230B4B92}.Debug|Any CPU.Build.0 = Debug|Any CPU
		{4BDA625C-E177-402B-AC23-703A230B4B92}.Release|Any CPU.ActiveCfg = Release|Any CPU
		{4BDA625C-E177-402B-AC23-703A230B4B92}.Release|Any CPU.Build.0 = Release|Any CPU
	EndGlobalSection
	GlobalSection(SolutionProperties) = preSolution
		HideSolutionNode = FALSE
	EndGlobalSection
	GlobalSection(ExtensibilityGlobals) = postSolution
		SolutionGuid = {C215AFDF-3E89-47A5-B33F-AF682681B566}
	EndGlobalSection
	GlobalSection(TeamFoundationVersionControl) = preSolution
		SccNumberOfProjects = 6
		SccEnterpriseProvider = {4CA58AB2-18FA-4F8D-95D4-32DDF27D184C}
		SccTeamFoundationServer = https://genesyssource.visualstudio.com/
		SccLocalPath0 = .
		SccProjectUniqueName1 = Vsix.Mvc\\Vsix-for-Mvc.csproj
		SccProjectName1 = Vsix.Mvc
		SccLocalPath1 = Vsix.Mvc
		SccProjectUniqueName2 = Vsix.Wpf\\Vsix-for-Wpf.csproj
		SccProjectName2 = Vsix.Wpf
		SccLocalPath2 = Vsix.Wpf
		SccProjectUniqueName3 = Vsix.WebApi\\Vsix-for-WebAPI.csproj
		SccProjectName3 = Vsix.WebApi
		SccLocalPath3 = Vsix.WebApi
		SccProjectUniqueName4 = Vsix.Uwp\\Vsix-for-Uwp.csproj
		SccProjectName4 = Vsix.Uwp
		SccLocalPath4 = Vsix.Uwp
		SccProjectUniqueName5 = Vsix.Core\\Vsix-for-Core.csproj
		SccProjectName5 = Vsix.Core
		SccLocalPath5 = Vsix.Core
	EndGlobalSection
	GlobalSection(TeamFrameworkVersionControl) = preSolution
	EndGlobalSection
EndGlobal
