
Microsoft Visual Studio Solution File, Format Version 12.00
# Visual Studio Version 16
VisualStudioVersion = 16.0.29009.5
MinimumVisualStudioVersion = 10.0.40219.1
Project("{FAE04EC0-301F-11D3-BF4B-00C04F79EFBC}") = "Vsix-for-Mvc", "Vsix.Mvc\Vsix-for-Mvc.csproj", "{DBACDF1A-6488-49A8-9B60-ABFC569C7BFE}"
EndProject
Project("{FAE04EC0-301F-11D3-BF4B-00C04F79EFBC}") = "Vsix-for-WebAPI", "Vsix.WebApi\Vsix-for-WebAPI.csproj", "{8E78B393-7B7F-4670-9617-F9EFF9DF8F5E}"
EndProject
Project("{FAE04EC0-301F-11D3-BF4B-00C04F79EFBC}") = "Vsix-for-Core", "Vsix.Core\Vsix-for-Core.csproj", "{4BDA625C-E177-402B-AC23-703A230B4B92}"
EndProject
Global
	GlobalSection(SolutionConfigurationPlatforms) = preSolution
		Debug|Any CPU = Debug|Any CPU
		Release|Any CPU = Release|Any CPU
	EndGlobalSection
	GlobalSection(ProjectConfigurationPlatforms) = postSolution
		{DBACDF1A-6488-49A8-9B60-ABFC569C7BFE}.Debug|Any CPU.ActiveCfg = Debug|Any CPU
		{DBACDF1A-6488-49A8-9B60-ABFC569C7BFE}.Debug|Any CPU.Build.0 = Debug|Any CPU
		{DBACDF1A-6488-49A8-9B60-ABFC569C7BFE}.Release|Any CPU.ActiveCfg = Release|Any CPU
		{DBACDF1A-6488-49A8-9B60-ABFC569C7BFE}.Release|Any CPU.Build.0 = Release|Any CPU
		{8E78B393-7B7F-4670-9617-F9EFF9DF8F5E}.Debug|Any CPU.ActiveCfg = Debug|Any CPU
		{8E78B393-7B7F-4670-9617-F9EFF9DF8F5E}.Debug|Any CPU.Build.0 = Debug|Any CPU
		{8E78B393-7B7F-4670-9617-F9EFF9DF8F5E}.Release|Any CPU.ActiveCfg = Release|Any CPU
		{8E78B393-7B7F-4670-9617-F9EFF9DF8F5E}.Release|Any CPU.Build.0 = Release|Any CPU
		{4BDA625C-E177-402B-AC23-703A230B4B92}.Debug|Any CPU.ActiveCfg = Debug|Any CPU
		{4BDA625C-E177-402B-AC23-703A230B4B92}.Debug|Any CPU.Build.0 = Debug|Any CPU
		{4BDA625C-E177-402B-AC23-703A230B4B92}.Release|Any CPU.ActiveCfg = Release|Any CPU
		{4BDA625C-E177-402B-AC23-703A230B4B92}.Release|Any CPU.Build.0 = Release|Any CPU
	EndGlobalSection
	GlobalSection(SolutionProperties) = preSolution
		HideSolutionNode = FALSE
	EndGlobalSection
	GlobalSection(ExtensibilityGlobals) = postSolution
		SolutionGuid = {C215AFDF-3E89-47A5-B33F-AF682681B566}
	EndGlobalSection
	GlobalSection(TeamFrameworkVersionControl) = preSolution
	EndGlobalSection
EndGlobal
